
Microsoft Visual Studio Solution File, Format Version 12.00
# Visual Studio 14
VisualStudioVersion = 14.0.24720.0
MinimumVisualStudioVersion = 10.0.40219.1
Project("{CC5FD16D-436D-48AD-A40C-5A424C6E3E79}") = "LocationCloudService", "LocationCloudService\LocationCloudService.ccproj", "{7F2E18E7-DBDD-4957-9B3F-1F04A6872CC3}"
EndProject
Project("{FAE04EC0-301F-11D3-BF4B-00C04F79EFBC}") = "LocationIndexer", "LocationIndexer\LocationIndexer.csproj", "{ECDC58E4-ADBE-4956-B483-F92EED9F7718}"
EndProject
Global
	GlobalSection(SolutionConfigurationPlatforms) = preSolution
		Debug|Any CPU = Debug|Any CPU
		Release|Any CPU = Release|Any CPU
	EndGlobalSection
	GlobalSection(ProjectConfigurationPlatforms) = postSolution
		{7F2E18E7-DBDD-4957-9B3F-1F04A6872CC3}.Debug|Any CPU.ActiveCfg = Debug|Any CPU
		{7F2E18E7-DBDD-4957-9B3F-1F04A6872CC3}.Debug|Any CPU.Build.0 = Debug|Any CPU
		{7F2E18E7-DBDD-4957-9B3F-1F04A6872CC3}.Release|Any CPU.ActiveCfg = Release|Any CPU
		{7F2E18E7-DBDD-4957-9B3F-1F04A6872CC3}.Release|Any CPU.Build.0 = Release|Any CPU
		{ECDC58E4-ADBE-4956-B483-F92EED9F7718}.Debug|Any CPU.ActiveCfg = Debug|Any CPU
		{ECDC58E4-ADBE-4956-B483-F92EED9F7718}.Debug|Any CPU.Build.0 = Debug|Any CPU
		{ECDC58E4-ADBE-4956-B483-F92EED9F7718}.Release|Any CPU.ActiveCfg = Release|Any CPU
		{ECDC58E4-ADBE-4956-B483-F92EED9F7718}.Release|Any CPU.Build.0 = Release|Any CPU
	EndGlobalSection
	GlobalSection(SolutionProperties) = preSolution
		HideSolutionNode = FALSE
	EndGlobalSection
EndGlobal
