
Microsoft Visual Studio Solution File, Format Version 12.00
# Visual Studio 14
VisualStudioVersion = 14.0.25123.0
MinimumVisualStudioVersion = 10.0.40219.1
Project("{2150E333-8FDC-42A3-9474-1A3956D46DE8}") = "Core", "Core", "{2CCA15D3-1DB8-4080-9A2C-60AF8F8CF1A2}"
EndProject
Project("{2150E333-8FDC-42A3-9474-1A3956D46DE8}") = "Application", "Application", "{C27080AB-E18A-4A91-9B1E-948476EE8F60}"
EndProject
Project("{2150E333-8FDC-42A3-9474-1A3956D46DE8}") = "Infrastructure", "Infrastructure", "{8B2D4C24-488F-4A0B-B95A-7A0A41FABF3E}"
EndProject
Project("{FAE04EC0-301F-11D3-BF4B-00C04F79EFBC}") = "Sfa.Das.Sas.Indexer.ApplicationServices", "Sfa.Das.Sas.Indexer.ApplicationServices\Sfa.Das.Sas.Indexer.ApplicationServices.csproj", "{473307D1-67C9-411E-AD71-CF3C6FE892F4}"
EndProject
Project("{FAE04EC0-301F-11D3-BF4B-00C04F79EFBC}") = "Sfa.Das.Sas.Indexer.ApplicationServices.UnitTests", "Sfa.Das.Sas.Indexer.ApplicationServices.UnitTests\Sfa.Das.Sas.Indexer.ApplicationServices.UnitTests.csproj", "{D3E132F8-BAEB-4117-BED9-749F4AF98183}"
EndProject
Project("{FAE04EC0-301F-11D3-BF4B-00C04F79EFBC}") = "Sfa.Das.Sas.Indexer.Core", "Sfa.Das.Sas.Indexer.Core\Sfa.Das.Sas.Indexer.Core.csproj", "{0C0E390C-C57C-44E4-978E-B9D2F53196AA}"
EndProject
Project("{FAE04EC0-301F-11D3-BF4B-00C04F79EFBC}") = "Sfa.Das.Sas.Indexer.Core.UnitTests", "Sfa.Das.Sas.Indexer.Core.UnitTests\Sfa.Das.Sas.Indexer.Core.UnitTests.csproj", "{B0A055A7-62D9-4717-BA41-130B250D43F0}"
EndProject
Project("{CC5FD16D-436D-48AD-A40C-5A424C6E3E79}") = "Sfa.Das.Sas.Indexer.AzureCloudService", "Sfa.Das.Sas.Indexer.AzureCloudService\Sfa.Das.Sas.Indexer.AzureCloudService.ccproj", "{B5BE3174-E253-4F5E-B05C-7FD2E65A66A2}"
EndProject
Project("{FAE04EC0-301F-11D3-BF4B-00C04F79EFBC}") = "Sfa.Das.Sas.Indexer.AzureWorkerRole", "Sfa.Das.Sas.Indexer.AzureWorkerRole\Sfa.Das.Sas.Indexer.AzureWorkerRole.csproj", "{6163C031-06EA-4929-BC84-AB67ED0E93DA}"
EndProject
Project("{FAE04EC0-301F-11D3-BF4B-00C04F79EFBC}") = "Sfa.Das.Sas.Indexer.AzureWorkRole.UnitTests", "Sfa.Das.Sas.Indexer.AzureWorkRole.UnitTests\Sfa.Das.Sas.Indexer.AzureWorkRole.UnitTests.csproj", "{C6FA51F8-857F-43AE-8ECF-D96E7E3D1B5E}"
EndProject
Project("{FAE04EC0-301F-11D3-BF4B-00C04F79EFBC}") = "Sfa.Das.Sas.Indexer.Infrastructure", "Sfa.Das.Sas.Infrastructure\Sfa.Das.Sas.Indexer.Infrastructure.csproj", "{4E8DA796-33BA-43ED-A931-4841E108A7E0}"
EndProject
Project("{FAE04EC0-301F-11D3-BF4B-00C04F79EFBC}") = "Sfa.Das.Sas.Indexer.Infrastructure.UnitTests", "Sfa.Das.Sas.Infrastructure.UnitTests\Sfa.Das.Sas.Indexer.Infrastructure.UnitTests.csproj", "{A32B7537-722A-46BA-B165-EC5823EFB66D}"
EndProject
Project("{FAE04EC0-301F-11D3-BF4B-00C04F79EFBC}") = "Sfa.Das.Sas.Tools.MetaDataCreationTool", "Sfa.Das.Sas.Tools.MetaDataCreationTool\Sfa.Das.Sas.Tools.MetaDataCreationTool.csproj", "{D838757D-63EC-4FE6-B565-470D5BF424A3}"
EndProject
Project("{FAE04EC0-301F-11D3-BF4B-00C04F79EFBC}") = "Sfa.Das.Sas.Tools.MetaDataCreationTool.UnitTests", "Sfa.Das.Sas.Tools.MetaDataCreationTool.UnitTests\Sfa.Das.Sas.Tools.MetaDataCreationTool.UnitTests.csproj", "{FBAD8B14-DB66-4F5F-AE1C-8FCEC854CE94}"
EndProject
Project("{FAE04EC0-301F-11D3-BF4B-00C04F79EFBC}") = "Sfa.Das.Sas.Indexer.IntegrationTests", "Sfa.Das.Sas.Indexer.IntegrationTests\Sfa.Das.Sas.Indexer.IntegrationTests.csproj", "{23C1681A-12B5-44B5-BF4C-FDE64DEACC2A}"
EndProject
Project("{FAE04EC0-301F-11D3-BF4B-00C04F79EFBC}") = "Sfa.Das.Sas.Indexer.VerticalSliceTests", "Sfa.Das.Sas.Indexer.VerticalSliceTests\Sfa.Das.Sas.Indexer.VerticalSliceTests.csproj", "{1C797CC8-ECF1-408F-AF6A-4DA3041BBAA7}"
EndProject
Project("{FAE04EC0-301F-11D3-BF4B-00C04F79EFBC}") = "Sfa.Das.Sas.Nlog.CustomLayouts", "Sfa.Das.Sas.Nlog.CustomLayouts\Sfa.Das.Sas.Nlog.CustomLayouts.csproj", "{1FA76F42-5CE8-47F5-94EE-1E6E35742ACA}"
EndProject
Global
	GlobalSection(SolutionConfigurationPlatforms) = preSolution
		Debug|Any CPU = Debug|Any CPU
		Debug|ARM = Debug|ARM
		Debug|x64 = Debug|x64
		Debug|x86 = Debug|x86
		Release|Any CPU = Release|Any CPU
		Release|ARM = Release|ARM
		Release|x64 = Release|x64
		Release|x86 = Release|x86
	EndGlobalSection
	GlobalSection(ProjectConfigurationPlatforms) = postSolution
		{473307D1-67C9-411E-AD71-CF3C6FE892F4}.Debug|Any CPU.ActiveCfg = Debug|Any CPU
		{473307D1-67C9-411E-AD71-CF3C6FE892F4}.Debug|Any CPU.Build.0 = Debug|Any CPU
		{473307D1-67C9-411E-AD71-CF3C6FE892F4}.Debug|ARM.ActiveCfg = Debug|Any CPU
		{473307D1-67C9-411E-AD71-CF3C6FE892F4}.Debug|ARM.Build.0 = Debug|Any CPU
		{473307D1-67C9-411E-AD71-CF3C6FE892F4}.Debug|x64.ActiveCfg = Debug|Any CPU
		{473307D1-67C9-411E-AD71-CF3C6FE892F4}.Debug|x64.Build.0 = Debug|Any CPU
		{473307D1-67C9-411E-AD71-CF3C6FE892F4}.Debug|x86.ActiveCfg = Debug|Any CPU
		{473307D1-67C9-411E-AD71-CF3C6FE892F4}.Debug|x86.Build.0 = Debug|Any CPU
		{473307D1-67C9-411E-AD71-CF3C6FE892F4}.Release|Any CPU.ActiveCfg = Release|Any CPU
		{473307D1-67C9-411E-AD71-CF3C6FE892F4}.Release|Any CPU.Build.0 = Release|Any CPU
		{473307D1-67C9-411E-AD71-CF3C6FE892F4}.Release|ARM.ActiveCfg = Release|Any CPU
		{473307D1-67C9-411E-AD71-CF3C6FE892F4}.Release|ARM.Build.0 = Release|Any CPU
		{473307D1-67C9-411E-AD71-CF3C6FE892F4}.Release|x64.ActiveCfg = Release|Any CPU
		{473307D1-67C9-411E-AD71-CF3C6FE892F4}.Release|x64.Build.0 = Release|Any CPU
		{473307D1-67C9-411E-AD71-CF3C6FE892F4}.Release|x86.ActiveCfg = Release|Any CPU
		{473307D1-67C9-411E-AD71-CF3C6FE892F4}.Release|x86.Build.0 = Release|Any CPU
		{D3E132F8-BAEB-4117-BED9-749F4AF98183}.Debug|Any CPU.ActiveCfg = Debug|Any CPU
		{D3E132F8-BAEB-4117-BED9-749F4AF98183}.Debug|Any CPU.Build.0 = Debug|Any CPU
		{D3E132F8-BAEB-4117-BED9-749F4AF98183}.Debug|ARM.ActiveCfg = Debug|Any CPU
		{D3E132F8-BAEB-4117-BED9-749F4AF98183}.Debug|ARM.Build.0 = Debug|Any CPU
		{D3E132F8-BAEB-4117-BED9-749F4AF98183}.Debug|x64.ActiveCfg = Debug|Any CPU
		{D3E132F8-BAEB-4117-BED9-749F4AF98183}.Debug|x64.Build.0 = Debug|Any CPU
		{D3E132F8-BAEB-4117-BED9-749F4AF98183}.Debug|x86.ActiveCfg = Debug|Any CPU
		{D3E132F8-BAEB-4117-BED9-749F4AF98183}.Debug|x86.Build.0 = Debug|Any CPU
		{D3E132F8-BAEB-4117-BED9-749F4AF98183}.Release|Any CPU.ActiveCfg = Release|Any CPU
		{D3E132F8-BAEB-4117-BED9-749F4AF98183}.Release|Any CPU.Build.0 = Release|Any CPU
		{D3E132F8-BAEB-4117-BED9-749F4AF98183}.Release|ARM.ActiveCfg = Release|Any CPU
		{D3E132F8-BAEB-4117-BED9-749F4AF98183}.Release|ARM.Build.0 = Release|Any CPU
		{D3E132F8-BAEB-4117-BED9-749F4AF98183}.Release|x64.ActiveCfg = Release|Any CPU
		{D3E132F8-BAEB-4117-BED9-749F4AF98183}.Release|x64.Build.0 = Release|Any CPU
		{D3E132F8-BAEB-4117-BED9-749F4AF98183}.Release|x86.ActiveCfg = Release|Any CPU
		{D3E132F8-BAEB-4117-BED9-749F4AF98183}.Release|x86.Build.0 = Release|Any CPU
		{0C0E390C-C57C-44E4-978E-B9D2F53196AA}.Debug|Any CPU.ActiveCfg = Debug|Any CPU
		{0C0E390C-C57C-44E4-978E-B9D2F53196AA}.Debug|Any CPU.Build.0 = Debug|Any CPU
		{0C0E390C-C57C-44E4-978E-B9D2F53196AA}.Debug|ARM.ActiveCfg = Debug|Any CPU
		{0C0E390C-C57C-44E4-978E-B9D2F53196AA}.Debug|ARM.Build.0 = Debug|Any CPU
		{0C0E390C-C57C-44E4-978E-B9D2F53196AA}.Debug|x64.ActiveCfg = Debug|Any CPU
		{0C0E390C-C57C-44E4-978E-B9D2F53196AA}.Debug|x64.Build.0 = Debug|Any CPU
		{0C0E390C-C57C-44E4-978E-B9D2F53196AA}.Debug|x86.ActiveCfg = Debug|Any CPU
		{0C0E390C-C57C-44E4-978E-B9D2F53196AA}.Debug|x86.Build.0 = Debug|Any CPU
		{0C0E390C-C57C-44E4-978E-B9D2F53196AA}.Release|Any CPU.ActiveCfg = Release|Any CPU
		{0C0E390C-C57C-44E4-978E-B9D2F53196AA}.Release|Any CPU.Build.0 = Release|Any CPU
		{0C0E390C-C57C-44E4-978E-B9D2F53196AA}.Release|ARM.ActiveCfg = Release|Any CPU
		{0C0E390C-C57C-44E4-978E-B9D2F53196AA}.Release|ARM.Build.0 = Release|Any CPU
		{0C0E390C-C57C-44E4-978E-B9D2F53196AA}.Release|x64.ActiveCfg = Release|Any CPU
		{0C0E390C-C57C-44E4-978E-B9D2F53196AA}.Release|x64.Build.0 = Release|Any CPU
		{0C0E390C-C57C-44E4-978E-B9D2F53196AA}.Release|x86.ActiveCfg = Release|Any CPU
		{0C0E390C-C57C-44E4-978E-B9D2F53196AA}.Release|x86.Build.0 = Release|Any CPU
		{B0A055A7-62D9-4717-BA41-130B250D43F0}.Debug|Any CPU.ActiveCfg = Debug|Any CPU
		{B0A055A7-62D9-4717-BA41-130B250D43F0}.Debug|Any CPU.Build.0 = Debug|Any CPU
		{B0A055A7-62D9-4717-BA41-130B250D43F0}.Debug|ARM.ActiveCfg = Debug|Any CPU
		{B0A055A7-62D9-4717-BA41-130B250D43F0}.Debug|ARM.Build.0 = Debug|Any CPU
		{B0A055A7-62D9-4717-BA41-130B250D43F0}.Debug|x64.ActiveCfg = Debug|Any CPU
		{B0A055A7-62D9-4717-BA41-130B250D43F0}.Debug|x64.Build.0 = Debug|Any CPU
		{B0A055A7-62D9-4717-BA41-130B250D43F0}.Debug|x86.ActiveCfg = Debug|Any CPU
		{B0A055A7-62D9-4717-BA41-130B250D43F0}.Debug|x86.Build.0 = Debug|Any CPU
		{B0A055A7-62D9-4717-BA41-130B250D43F0}.Release|Any CPU.ActiveCfg = Release|Any CPU
		{B0A055A7-62D9-4717-BA41-130B250D43F0}.Release|Any CPU.Build.0 = Release|Any CPU
		{B0A055A7-62D9-4717-BA41-130B250D43F0}.Release|ARM.ActiveCfg = Release|Any CPU
		{B0A055A7-62D9-4717-BA41-130B250D43F0}.Release|ARM.Build.0 = Release|Any CPU
		{B0A055A7-62D9-4717-BA41-130B250D43F0}.Release|x64.ActiveCfg = Release|Any CPU
		{B0A055A7-62D9-4717-BA41-130B250D43F0}.Release|x64.Build.0 = Release|Any CPU
		{B0A055A7-62D9-4717-BA41-130B250D43F0}.Release|x86.ActiveCfg = Release|Any CPU
		{B0A055A7-62D9-4717-BA41-130B250D43F0}.Release|x86.Build.0 = Release|Any CPU
		{B5BE3174-E253-4F5E-B05C-7FD2E65A66A2}.Debug|Any CPU.ActiveCfg = Debug|Any CPU
		{B5BE3174-E253-4F5E-B05C-7FD2E65A66A2}.Debug|Any CPU.Build.0 = Debug|Any CPU
		{B5BE3174-E253-4F5E-B05C-7FD2E65A66A2}.Debug|ARM.ActiveCfg = Debug|Any CPU
		{B5BE3174-E253-4F5E-B05C-7FD2E65A66A2}.Debug|ARM.Build.0 = Debug|Any CPU
		{B5BE3174-E253-4F5E-B05C-7FD2E65A66A2}.Debug|x64.ActiveCfg = Debug|Any CPU
		{B5BE3174-E253-4F5E-B05C-7FD2E65A66A2}.Debug|x64.Build.0 = Debug|Any CPU
		{B5BE3174-E253-4F5E-B05C-7FD2E65A66A2}.Debug|x86.ActiveCfg = Debug|Any CPU
		{B5BE3174-E253-4F5E-B05C-7FD2E65A66A2}.Debug|x86.Build.0 = Debug|Any CPU
		{B5BE3174-E253-4F5E-B05C-7FD2E65A66A2}.Release|Any CPU.ActiveCfg = Release|Any CPU
		{B5BE3174-E253-4F5E-B05C-7FD2E65A66A2}.Release|Any CPU.Build.0 = Release|Any CPU
		{B5BE3174-E253-4F5E-B05C-7FD2E65A66A2}.Release|ARM.ActiveCfg = Release|Any CPU
		{B5BE3174-E253-4F5E-B05C-7FD2E65A66A2}.Release|ARM.Build.0 = Release|Any CPU
		{B5BE3174-E253-4F5E-B05C-7FD2E65A66A2}.Release|x64.ActiveCfg = Release|Any CPU
		{B5BE3174-E253-4F5E-B05C-7FD2E65A66A2}.Release|x64.Build.0 = Release|Any CPU
		{B5BE3174-E253-4F5E-B05C-7FD2E65A66A2}.Release|x86.ActiveCfg = Release|Any CPU
		{B5BE3174-E253-4F5E-B05C-7FD2E65A66A2}.Release|x86.Build.0 = Release|Any CPU
		{6163C031-06EA-4929-BC84-AB67ED0E93DA}.Debug|Any CPU.ActiveCfg = Debug|Any CPU
		{6163C031-06EA-4929-BC84-AB67ED0E93DA}.Debug|Any CPU.Build.0 = Debug|Any CPU
		{6163C031-06EA-4929-BC84-AB67ED0E93DA}.Debug|ARM.ActiveCfg = Debug|Any CPU
		{6163C031-06EA-4929-BC84-AB67ED0E93DA}.Debug|ARM.Build.0 = Debug|Any CPU
		{6163C031-06EA-4929-BC84-AB67ED0E93DA}.Debug|x64.ActiveCfg = Debug|Any CPU
		{6163C031-06EA-4929-BC84-AB67ED0E93DA}.Debug|x64.Build.0 = Debug|Any CPU
		{6163C031-06EA-4929-BC84-AB67ED0E93DA}.Debug|x86.ActiveCfg = Debug|Any CPU
		{6163C031-06EA-4929-BC84-AB67ED0E93DA}.Debug|x86.Build.0 = Debug|Any CPU
		{6163C031-06EA-4929-BC84-AB67ED0E93DA}.Release|Any CPU.ActiveCfg = Release|Any CPU
		{6163C031-06EA-4929-BC84-AB67ED0E93DA}.Release|Any CPU.Build.0 = Release|Any CPU
		{6163C031-06EA-4929-BC84-AB67ED0E93DA}.Release|ARM.ActiveCfg = Release|Any CPU
		{6163C031-06EA-4929-BC84-AB67ED0E93DA}.Release|ARM.Build.0 = Release|Any CPU
		{6163C031-06EA-4929-BC84-AB67ED0E93DA}.Release|x64.ActiveCfg = Release|Any CPU
		{6163C031-06EA-4929-BC84-AB67ED0E93DA}.Release|x64.Build.0 = Release|Any CPU
		{6163C031-06EA-4929-BC84-AB67ED0E93DA}.Release|x86.ActiveCfg = Release|Any CPU
		{6163C031-06EA-4929-BC84-AB67ED0E93DA}.Release|x86.Build.0 = Release|Any CPU
		{C6FA51F8-857F-43AE-8ECF-D96E7E3D1B5E}.Debug|Any CPU.ActiveCfg = Debug|Any CPU
		{C6FA51F8-857F-43AE-8ECF-D96E7E3D1B5E}.Debug|Any CPU.Build.0 = Debug|Any CPU
		{C6FA51F8-857F-43AE-8ECF-D96E7E3D1B5E}.Debug|ARM.ActiveCfg = Debug|Any CPU
		{C6FA51F8-857F-43AE-8ECF-D96E7E3D1B5E}.Debug|ARM.Build.0 = Debug|Any CPU
		{C6FA51F8-857F-43AE-8ECF-D96E7E3D1B5E}.Debug|x64.ActiveCfg = Debug|Any CPU
		{C6FA51F8-857F-43AE-8ECF-D96E7E3D1B5E}.Debug|x64.Build.0 = Debug|Any CPU
		{C6FA51F8-857F-43AE-8ECF-D96E7E3D1B5E}.Debug|x86.ActiveCfg = Debug|Any CPU
		{C6FA51F8-857F-43AE-8ECF-D96E7E3D1B5E}.Debug|x86.Build.0 = Debug|Any CPU
		{C6FA51F8-857F-43AE-8ECF-D96E7E3D1B5E}.Release|Any CPU.ActiveCfg = Release|Any CPU
		{C6FA51F8-857F-43AE-8ECF-D96E7E3D1B5E}.Release|Any CPU.Build.0 = Release|Any CPU
		{C6FA51F8-857F-43AE-8ECF-D96E7E3D1B5E}.Release|ARM.ActiveCfg = Release|Any CPU
		{C6FA51F8-857F-43AE-8ECF-D96E7E3D1B5E}.Release|ARM.Build.0 = Release|Any CPU
		{C6FA51F8-857F-43AE-8ECF-D96E7E3D1B5E}.Release|x64.ActiveCfg = Release|Any CPU
		{C6FA51F8-857F-43AE-8ECF-D96E7E3D1B5E}.Release|x64.Build.0 = Release|Any CPU
		{C6FA51F8-857F-43AE-8ECF-D96E7E3D1B5E}.Release|x86.ActiveCfg = Release|Any CPU
		{C6FA51F8-857F-43AE-8ECF-D96E7E3D1B5E}.Release|x86.Build.0 = Release|Any CPU
		{4E8DA796-33BA-43ED-A931-4841E108A7E0}.Debug|Any CPU.ActiveCfg = Debug|Any CPU
		{4E8DA796-33BA-43ED-A931-4841E108A7E0}.Debug|Any CPU.Build.0 = Debug|Any CPU
		{4E8DA796-33BA-43ED-A931-4841E108A7E0}.Debug|ARM.ActiveCfg = Debug|Any CPU
		{4E8DA796-33BA-43ED-A931-4841E108A7E0}.Debug|ARM.Build.0 = Debug|Any CPU
		{4E8DA796-33BA-43ED-A931-4841E108A7E0}.Debug|x64.ActiveCfg = Debug|Any CPU
		{4E8DA796-33BA-43ED-A931-4841E108A7E0}.Debug|x64.Build.0 = Debug|Any CPU
		{4E8DA796-33BA-43ED-A931-4841E108A7E0}.Debug|x86.ActiveCfg = Debug|Any CPU
		{4E8DA796-33BA-43ED-A931-4841E108A7E0}.Debug|x86.Build.0 = Debug|Any CPU
		{4E8DA796-33BA-43ED-A931-4841E108A7E0}.Release|Any CPU.ActiveCfg = Release|Any CPU
		{4E8DA796-33BA-43ED-A931-4841E108A7E0}.Release|Any CPU.Build.0 = Release|Any CPU
		{4E8DA796-33BA-43ED-A931-4841E108A7E0}.Release|ARM.ActiveCfg = Release|Any CPU
		{4E8DA796-33BA-43ED-A931-4841E108A7E0}.Release|ARM.Build.0 = Release|Any CPU
		{4E8DA796-33BA-43ED-A931-4841E108A7E0}.Release|x64.ActiveCfg = Release|Any CPU
		{4E8DA796-33BA-43ED-A931-4841E108A7E0}.Release|x64.Build.0 = Release|Any CPU
		{4E8DA796-33BA-43ED-A931-4841E108A7E0}.Release|x86.ActiveCfg = Release|Any CPU
		{4E8DA796-33BA-43ED-A931-4841E108A7E0}.Release|x86.Build.0 = Release|Any CPU
		{A32B7537-722A-46BA-B165-EC5823EFB66D}.Debug|Any CPU.ActiveCfg = Debug|Any CPU
		{A32B7537-722A-46BA-B165-EC5823EFB66D}.Debug|Any CPU.Build.0 = Debug|Any CPU
		{A32B7537-722A-46BA-B165-EC5823EFB66D}.Debug|ARM.ActiveCfg = Debug|Any CPU
		{A32B7537-722A-46BA-B165-EC5823EFB66D}.Debug|ARM.Build.0 = Debug|Any CPU
		{A32B7537-722A-46BA-B165-EC5823EFB66D}.Debug|x64.ActiveCfg = Debug|Any CPU
		{A32B7537-722A-46BA-B165-EC5823EFB66D}.Debug|x64.Build.0 = Debug|Any CPU
		{A32B7537-722A-46BA-B165-EC5823EFB66D}.Debug|x86.ActiveCfg = Debug|Any CPU
		{A32B7537-722A-46BA-B165-EC5823EFB66D}.Debug|x86.Build.0 = Debug|Any CPU
		{A32B7537-722A-46BA-B165-EC5823EFB66D}.Release|Any CPU.ActiveCfg = Release|Any CPU
		{A32B7537-722A-46BA-B165-EC5823EFB66D}.Release|Any CPU.Build.0 = Release|Any CPU
		{A32B7537-722A-46BA-B165-EC5823EFB66D}.Release|ARM.ActiveCfg = Release|Any CPU
		{A32B7537-722A-46BA-B165-EC5823EFB66D}.Release|ARM.Build.0 = Release|Any CPU
		{A32B7537-722A-46BA-B165-EC5823EFB66D}.Release|x64.ActiveCfg = Release|Any CPU
		{A32B7537-722A-46BA-B165-EC5823EFB66D}.Release|x64.Build.0 = Release|Any CPU
		{A32B7537-722A-46BA-B165-EC5823EFB66D}.Release|x86.ActiveCfg = Release|Any CPU
		{A32B7537-722A-46BA-B165-EC5823EFB66D}.Release|x86.Build.0 = Release|Any CPU
		{D838757D-63EC-4FE6-B565-470D5BF424A3}.Debug|Any CPU.ActiveCfg = Debug|Any CPU
		{D838757D-63EC-4FE6-B565-470D5BF424A3}.Debug|Any CPU.Build.0 = Debug|Any CPU
		{D838757D-63EC-4FE6-B565-470D5BF424A3}.Debug|ARM.ActiveCfg = Debug|Any CPU
		{D838757D-63EC-4FE6-B565-470D5BF424A3}.Debug|ARM.Build.0 = Debug|Any CPU
		{D838757D-63EC-4FE6-B565-470D5BF424A3}.Debug|x64.ActiveCfg = Debug|Any CPU
		{D838757D-63EC-4FE6-B565-470D5BF424A3}.Debug|x64.Build.0 = Debug|Any CPU
		{D838757D-63EC-4FE6-B565-470D5BF424A3}.Debug|x86.ActiveCfg = Debug|Any CPU
		{D838757D-63EC-4FE6-B565-470D5BF424A3}.Debug|x86.Build.0 = Debug|Any CPU
		{D838757D-63EC-4FE6-B565-470D5BF424A3}.Release|Any CPU.ActiveCfg = Release|Any CPU
		{D838757D-63EC-4FE6-B565-470D5BF424A3}.Release|Any CPU.Build.0 = Release|Any CPU
		{D838757D-63EC-4FE6-B565-470D5BF424A3}.Release|ARM.ActiveCfg = Release|Any CPU
		{D838757D-63EC-4FE6-B565-470D5BF424A3}.Release|ARM.Build.0 = Release|Any CPU
		{D838757D-63EC-4FE6-B565-470D5BF424A3}.Release|x64.ActiveCfg = Release|Any CPU
		{D838757D-63EC-4FE6-B565-470D5BF424A3}.Release|x64.Build.0 = Release|Any CPU
		{D838757D-63EC-4FE6-B565-470D5BF424A3}.Release|x86.ActiveCfg = Release|Any CPU
		{D838757D-63EC-4FE6-B565-470D5BF424A3}.Release|x86.Build.0 = Release|Any CPU
		{FBAD8B14-DB66-4F5F-AE1C-8FCEC854CE94}.Debug|Any CPU.ActiveCfg = Debug|Any CPU
		{FBAD8B14-DB66-4F5F-AE1C-8FCEC854CE94}.Debug|Any CPU.Build.0 = Debug|Any CPU
		{FBAD8B14-DB66-4F5F-AE1C-8FCEC854CE94}.Debug|ARM.ActiveCfg = Debug|Any CPU
		{FBAD8B14-DB66-4F5F-AE1C-8FCEC854CE94}.Debug|ARM.Build.0 = Debug|Any CPU
		{FBAD8B14-DB66-4F5F-AE1C-8FCEC854CE94}.Debug|x64.ActiveCfg = Debug|Any CPU
		{FBAD8B14-DB66-4F5F-AE1C-8FCEC854CE94}.Debug|x64.Build.0 = Debug|Any CPU
		{FBAD8B14-DB66-4F5F-AE1C-8FCEC854CE94}.Debug|x86.ActiveCfg = Debug|Any CPU
		{FBAD8B14-DB66-4F5F-AE1C-8FCEC854CE94}.Debug|x86.Build.0 = Debug|Any CPU
		{FBAD8B14-DB66-4F5F-AE1C-8FCEC854CE94}.Release|Any CPU.ActiveCfg = Release|Any CPU
		{FBAD8B14-DB66-4F5F-AE1C-8FCEC854CE94}.Release|Any CPU.Build.0 = Release|Any CPU
		{FBAD8B14-DB66-4F5F-AE1C-8FCEC854CE94}.Release|ARM.ActiveCfg = Release|Any CPU
		{FBAD8B14-DB66-4F5F-AE1C-8FCEC854CE94}.Release|ARM.Build.0 = Release|Any CPU
		{FBAD8B14-DB66-4F5F-AE1C-8FCEC854CE94}.Release|x64.ActiveCfg = Release|Any CPU
		{FBAD8B14-DB66-4F5F-AE1C-8FCEC854CE94}.Release|x64.Build.0 = Release|Any CPU
		{FBAD8B14-DB66-4F5F-AE1C-8FCEC854CE94}.Release|x86.ActiveCfg = Release|Any CPU
		{FBAD8B14-DB66-4F5F-AE1C-8FCEC854CE94}.Release|x86.Build.0 = Release|Any CPU
		{23C1681A-12B5-44B5-BF4C-FDE64DEACC2A}.Debug|Any CPU.ActiveCfg = Debug|Any CPU
		{23C1681A-12B5-44B5-BF4C-FDE64DEACC2A}.Debug|Any CPU.Build.0 = Debug|Any CPU
		{23C1681A-12B5-44B5-BF4C-FDE64DEACC2A}.Debug|ARM.ActiveCfg = Debug|Any CPU
		{23C1681A-12B5-44B5-BF4C-FDE64DEACC2A}.Debug|ARM.Build.0 = Debug|Any CPU
		{23C1681A-12B5-44B5-BF4C-FDE64DEACC2A}.Debug|x64.ActiveCfg = Debug|Any CPU
		{23C1681A-12B5-44B5-BF4C-FDE64DEACC2A}.Debug|x64.Build.0 = Debug|Any CPU
		{23C1681A-12B5-44B5-BF4C-FDE64DEACC2A}.Debug|x86.ActiveCfg = Debug|Any CPU
		{23C1681A-12B5-44B5-BF4C-FDE64DEACC2A}.Debug|x86.Build.0 = Debug|Any CPU
		{23C1681A-12B5-44B5-BF4C-FDE64DEACC2A}.Release|Any CPU.ActiveCfg = Release|Any CPU
		{23C1681A-12B5-44B5-BF4C-FDE64DEACC2A}.Release|Any CPU.Build.0 = Release|Any CPU
		{23C1681A-12B5-44B5-BF4C-FDE64DEACC2A}.Release|ARM.ActiveCfg = Release|Any CPU
		{23C1681A-12B5-44B5-BF4C-FDE64DEACC2A}.Release|ARM.Build.0 = Release|Any CPU
		{23C1681A-12B5-44B5-BF4C-FDE64DEACC2A}.Release|x64.ActiveCfg = Release|Any CPU
		{23C1681A-12B5-44B5-BF4C-FDE64DEACC2A}.Release|x64.Build.0 = Release|Any CPU
		{23C1681A-12B5-44B5-BF4C-FDE64DEACC2A}.Release|x86.ActiveCfg = Release|Any CPU
		{23C1681A-12B5-44B5-BF4C-FDE64DEACC2A}.Release|x86.Build.0 = Release|Any CPU
		{1C797CC8-ECF1-408F-AF6A-4DA3041BBAA7}.Debug|Any CPU.ActiveCfg = Debug|Any CPU
		{1C797CC8-ECF1-408F-AF6A-4DA3041BBAA7}.Debug|Any CPU.Build.0 = Debug|Any CPU
		{1C797CC8-ECF1-408F-AF6A-4DA3041BBAA7}.Debug|ARM.ActiveCfg = Debug|Any CPU
		{1C797CC8-ECF1-408F-AF6A-4DA3041BBAA7}.Debug|ARM.Build.0 = Debug|Any CPU
		{1C797CC8-ECF1-408F-AF6A-4DA3041BBAA7}.Debug|x64.ActiveCfg = Debug|Any CPU
		{1C797CC8-ECF1-408F-AF6A-4DA3041BBAA7}.Debug|x64.Build.0 = Debug|Any CPU
		{1C797CC8-ECF1-408F-AF6A-4DA3041BBAA7}.Debug|x86.ActiveCfg = Debug|Any CPU
		{1C797CC8-ECF1-408F-AF6A-4DA3041BBAA7}.Debug|x86.Build.0 = Debug|Any CPU
		{1C797CC8-ECF1-408F-AF6A-4DA3041BBAA7}.Release|Any CPU.ActiveCfg = Release|Any CPU
		{1C797CC8-ECF1-408F-AF6A-4DA3041BBAA7}.Release|Any CPU.Build.0 = Release|Any CPU
		{1C797CC8-ECF1-408F-AF6A-4DA3041BBAA7}.Release|ARM.ActiveCfg = Release|Any CPU
		{1C797CC8-ECF1-408F-AF6A-4DA3041BBAA7}.Release|ARM.Build.0 = Release|Any CPU
		{1C797CC8-ECF1-408F-AF6A-4DA3041BBAA7}.Release|x64.ActiveCfg = Release|Any CPU
		{1C797CC8-ECF1-408F-AF6A-4DA3041BBAA7}.Release|x64.Build.0 = Release|Any CPU
		{1C797CC8-ECF1-408F-AF6A-4DA3041BBAA7}.Release|x86.ActiveCfg = Release|Any CPU
		{1C797CC8-ECF1-408F-AF6A-4DA3041BBAA7}.Release|x86.Build.0 = Release|Any CPU
		{1FA76F42-5CE8-47F5-94EE-1E6E35742ACA}.Debug|Any CPU.ActiveCfg = Debug|Any CPU
		{1FA76F42-5CE8-47F5-94EE-1E6E35742ACA}.Debug|Any CPU.Build.0 = Debug|Any CPU
		{1FA76F42-5CE8-47F5-94EE-1E6E35742ACA}.Debug|ARM.ActiveCfg = Debug|Any CPU
		{1FA76F42-5CE8-47F5-94EE-1E6E35742ACA}.Debug|ARM.Build.0 = Debug|Any CPU
		{1FA76F42-5CE8-47F5-94EE-1E6E35742ACA}.Debug|x64.ActiveCfg = Debug|Any CPU
		{1FA76F42-5CE8-47F5-94EE-1E6E35742ACA}.Debug|x64.Build.0 = Debug|Any CPU
		{1FA76F42-5CE8-47F5-94EE-1E6E35742ACA}.Debug|x86.ActiveCfg = Debug|Any CPU
		{1FA76F42-5CE8-47F5-94EE-1E6E35742ACA}.Debug|x86.Build.0 = Debug|Any CPU
		{1FA76F42-5CE8-47F5-94EE-1E6E35742ACA}.Release|Any CPU.ActiveCfg = Release|Any CPU
		{1FA76F42-5CE8-47F5-94EE-1E6E35742ACA}.Release|Any CPU.Build.0 = Release|Any CPU
		{1FA76F42-5CE8-47F5-94EE-1E6E35742ACA}.Release|ARM.ActiveCfg = Release|Any CPU
		{1FA76F42-5CE8-47F5-94EE-1E6E35742ACA}.Release|ARM.Build.0 = Release|Any CPU
		{1FA76F42-5CE8-47F5-94EE-1E6E35742ACA}.Release|x64.ActiveCfg = Release|Any CPU
		{1FA76F42-5CE8-47F5-94EE-1E6E35742ACA}.Release|x64.Build.0 = Release|Any CPU
		{1FA76F42-5CE8-47F5-94EE-1E6E35742ACA}.Release|x86.ActiveCfg = Release|Any CPU
		{1FA76F42-5CE8-47F5-94EE-1E6E35742ACA}.Release|x86.Build.0 = Release|Any CPU
	EndGlobalSection
	GlobalSection(SolutionProperties) = preSolution
		HideSolutionNode = FALSE
	EndGlobalSection
	GlobalSection(NestedProjects) = preSolution
		{473307D1-67C9-411E-AD71-CF3C6FE892F4} = {C27080AB-E18A-4A91-9B1E-948476EE8F60}
		{D3E132F8-BAEB-4117-BED9-749F4AF98183} = {C27080AB-E18A-4A91-9B1E-948476EE8F60}
		{0C0E390C-C57C-44E4-978E-B9D2F53196AA} = {2CCA15D3-1DB8-4080-9A2C-60AF8F8CF1A2}
		{B0A055A7-62D9-4717-BA41-130B250D43F0} = {2CCA15D3-1DB8-4080-9A2C-60AF8F8CF1A2}
		{B5BE3174-E253-4F5E-B05C-7FD2E65A66A2} = {8B2D4C24-488F-4A0B-B95A-7A0A41FABF3E}
		{6163C031-06EA-4929-BC84-AB67ED0E93DA} = {8B2D4C24-488F-4A0B-B95A-7A0A41FABF3E}
		{C6FA51F8-857F-43AE-8ECF-D96E7E3D1B5E} = {8B2D4C24-488F-4A0B-B95A-7A0A41FABF3E}
		{4E8DA796-33BA-43ED-A931-4841E108A7E0} = {8B2D4C24-488F-4A0B-B95A-7A0A41FABF3E}
		{A32B7537-722A-46BA-B165-EC5823EFB66D} = {8B2D4C24-488F-4A0B-B95A-7A0A41FABF3E}
		{D838757D-63EC-4FE6-B565-470D5BF424A3} = {8B2D4C24-488F-4A0B-B95A-7A0A41FABF3E}
		{FBAD8B14-DB66-4F5F-AE1C-8FCEC854CE94} = {8B2D4C24-488F-4A0B-B95A-7A0A41FABF3E}
		{1FA76F42-5CE8-47F5-94EE-1E6E35742ACA} = {8B2D4C24-488F-4A0B-B95A-7A0A41FABF3E}
	EndGlobalSection
EndGlobal
