
Microsoft Visual Studio Solution File, Format Version 12.00
# Visual Studio 14
VisualStudioVersion = 14.0.24720.0
MinimumVisualStudioVersion = 10.0.40219.1
Project("{FAE04EC0-301F-11D3-BF4B-00C04F79EFBC}") = "Sfa.Eds.Das.Tools.MetaDataCreationTool", "Sfa.Eds.Das.Tools.MetaDataCreationTool\Sfa.Eds.Das.Tools.MetaDataCreationTool.csproj", "{D838757D-63EC-4FE6-B565-470D5BF424A3}"
EndProject
Project("{FAE04EC0-301F-11D3-BF4B-00C04F79EFBC}") = "Sfa.Eds.Das.Tools.MetaDataCreationTool.Test", "UnitTestProject1\Sfa.Eds.Das.Tools.MetaDataCreationTool.Test.csproj", "{B9388285-61E5-4C76-91E7-896FC52A3C36}"
EndProject
Global
	GlobalSection(SolutionConfigurationPlatforms) = preSolution
		Debug|Any CPU = Debug|Any CPU
		Release|Any CPU = Release|Any CPU
	EndGlobalSection
	GlobalSection(ProjectConfigurationPlatforms) = postSolution
		{D838757D-63EC-4FE6-B565-470D5BF424A3}.Debug|Any CPU.ActiveCfg = Debug|Any CPU
		{D838757D-63EC-4FE6-B565-470D5BF424A3}.Debug|Any CPU.Build.0 = Debug|Any CPU
		{D838757D-63EC-4FE6-B565-470D5BF424A3}.Release|Any CPU.ActiveCfg = Release|Any CPU
		{D838757D-63EC-4FE6-B565-470D5BF424A3}.Release|Any CPU.Build.0 = Release|Any CPU
		{B9388285-61E5-4C76-91E7-896FC52A3C36}.Debug|Any CPU.ActiveCfg = Debug|Any CPU
		{B9388285-61E5-4C76-91E7-896FC52A3C36}.Debug|Any CPU.Build.0 = Debug|Any CPU
		{B9388285-61E5-4C76-91E7-896FC52A3C36}.Release|Any CPU.ActiveCfg = Release|Any CPU
		{B9388285-61E5-4C76-91E7-896FC52A3C36}.Release|Any CPU.Build.0 = Release|Any CPU
	EndGlobalSection
	GlobalSection(SolutionProperties) = preSolution
		HideSolutionNode = FALSE
	EndGlobalSection
EndGlobal
