
Microsoft Visual Studio Solution File, Format Version 12.00
# Visual Studio 14
VisualStudioVersion = 14.0.25123.0
MinimumVisualStudioVersion = 10.0.40219.1
Project("{FAE04EC0-301F-11D3-BF4B-00C04F79EFBC}") = "Sfa.Das.ApprenticeshipInfoService.Client", "Sfa.Das.ApprenticeshipInfoService.Client\Sfa.Das.ApprenticeshipInfoService.Client.csproj", "{DA7F312C-6132-4084-A38F-B053029226DE}"
EndProject
Global
	GlobalSection(SolutionConfigurationPlatforms) = preSolution
		Debug|Any CPU = Debug|Any CPU
		Release|Any CPU = Release|Any CPU
	EndGlobalSection
	GlobalSection(ProjectConfigurationPlatforms) = postSolution
		{DA7F312C-6132-4084-A38F-B053029226DE}.Debug|Any CPU.ActiveCfg = Debug|Any CPU
		{DA7F312C-6132-4084-A38F-B053029226DE}.Debug|Any CPU.Build.0 = Debug|Any CPU
		{DA7F312C-6132-4084-A38F-B053029226DE}.Release|Any CPU.ActiveCfg = Release|Any CPU
		{DA7F312C-6132-4084-A38F-B053029226DE}.Release|Any CPU.Build.0 = Release|Any CPU
	EndGlobalSection
	GlobalSection(SolutionProperties) = preSolution
		HideSolutionNode = FALSE
	EndGlobalSection
EndGlobal
