
Microsoft Visual Studio Solution File, Format Version 12.00
# Visual Studio 14
VisualStudioVersion = 14.0.24720.0
MinimumVisualStudioVersion = 10.0.40219.1
Project("{FAE04EC0-301F-11D3-BF4B-00C04F79EFBC}") = "LatLongLocator", "ConsoleApplication2\LatLongLocator.csproj", "{D98DA753-8C66-40BE-9338-BF580F15AE35}"
EndProject
Project("{FAE04EC0-301F-11D3-BF4B-00C04F79EFBC}") = "LatLongLocator.Test", "LatLongLocator.Test\LatLongLocator.Test.csproj", "{F438FC0D-FB69-4BC8-8CA4-1CB6EC41D368}"
EndProject
Global
	GlobalSection(SolutionConfigurationPlatforms) = preSolution
		Debug|Any CPU = Debug|Any CPU
		Release|Any CPU = Release|Any CPU
	EndGlobalSection
	GlobalSection(ProjectConfigurationPlatforms) = postSolution
		{D98DA753-8C66-40BE-9338-BF580F15AE35}.Debug|Any CPU.ActiveCfg = Debug|Any CPU
		{D98DA753-8C66-40BE-9338-BF580F15AE35}.Debug|Any CPU.Build.0 = Debug|Any CPU
		{D98DA753-8C66-40BE-9338-BF580F15AE35}.Release|Any CPU.ActiveCfg = Release|Any CPU
		{D98DA753-8C66-40BE-9338-BF580F15AE35}.Release|Any CPU.Build.0 = Release|Any CPU
		{F438FC0D-FB69-4BC8-8CA4-1CB6EC41D368}.Debug|Any CPU.ActiveCfg = Debug|Any CPU
		{F438FC0D-FB69-4BC8-8CA4-1CB6EC41D368}.Debug|Any CPU.Build.0 = Debug|Any CPU
		{F438FC0D-FB69-4BC8-8CA4-1CB6EC41D368}.Release|Any CPU.ActiveCfg = Release|Any CPU
		{F438FC0D-FB69-4BC8-8CA4-1CB6EC41D368}.Release|Any CPU.Build.0 = Release|Any CPU
	EndGlobalSection
	GlobalSection(SolutionProperties) = preSolution
		HideSolutionNode = FALSE
	EndGlobalSection
EndGlobal
