
Microsoft Visual Studio Solution File, Format Version 12.00
# Visual Studio 14
VisualStudioVersion = 14.0.24720.0
MinimumVisualStudioVersion = 10.0.40219.1
Project("{CC5FD16D-436D-48AD-A40C-5A424C6E3E79}") = "Sfa.Eds.Indexer.AzureCloudService", "Sfa.Eds.Standards.Indexer.AzureAzureCloudService\Sfa.Eds.Indexer.AzureCloudService.ccproj", "{B5BE3174-E253-4F5E-B05C-7FD2E65A66A2}"
EndProject
Project("{FAE04EC0-301F-11D3-BF4B-00C04F79EFBC}") = "Sfa.Eds.Indexer.AzureWorkerRole", "Sfa.Eds.Standards.Indexer.AzureWorkerRole\Sfa.Eds.Indexer.AzureWorkerRole.csproj", "{6163C031-06EA-4929-BC84-AB67ED0E93DA}"
EndProject
Project("{FAE04EC0-301F-11D3-BF4B-00C04F79EFBC}") = "Sfa.Eds.Das.ProviderIndexer.UnitTests", "Sfa.Eds.Standards.Indexer.UnitTests\Sfa.Eds.Das.ProviderIndexer.UnitTests.csproj", "{B9B0AE4B-C881-4CE3-AF65-4118216AF75F}"
EndProject
Project("{FAE04EC0-301F-11D3-BF4B-00C04F79EFBC}") = "Sfa.Eds.Indexer.Common", "Sfa.Eds.Indexer.Indexers\Sfa.Eds.Indexer.Common.csproj", "{6AC2DC1C-4B13-4590-A774-CF3C80C18D6F}"
EndProject
Project("{FAE04EC0-301F-11D3-BF4B-00C04F79EFBC}") = "Sfa.DedsService", "Sfa.Eds.Indexer.DedsService\Sfa.DedsService.csproj", "{4E8DA796-33BA-43ED-A931-4841E108A7E0}"
EndProject
Project("{FAE04EC0-301F-11D3-BF4B-00C04F79EFBC}") = "Sfa.Eds.Indexer.Settings", "Sfa.Eds.Indexer.Settings\Sfa.Eds.Indexer.Settings.csproj", "{2F1B878F-2412-489F-A286-CD73B8B1DD81}"
EndProject
Project("{FAE04EC0-301F-11D3-BF4B-00C04F79EFBC}") = "Sfa.Eds.Das.Indexer.IntegrationTests", "Sfa.Eds.Indexer.IntegrationTests\Sfa.Eds.Das.Indexer.IntegrationTests.csproj", "{23C1681A-12B5-44B5-BF4C-FDE64DEACC2A}"
EndProject
Project("{FAE04EC0-301F-11D3-BF4B-00C04F79EFBC}") = "Sfa.Eds.StandardIndexer", "Sfa.Eds.Indexer.StandardIndexer\Sfa.Eds.StandardIndexer.csproj", "{CD403DBC-FA8A-4004-8494-63BE9766C57F}"
EndProject
Project("{2150E333-8FDC-42A3-9474-1A3956D46DE8}") = "Indexers", "Indexers", "{B16F419E-4F1A-4251-9678-DBB6D0EB762D}"
EndProject
Project("{FAE04EC0-301F-11D3-BF4B-00C04F79EFBC}") = "Sfa.Eds.ProviderIndexer", "Sfa.Eds.Indexer.ProviderIndexer\Sfa.Eds.ProviderIndexer.csproj", "{DB90F92F-8A86-4239-8F7D-F99161E4282D}"
EndProject
Project("{2150E333-8FDC-42A3-9474-1A3956D46DE8}") = "UnitTests", "UnitTests", "{725EF154-0F71-4FA7-9B79-5FA023E40F2F}"
EndProject
Project("{FAE04EC0-301F-11D3-BF4B-00C04F79EFBC}") = "Sfa.Eds.Das.StandardIndexer.UnitTests", "Sfa.Eds.Das.StandardIndexer.UnitTests\Sfa.Eds.Das.StandardIndexer.UnitTests.csproj", "{1E8E7BE5-A633-47B8-AC2A-500A81E3045D}"
EndProject
Global
	GlobalSection(SolutionConfigurationPlatforms) = preSolution
		Debug|Any CPU = Debug|Any CPU
		Debug|ARM = Debug|ARM
		Debug|x64 = Debug|x64
		Debug|x86 = Debug|x86
		Release|Any CPU = Release|Any CPU
		Release|ARM = Release|ARM
		Release|x64 = Release|x64
		Release|x86 = Release|x86
	EndGlobalSection
	GlobalSection(ProjectConfigurationPlatforms) = postSolution
		{B5BE3174-E253-4F5E-B05C-7FD2E65A66A2}.Debug|Any CPU.ActiveCfg = Debug|Any CPU
		{B5BE3174-E253-4F5E-B05C-7FD2E65A66A2}.Debug|Any CPU.Build.0 = Debug|Any CPU
		{B5BE3174-E253-4F5E-B05C-7FD2E65A66A2}.Debug|ARM.ActiveCfg = Debug|Any CPU
		{B5BE3174-E253-4F5E-B05C-7FD2E65A66A2}.Debug|ARM.Build.0 = Debug|Any CPU
		{B5BE3174-E253-4F5E-B05C-7FD2E65A66A2}.Debug|x64.ActiveCfg = Debug|Any CPU
		{B5BE3174-E253-4F5E-B05C-7FD2E65A66A2}.Debug|x64.Build.0 = Debug|Any CPU
		{B5BE3174-E253-4F5E-B05C-7FD2E65A66A2}.Debug|x86.ActiveCfg = Debug|Any CPU
		{B5BE3174-E253-4F5E-B05C-7FD2E65A66A2}.Debug|x86.Build.0 = Debug|Any CPU
		{B5BE3174-E253-4F5E-B05C-7FD2E65A66A2}.Release|Any CPU.ActiveCfg = Release|Any CPU
		{B5BE3174-E253-4F5E-B05C-7FD2E65A66A2}.Release|Any CPU.Build.0 = Release|Any CPU
		{B5BE3174-E253-4F5E-B05C-7FD2E65A66A2}.Release|ARM.ActiveCfg = Release|Any CPU
		{B5BE3174-E253-4F5E-B05C-7FD2E65A66A2}.Release|ARM.Build.0 = Release|Any CPU
		{B5BE3174-E253-4F5E-B05C-7FD2E65A66A2}.Release|x64.ActiveCfg = Release|Any CPU
		{B5BE3174-E253-4F5E-B05C-7FD2E65A66A2}.Release|x64.Build.0 = Release|Any CPU
		{B5BE3174-E253-4F5E-B05C-7FD2E65A66A2}.Release|x86.ActiveCfg = Release|Any CPU
		{B5BE3174-E253-4F5E-B05C-7FD2E65A66A2}.Release|x86.Build.0 = Release|Any CPU
		{6163C031-06EA-4929-BC84-AB67ED0E93DA}.Debug|Any CPU.ActiveCfg = Debug|Any CPU
		{6163C031-06EA-4929-BC84-AB67ED0E93DA}.Debug|Any CPU.Build.0 = Debug|Any CPU
		{6163C031-06EA-4929-BC84-AB67ED0E93DA}.Debug|ARM.ActiveCfg = Debug|Any CPU
		{6163C031-06EA-4929-BC84-AB67ED0E93DA}.Debug|x64.ActiveCfg = Debug|Any CPU
		{6163C031-06EA-4929-BC84-AB67ED0E93DA}.Debug|x86.ActiveCfg = Debug|Any CPU
		{6163C031-06EA-4929-BC84-AB67ED0E93DA}.Release|Any CPU.ActiveCfg = Release|Any CPU
		{6163C031-06EA-4929-BC84-AB67ED0E93DA}.Release|Any CPU.Build.0 = Release|Any CPU
		{6163C031-06EA-4929-BC84-AB67ED0E93DA}.Release|ARM.ActiveCfg = Release|Any CPU
		{6163C031-06EA-4929-BC84-AB67ED0E93DA}.Release|x64.ActiveCfg = Release|Any CPU
		{6163C031-06EA-4929-BC84-AB67ED0E93DA}.Release|x86.ActiveCfg = Release|Any CPU
		{B9B0AE4B-C881-4CE3-AF65-4118216AF75F}.Debug|Any CPU.ActiveCfg = Debug|Any CPU
		{B9B0AE4B-C881-4CE3-AF65-4118216AF75F}.Debug|Any CPU.Build.0 = Debug|Any CPU
		{B9B0AE4B-C881-4CE3-AF65-4118216AF75F}.Debug|ARM.ActiveCfg = Debug|Any CPU
		{B9B0AE4B-C881-4CE3-AF65-4118216AF75F}.Debug|ARM.Build.0 = Debug|Any CPU
		{B9B0AE4B-C881-4CE3-AF65-4118216AF75F}.Debug|x64.ActiveCfg = Debug|Any CPU
		{B9B0AE4B-C881-4CE3-AF65-4118216AF75F}.Debug|x64.Build.0 = Debug|Any CPU
		{B9B0AE4B-C881-4CE3-AF65-4118216AF75F}.Debug|x86.ActiveCfg = Debug|Any CPU
		{B9B0AE4B-C881-4CE3-AF65-4118216AF75F}.Debug|x86.Build.0 = Debug|Any CPU
		{B9B0AE4B-C881-4CE3-AF65-4118216AF75F}.Release|Any CPU.ActiveCfg = Release|Any CPU
		{B9B0AE4B-C881-4CE3-AF65-4118216AF75F}.Release|Any CPU.Build.0 = Release|Any CPU
		{B9B0AE4B-C881-4CE3-AF65-4118216AF75F}.Release|ARM.ActiveCfg = Release|Any CPU
		{B9B0AE4B-C881-4CE3-AF65-4118216AF75F}.Release|ARM.Build.0 = Release|Any CPU
		{B9B0AE4B-C881-4CE3-AF65-4118216AF75F}.Release|x64.ActiveCfg = Release|Any CPU
		{B9B0AE4B-C881-4CE3-AF65-4118216AF75F}.Release|x64.Build.0 = Release|Any CPU
		{B9B0AE4B-C881-4CE3-AF65-4118216AF75F}.Release|x86.ActiveCfg = Release|Any CPU
		{B9B0AE4B-C881-4CE3-AF65-4118216AF75F}.Release|x86.Build.0 = Release|Any CPU
		{6AC2DC1C-4B13-4590-A774-CF3C80C18D6F}.Debug|Any CPU.ActiveCfg = Debug|Any CPU
		{6AC2DC1C-4B13-4590-A774-CF3C80C18D6F}.Debug|Any CPU.Build.0 = Debug|Any CPU
		{6AC2DC1C-4B13-4590-A774-CF3C80C18D6F}.Debug|ARM.ActiveCfg = Debug|Any CPU
		{6AC2DC1C-4B13-4590-A774-CF3C80C18D6F}.Debug|ARM.Build.0 = Debug|Any CPU
		{6AC2DC1C-4B13-4590-A774-CF3C80C18D6F}.Debug|x64.ActiveCfg = Debug|Any CPU
		{6AC2DC1C-4B13-4590-A774-CF3C80C18D6F}.Debug|x64.Build.0 = Debug|Any CPU
		{6AC2DC1C-4B13-4590-A774-CF3C80C18D6F}.Debug|x86.ActiveCfg = Debug|Any CPU
		{6AC2DC1C-4B13-4590-A774-CF3C80C18D6F}.Debug|x86.Build.0 = Debug|Any CPU
		{6AC2DC1C-4B13-4590-A774-CF3C80C18D6F}.Release|Any CPU.ActiveCfg = Release|Any CPU
		{6AC2DC1C-4B13-4590-A774-CF3C80C18D6F}.Release|Any CPU.Build.0 = Release|Any CPU
		{6AC2DC1C-4B13-4590-A774-CF3C80C18D6F}.Release|ARM.ActiveCfg = Release|Any CPU
		{6AC2DC1C-4B13-4590-A774-CF3C80C18D6F}.Release|ARM.Build.0 = Release|Any CPU
		{6AC2DC1C-4B13-4590-A774-CF3C80C18D6F}.Release|x64.ActiveCfg = Release|Any CPU
		{6AC2DC1C-4B13-4590-A774-CF3C80C18D6F}.Release|x64.Build.0 = Release|Any CPU
		{6AC2DC1C-4B13-4590-A774-CF3C80C18D6F}.Release|x86.ActiveCfg = Release|Any CPU
		{6AC2DC1C-4B13-4590-A774-CF3C80C18D6F}.Release|x86.Build.0 = Release|Any CPU
		{4E8DA796-33BA-43ED-A931-4841E108A7E0}.Debug|Any CPU.ActiveCfg = Debug|Any CPU
		{4E8DA796-33BA-43ED-A931-4841E108A7E0}.Debug|Any CPU.Build.0 = Debug|Any CPU
		{4E8DA796-33BA-43ED-A931-4841E108A7E0}.Debug|ARM.ActiveCfg = Debug|Any CPU
		{4E8DA796-33BA-43ED-A931-4841E108A7E0}.Debug|ARM.Build.0 = Debug|Any CPU
		{4E8DA796-33BA-43ED-A931-4841E108A7E0}.Debug|x64.ActiveCfg = Debug|Any CPU
		{4E8DA796-33BA-43ED-A931-4841E108A7E0}.Debug|x64.Build.0 = Debug|Any CPU
		{4E8DA796-33BA-43ED-A931-4841E108A7E0}.Debug|x86.ActiveCfg = Debug|Any CPU
		{4E8DA796-33BA-43ED-A931-4841E108A7E0}.Debug|x86.Build.0 = Debug|Any CPU
		{4E8DA796-33BA-43ED-A931-4841E108A7E0}.Release|Any CPU.ActiveCfg = Release|Any CPU
		{4E8DA796-33BA-43ED-A931-4841E108A7E0}.Release|Any CPU.Build.0 = Release|Any CPU
		{4E8DA796-33BA-43ED-A931-4841E108A7E0}.Release|ARM.ActiveCfg = Release|Any CPU
		{4E8DA796-33BA-43ED-A931-4841E108A7E0}.Release|ARM.Build.0 = Release|Any CPU
		{4E8DA796-33BA-43ED-A931-4841E108A7E0}.Release|x64.ActiveCfg = Release|Any CPU
		{4E8DA796-33BA-43ED-A931-4841E108A7E0}.Release|x64.Build.0 = Release|Any CPU
		{4E8DA796-33BA-43ED-A931-4841E108A7E0}.Release|x86.ActiveCfg = Release|Any CPU
		{4E8DA796-33BA-43ED-A931-4841E108A7E0}.Release|x86.Build.0 = Release|Any CPU
		{2F1B878F-2412-489F-A286-CD73B8B1DD81}.Debug|Any CPU.ActiveCfg = Debug|Any CPU
		{2F1B878F-2412-489F-A286-CD73B8B1DD81}.Debug|Any CPU.Build.0 = Debug|Any CPU
		{2F1B878F-2412-489F-A286-CD73B8B1DD81}.Debug|ARM.ActiveCfg = Debug|Any CPU
		{2F1B878F-2412-489F-A286-CD73B8B1DD81}.Debug|ARM.Build.0 = Debug|Any CPU
		{2F1B878F-2412-489F-A286-CD73B8B1DD81}.Debug|x64.ActiveCfg = Debug|Any CPU
		{2F1B878F-2412-489F-A286-CD73B8B1DD81}.Debug|x64.Build.0 = Debug|Any CPU
		{2F1B878F-2412-489F-A286-CD73B8B1DD81}.Debug|x86.ActiveCfg = Debug|Any CPU
		{2F1B878F-2412-489F-A286-CD73B8B1DD81}.Debug|x86.Build.0 = Debug|Any CPU
		{2F1B878F-2412-489F-A286-CD73B8B1DD81}.Release|Any CPU.ActiveCfg = Release|Any CPU
		{2F1B878F-2412-489F-A286-CD73B8B1DD81}.Release|Any CPU.Build.0 = Release|Any CPU
		{2F1B878F-2412-489F-A286-CD73B8B1DD81}.Release|ARM.ActiveCfg = Release|Any CPU
		{2F1B878F-2412-489F-A286-CD73B8B1DD81}.Release|ARM.Build.0 = Release|Any CPU
		{2F1B878F-2412-489F-A286-CD73B8B1DD81}.Release|x64.ActiveCfg = Release|Any CPU
		{2F1B878F-2412-489F-A286-CD73B8B1DD81}.Release|x64.Build.0 = Release|Any CPU
		{2F1B878F-2412-489F-A286-CD73B8B1DD81}.Release|x86.ActiveCfg = Release|Any CPU
		{2F1B878F-2412-489F-A286-CD73B8B1DD81}.Release|x86.Build.0 = Release|Any CPU
		{23C1681A-12B5-44B5-BF4C-FDE64DEACC2A}.Debug|Any CPU.ActiveCfg = Debug|Any CPU
		{23C1681A-12B5-44B5-BF4C-FDE64DEACC2A}.Debug|Any CPU.Build.0 = Debug|Any CPU
		{23C1681A-12B5-44B5-BF4C-FDE64DEACC2A}.Debug|ARM.ActiveCfg = Debug|Any CPU
		{23C1681A-12B5-44B5-BF4C-FDE64DEACC2A}.Debug|ARM.Build.0 = Debug|Any CPU
		{23C1681A-12B5-44B5-BF4C-FDE64DEACC2A}.Debug|x64.ActiveCfg = Debug|Any CPU
		{23C1681A-12B5-44B5-BF4C-FDE64DEACC2A}.Debug|x64.Build.0 = Debug|Any CPU
		{23C1681A-12B5-44B5-BF4C-FDE64DEACC2A}.Debug|x86.ActiveCfg = Debug|Any CPU
		{23C1681A-12B5-44B5-BF4C-FDE64DEACC2A}.Debug|x86.Build.0 = Debug|Any CPU
		{23C1681A-12B5-44B5-BF4C-FDE64DEACC2A}.Release|Any CPU.ActiveCfg = Release|Any CPU
		{23C1681A-12B5-44B5-BF4C-FDE64DEACC2A}.Release|Any CPU.Build.0 = Release|Any CPU
		{23C1681A-12B5-44B5-BF4C-FDE64DEACC2A}.Release|ARM.ActiveCfg = Release|Any CPU
		{23C1681A-12B5-44B5-BF4C-FDE64DEACC2A}.Release|ARM.Build.0 = Release|Any CPU
		{23C1681A-12B5-44B5-BF4C-FDE64DEACC2A}.Release|x64.ActiveCfg = Release|Any CPU
		{23C1681A-12B5-44B5-BF4C-FDE64DEACC2A}.Release|x64.Build.0 = Release|Any CPU
		{23C1681A-12B5-44B5-BF4C-FDE64DEACC2A}.Release|x86.ActiveCfg = Release|Any CPU
		{23C1681A-12B5-44B5-BF4C-FDE64DEACC2A}.Release|x86.Build.0 = Release|Any CPU
		{CD403DBC-FA8A-4004-8494-63BE9766C57F}.Debug|Any CPU.ActiveCfg = Debug|Any CPU
		{CD403DBC-FA8A-4004-8494-63BE9766C57F}.Debug|Any CPU.Build.0 = Debug|Any CPU
		{CD403DBC-FA8A-4004-8494-63BE9766C57F}.Debug|ARM.ActiveCfg = Debug|Any CPU
		{CD403DBC-FA8A-4004-8494-63BE9766C57F}.Debug|ARM.Build.0 = Debug|Any CPU
		{CD403DBC-FA8A-4004-8494-63BE9766C57F}.Debug|x64.ActiveCfg = Debug|Any CPU
		{CD403DBC-FA8A-4004-8494-63BE9766C57F}.Debug|x64.Build.0 = Debug|Any CPU
		{CD403DBC-FA8A-4004-8494-63BE9766C57F}.Debug|x86.ActiveCfg = Debug|Any CPU
		{CD403DBC-FA8A-4004-8494-63BE9766C57F}.Debug|x86.Build.0 = Debug|Any CPU
		{CD403DBC-FA8A-4004-8494-63BE9766C57F}.Release|Any CPU.ActiveCfg = Release|Any CPU
		{CD403DBC-FA8A-4004-8494-63BE9766C57F}.Release|Any CPU.Build.0 = Release|Any CPU
		{CD403DBC-FA8A-4004-8494-63BE9766C57F}.Release|ARM.ActiveCfg = Release|Any CPU
		{CD403DBC-FA8A-4004-8494-63BE9766C57F}.Release|ARM.Build.0 = Release|Any CPU
		{CD403DBC-FA8A-4004-8494-63BE9766C57F}.Release|x64.ActiveCfg = Release|Any CPU
		{CD403DBC-FA8A-4004-8494-63BE9766C57F}.Release|x64.Build.0 = Release|Any CPU
		{CD403DBC-FA8A-4004-8494-63BE9766C57F}.Release|x86.ActiveCfg = Release|Any CPU
		{CD403DBC-FA8A-4004-8494-63BE9766C57F}.Release|x86.Build.0 = Release|Any CPU
		{DB90F92F-8A86-4239-8F7D-F99161E4282D}.Debug|Any CPU.ActiveCfg = Debug|Any CPU
		{DB90F92F-8A86-4239-8F7D-F99161E4282D}.Debug|Any CPU.Build.0 = Debug|Any CPU
		{DB90F92F-8A86-4239-8F7D-F99161E4282D}.Debug|ARM.ActiveCfg = Debug|Any CPU
		{DB90F92F-8A86-4239-8F7D-F99161E4282D}.Debug|ARM.Build.0 = Debug|Any CPU
		{DB90F92F-8A86-4239-8F7D-F99161E4282D}.Debug|x64.ActiveCfg = Debug|Any CPU
		{DB90F92F-8A86-4239-8F7D-F99161E4282D}.Debug|x64.Build.0 = Debug|Any CPU
		{DB90F92F-8A86-4239-8F7D-F99161E4282D}.Debug|x86.ActiveCfg = Debug|Any CPU
		{DB90F92F-8A86-4239-8F7D-F99161E4282D}.Debug|x86.Build.0 = Debug|Any CPU
		{DB90F92F-8A86-4239-8F7D-F99161E4282D}.Release|Any CPU.ActiveCfg = Release|Any CPU
		{DB90F92F-8A86-4239-8F7D-F99161E4282D}.Release|Any CPU.Build.0 = Release|Any CPU
		{DB90F92F-8A86-4239-8F7D-F99161E4282D}.Release|ARM.ActiveCfg = Release|Any CPU
		{DB90F92F-8A86-4239-8F7D-F99161E4282D}.Release|ARM.Build.0 = Release|Any CPU
		{DB90F92F-8A86-4239-8F7D-F99161E4282D}.Release|x64.ActiveCfg = Release|Any CPU
		{DB90F92F-8A86-4239-8F7D-F99161E4282D}.Release|x64.Build.0 = Release|Any CPU
		{DB90F92F-8A86-4239-8F7D-F99161E4282D}.Release|x86.ActiveCfg = Release|Any CPU
		{DB90F92F-8A86-4239-8F7D-F99161E4282D}.Release|x86.Build.0 = Release|Any CPU
		{1E8E7BE5-A633-47B8-AC2A-500A81E3045D}.Debug|Any CPU.ActiveCfg = Debug|Any CPU
		{1E8E7BE5-A633-47B8-AC2A-500A81E3045D}.Debug|Any CPU.Build.0 = Debug|Any CPU
		{1E8E7BE5-A633-47B8-AC2A-500A81E3045D}.Debug|ARM.ActiveCfg = Debug|Any CPU
		{1E8E7BE5-A633-47B8-AC2A-500A81E3045D}.Debug|ARM.Build.0 = Debug|Any CPU
		{1E8E7BE5-A633-47B8-AC2A-500A81E3045D}.Debug|x64.ActiveCfg = Debug|Any CPU
		{1E8E7BE5-A633-47B8-AC2A-500A81E3045D}.Debug|x64.Build.0 = Debug|Any CPU
		{1E8E7BE5-A633-47B8-AC2A-500A81E3045D}.Debug|x86.ActiveCfg = Debug|Any CPU
		{1E8E7BE5-A633-47B8-AC2A-500A81E3045D}.Debug|x86.Build.0 = Debug|Any CPU
		{1E8E7BE5-A633-47B8-AC2A-500A81E3045D}.Release|Any CPU.ActiveCfg = Release|Any CPU
		{1E8E7BE5-A633-47B8-AC2A-500A81E3045D}.Release|Any CPU.Build.0 = Release|Any CPU
		{1E8E7BE5-A633-47B8-AC2A-500A81E3045D}.Release|ARM.ActiveCfg = Release|Any CPU
		{1E8E7BE5-A633-47B8-AC2A-500A81E3045D}.Release|ARM.Build.0 = Release|Any CPU
		{1E8E7BE5-A633-47B8-AC2A-500A81E3045D}.Release|x64.ActiveCfg = Release|Any CPU
		{1E8E7BE5-A633-47B8-AC2A-500A81E3045D}.Release|x64.Build.0 = Release|Any CPU
		{1E8E7BE5-A633-47B8-AC2A-500A81E3045D}.Release|x86.ActiveCfg = Release|Any CPU
		{1E8E7BE5-A633-47B8-AC2A-500A81E3045D}.Release|x86.Build.0 = Release|Any CPU
	EndGlobalSection
	GlobalSection(SolutionProperties) = preSolution
		HideSolutionNode = FALSE
	EndGlobalSection
	GlobalSection(NestedProjects) = preSolution
		{B9B0AE4B-C881-4CE3-AF65-4118216AF75F} = {725EF154-0F71-4FA7-9B79-5FA023E40F2F}
		{6AC2DC1C-4B13-4590-A774-CF3C80C18D6F} = {B16F419E-4F1A-4251-9678-DBB6D0EB762D}
		{CD403DBC-FA8A-4004-8494-63BE9766C57F} = {B16F419E-4F1A-4251-9678-DBB6D0EB762D}
		{DB90F92F-8A86-4239-8F7D-F99161E4282D} = {B16F419E-4F1A-4251-9678-DBB6D0EB762D}
		{1E8E7BE5-A633-47B8-AC2A-500A81E3045D} = {725EF154-0F71-4FA7-9B79-5FA023E40F2F}
	EndGlobalSection
EndGlobal
