
Microsoft Visual Studio Solution File, Format Version 12.00
# Visual Studio 14
VisualStudioVersion = 14.0.24720.0
MinimumVisualStudioVersion = 10.0.40219.1
Project("{CC5FD16D-436D-48AD-A40C-5A424C6E3E79}") = "Sfa.Eds.Das.Indexer.AzureCloudService", "Sfa.Eds.Das.Indexer.AzureCloudService\Sfa.Eds.Das.Indexer.AzureCloudService.ccproj", "{B5BE3174-E253-4F5E-B05C-7FD2E65A66A2}"
EndProject
Project("{FAE04EC0-301F-11D3-BF4B-00C04F79EFBC}") = "Sfa.Eds.Das.Indexer.AzureWorkerRole", "Sfa.Eds.Das.Indexer.AzureWorkerRole\Sfa.Eds.Das.Indexer.AzureWorkerRole.csproj", "{6163C031-06EA-4929-BC84-AB67ED0E93DA}"
EndProject
Project("{FAE04EC0-301F-11D3-BF4B-00C04F79EFBC}") = "Sfa.Eds.Das.Indexer.Common", "Sfa.Eds.Das.Indexer.Common\Sfa.Eds.Das.Indexer.Common.csproj", "{6AC2DC1C-4B13-4590-A774-CF3C80C18D6F}"
EndProject
Project("{FAE04EC0-301F-11D3-BF4B-00C04F79EFBC}") = "Sfa.Infrastructure", "Sfa.Infrastructure\Sfa.Infrastructure.csproj", "{4E8DA796-33BA-43ED-A931-4841E108A7E0}"
EndProject
Project("{FAE04EC0-301F-11D3-BF4B-00C04F79EFBC}") = "Sfa.Eds.Das.Indexer.IntegrationTests", "Sfa.Eds.Das.Indexer.IntegrationTests\Sfa.Eds.Das.Indexer.IntegrationTests.csproj", "{23C1681A-12B5-44B5-BF4C-FDE64DEACC2A}"
EndProject
Project("{FAE04EC0-301F-11D3-BF4B-00C04F79EFBC}") = "Sfa.Eds.Das.Tools.MetaDataCreationTool", "Sfa.Eds.Das.Tools.MetaDataCreationTool\Sfa.Eds.Das.Tools.MetaDataCreationTool.csproj", "{D838757D-63EC-4FE6-B565-470D5BF424A3}"
EndProject
Project("{FAE04EC0-301F-11D3-BF4B-00C04F79EFBC}") = "Sfa.Eds.Das.Tools.MetaDataCreationTool.UnitTests", "Sfa.Eds.Das.Tools.MetaDataCreationTool.UnitTests\Sfa.Eds.Das.Tools.MetaDataCreationTool.UnitTests.csproj", "{FBAD8B14-DB66-4F5F-AE1C-8FCEC854CE94}"
EndProject
Project("{FAE04EC0-301F-11D3-BF4B-00C04F79EFBC}") = "Sfa.Eds.Das.Indexer.AzureWorkRole.UnitTests", "Sfa.Eds.Das.Indexer.AzureWorkRole.UnitTests\Sfa.Eds.Das.Indexer.AzureWorkRole.UnitTests.csproj", "{C6FA51F8-857F-43AE-8ECF-D96E7E3D1B5E}"
EndProject
Project("{FAE04EC0-301F-11D3-BF4B-00C04F79EFBC}") = "Sfa.Eds.Das.Indexer.Common.UnitTests", "Sfa.Eds.Das.Indexer.Common.UnitTests\Sfa.Eds.Das.Indexer.Common.UnitTests.csproj", "{FD7E4CE2-5560-4E2D-8E9E-A151E15D237F}"
EndProject
Project("{FAE04EC0-301F-11D3-BF4B-00C04F79EFBC}") = "Sfa.Eds.Das.Indexer.ApplicationServices", "Sfa.Eds.Das.Indexer.ApplicationServices\Sfa.Eds.Das.Indexer.ApplicationServices.csproj", "{473307D1-67C9-411E-AD71-CF3C6FE892F4}"
EndProject
Project("{FAE04EC0-301F-11D3-BF4B-00C04F79EFBC}") = "Sfa.Eds.Das.Indexer.Core", "Sfa.Eds.Das.Indexer.Core\Sfa.Eds.Das.Indexer.Core.csproj", "{0C0E390C-C57C-44E4-978E-B9D2F53196AA}"
EndProject
Project("{FAE04EC0-301F-11D3-BF4B-00C04F79EFBC}") = "Sfa.Eds.Das.Indexer.ApplicationServices.UnitTests", "Sfa.Eds.Das.Indexer.ApplicationServices.UnitTests\Sfa.Eds.Das.Indexer.ApplicationServices.UnitTests.csproj", "{D3E132F8-BAEB-4117-BED9-749F4AF98183}"
EndProject
Project("{FAE04EC0-301F-11D3-BF4B-00C04F79EFBC}") = "Sfa.Infrastructure.UnitTests", "Sfa.Infrastructure.UnitTests\Sfa.Infrastructure.UnitTests.csproj", "{A32B7537-722A-46BA-B165-EC5823EFB66D}"
EndProject
Global
	GlobalSection(SolutionConfigurationPlatforms) = preSolution
		Debug|Any CPU = Debug|Any CPU
		Debug|ARM = Debug|ARM
		Debug|x64 = Debug|x64
		Debug|x86 = Debug|x86
		Release|Any CPU = Release|Any CPU
		Release|ARM = Release|ARM
		Release|x64 = Release|x64
		Release|x86 = Release|x86
	EndGlobalSection
	GlobalSection(ProjectConfigurationPlatforms) = postSolution
		{B5BE3174-E253-4F5E-B05C-7FD2E65A66A2}.Debug|Any CPU.ActiveCfg = Debug|Any CPU
		{B5BE3174-E253-4F5E-B05C-7FD2E65A66A2}.Debug|Any CPU.Build.0 = Debug|Any CPU
		{B5BE3174-E253-4F5E-B05C-7FD2E65A66A2}.Debug|ARM.ActiveCfg = Debug|Any CPU
		{B5BE3174-E253-4F5E-B05C-7FD2E65A66A2}.Debug|ARM.Build.0 = Debug|Any CPU
		{B5BE3174-E253-4F5E-B05C-7FD2E65A66A2}.Debug|x64.ActiveCfg = Debug|Any CPU
		{B5BE3174-E253-4F5E-B05C-7FD2E65A66A2}.Debug|x64.Build.0 = Debug|Any CPU
		{B5BE3174-E253-4F5E-B05C-7FD2E65A66A2}.Debug|x86.ActiveCfg = Debug|Any CPU
		{B5BE3174-E253-4F5E-B05C-7FD2E65A66A2}.Debug|x86.Build.0 = Debug|Any CPU
		{B5BE3174-E253-4F5E-B05C-7FD2E65A66A2}.Release|Any CPU.ActiveCfg = Release|Any CPU
		{B5BE3174-E253-4F5E-B05C-7FD2E65A66A2}.Release|Any CPU.Build.0 = Release|Any CPU
		{B5BE3174-E253-4F5E-B05C-7FD2E65A66A2}.Release|ARM.ActiveCfg = Release|Any CPU
		{B5BE3174-E253-4F5E-B05C-7FD2E65A66A2}.Release|ARM.Build.0 = Release|Any CPU
		{B5BE3174-E253-4F5E-B05C-7FD2E65A66A2}.Release|x64.ActiveCfg = Release|Any CPU
		{B5BE3174-E253-4F5E-B05C-7FD2E65A66A2}.Release|x64.Build.0 = Release|Any CPU
		{B5BE3174-E253-4F5E-B05C-7FD2E65A66A2}.Release|x86.ActiveCfg = Release|Any CPU
		{B5BE3174-E253-4F5E-B05C-7FD2E65A66A2}.Release|x86.Build.0 = Release|Any CPU
		{6163C031-06EA-4929-BC84-AB67ED0E93DA}.Debug|Any CPU.ActiveCfg = Debug|Any CPU
		{6163C031-06EA-4929-BC84-AB67ED0E93DA}.Debug|Any CPU.Build.0 = Debug|Any CPU
		{6163C031-06EA-4929-BC84-AB67ED0E93DA}.Debug|ARM.ActiveCfg = Debug|Any CPU
		{6163C031-06EA-4929-BC84-AB67ED0E93DA}.Debug|x64.ActiveCfg = Debug|Any CPU
		{6163C031-06EA-4929-BC84-AB67ED0E93DA}.Debug|x86.ActiveCfg = Debug|Any CPU
		{6163C031-06EA-4929-BC84-AB67ED0E93DA}.Release|Any CPU.ActiveCfg = Release|Any CPU
		{6163C031-06EA-4929-BC84-AB67ED0E93DA}.Release|Any CPU.Build.0 = Release|Any CPU
		{6163C031-06EA-4929-BC84-AB67ED0E93DA}.Release|ARM.ActiveCfg = Release|Any CPU
		{6163C031-06EA-4929-BC84-AB67ED0E93DA}.Release|x64.ActiveCfg = Release|Any CPU
		{6163C031-06EA-4929-BC84-AB67ED0E93DA}.Release|x86.ActiveCfg = Release|Any CPU
		{6AC2DC1C-4B13-4590-A774-CF3C80C18D6F}.Debug|Any CPU.ActiveCfg = Debug|Any CPU
		{6AC2DC1C-4B13-4590-A774-CF3C80C18D6F}.Debug|Any CPU.Build.0 = Debug|Any CPU
		{6AC2DC1C-4B13-4590-A774-CF3C80C18D6F}.Debug|ARM.ActiveCfg = Debug|Any CPU
		{6AC2DC1C-4B13-4590-A774-CF3C80C18D6F}.Debug|ARM.Build.0 = Debug|Any CPU
		{6AC2DC1C-4B13-4590-A774-CF3C80C18D6F}.Debug|x64.ActiveCfg = Debug|Any CPU
		{6AC2DC1C-4B13-4590-A774-CF3C80C18D6F}.Debug|x64.Build.0 = Debug|Any CPU
		{6AC2DC1C-4B13-4590-A774-CF3C80C18D6F}.Debug|x86.ActiveCfg = Debug|Any CPU
		{6AC2DC1C-4B13-4590-A774-CF3C80C18D6F}.Debug|x86.Build.0 = Debug|Any CPU
		{6AC2DC1C-4B13-4590-A774-CF3C80C18D6F}.Release|Any CPU.ActiveCfg = Release|Any CPU
		{6AC2DC1C-4B13-4590-A774-CF3C80C18D6F}.Release|Any CPU.Build.0 = Release|Any CPU
		{6AC2DC1C-4B13-4590-A774-CF3C80C18D6F}.Release|ARM.ActiveCfg = Release|Any CPU
		{6AC2DC1C-4B13-4590-A774-CF3C80C18D6F}.Release|ARM.Build.0 = Release|Any CPU
		{6AC2DC1C-4B13-4590-A774-CF3C80C18D6F}.Release|x64.ActiveCfg = Release|Any CPU
		{6AC2DC1C-4B13-4590-A774-CF3C80C18D6F}.Release|x64.Build.0 = Release|Any CPU
		{6AC2DC1C-4B13-4590-A774-CF3C80C18D6F}.Release|x86.ActiveCfg = Release|Any CPU
		{6AC2DC1C-4B13-4590-A774-CF3C80C18D6F}.Release|x86.Build.0 = Release|Any CPU
		{4E8DA796-33BA-43ED-A931-4841E108A7E0}.Debug|Any CPU.ActiveCfg = Debug|Any CPU
		{4E8DA796-33BA-43ED-A931-4841E108A7E0}.Debug|Any CPU.Build.0 = Debug|Any CPU
		{4E8DA796-33BA-43ED-A931-4841E108A7E0}.Debug|ARM.ActiveCfg = Debug|Any CPU
		{4E8DA796-33BA-43ED-A931-4841E108A7E0}.Debug|ARM.Build.0 = Debug|Any CPU
		{4E8DA796-33BA-43ED-A931-4841E108A7E0}.Debug|x64.ActiveCfg = Debug|Any CPU
		{4E8DA796-33BA-43ED-A931-4841E108A7E0}.Debug|x64.Build.0 = Debug|Any CPU
		{4E8DA796-33BA-43ED-A931-4841E108A7E0}.Debug|x86.ActiveCfg = Debug|Any CPU
		{4E8DA796-33BA-43ED-A931-4841E108A7E0}.Debug|x86.Build.0 = Debug|Any CPU
		{4E8DA796-33BA-43ED-A931-4841E108A7E0}.Release|Any CPU.ActiveCfg = Release|Any CPU
		{4E8DA796-33BA-43ED-A931-4841E108A7E0}.Release|Any CPU.Build.0 = Release|Any CPU
		{4E8DA796-33BA-43ED-A931-4841E108A7E0}.Release|ARM.ActiveCfg = Release|Any CPU
		{4E8DA796-33BA-43ED-A931-4841E108A7E0}.Release|ARM.Build.0 = Release|Any CPU
		{4E8DA796-33BA-43ED-A931-4841E108A7E0}.Release|x64.ActiveCfg = Release|Any CPU
		{4E8DA796-33BA-43ED-A931-4841E108A7E0}.Release|x64.Build.0 = Release|Any CPU
		{4E8DA796-33BA-43ED-A931-4841E108A7E0}.Release|x86.ActiveCfg = Release|Any CPU
		{4E8DA796-33BA-43ED-A931-4841E108A7E0}.Release|x86.Build.0 = Release|Any CPU
		{23C1681A-12B5-44B5-BF4C-FDE64DEACC2A}.Debug|Any CPU.ActiveCfg = Debug|Any CPU
		{23C1681A-12B5-44B5-BF4C-FDE64DEACC2A}.Debug|Any CPU.Build.0 = Debug|Any CPU
		{23C1681A-12B5-44B5-BF4C-FDE64DEACC2A}.Debug|ARM.ActiveCfg = Debug|Any CPU
		{23C1681A-12B5-44B5-BF4C-FDE64DEACC2A}.Debug|ARM.Build.0 = Debug|Any CPU
		{23C1681A-12B5-44B5-BF4C-FDE64DEACC2A}.Debug|x64.ActiveCfg = Debug|Any CPU
		{23C1681A-12B5-44B5-BF4C-FDE64DEACC2A}.Debug|x64.Build.0 = Debug|Any CPU
		{23C1681A-12B5-44B5-BF4C-FDE64DEACC2A}.Debug|x86.ActiveCfg = Debug|Any CPU
		{23C1681A-12B5-44B5-BF4C-FDE64DEACC2A}.Debug|x86.Build.0 = Debug|Any CPU
		{23C1681A-12B5-44B5-BF4C-FDE64DEACC2A}.Release|Any CPU.ActiveCfg = Release|Any CPU
		{23C1681A-12B5-44B5-BF4C-FDE64DEACC2A}.Release|Any CPU.Build.0 = Release|Any CPU
		{23C1681A-12B5-44B5-BF4C-FDE64DEACC2A}.Release|ARM.ActiveCfg = Release|Any CPU
		{23C1681A-12B5-44B5-BF4C-FDE64DEACC2A}.Release|ARM.Build.0 = Release|Any CPU
		{23C1681A-12B5-44B5-BF4C-FDE64DEACC2A}.Release|x64.ActiveCfg = Release|Any CPU
		{23C1681A-12B5-44B5-BF4C-FDE64DEACC2A}.Release|x64.Build.0 = Release|Any CPU
		{23C1681A-12B5-44B5-BF4C-FDE64DEACC2A}.Release|x86.ActiveCfg = Release|Any CPU
		{23C1681A-12B5-44B5-BF4C-FDE64DEACC2A}.Release|x86.Build.0 = Release|Any CPU
		{D838757D-63EC-4FE6-B565-470D5BF424A3}.Debug|Any CPU.ActiveCfg = Debug|Any CPU
		{D838757D-63EC-4FE6-B565-470D5BF424A3}.Debug|Any CPU.Build.0 = Debug|Any CPU
		{D838757D-63EC-4FE6-B565-470D5BF424A3}.Debug|ARM.ActiveCfg = Debug|Any CPU
		{D838757D-63EC-4FE6-B565-470D5BF424A3}.Debug|ARM.Build.0 = Debug|Any CPU
		{D838757D-63EC-4FE6-B565-470D5BF424A3}.Debug|x64.ActiveCfg = Debug|Any CPU
		{D838757D-63EC-4FE6-B565-470D5BF424A3}.Debug|x64.Build.0 = Debug|Any CPU
		{D838757D-63EC-4FE6-B565-470D5BF424A3}.Debug|x86.ActiveCfg = Debug|Any CPU
		{D838757D-63EC-4FE6-B565-470D5BF424A3}.Debug|x86.Build.0 = Debug|Any CPU
		{D838757D-63EC-4FE6-B565-470D5BF424A3}.Release|Any CPU.ActiveCfg = Release|Any CPU
		{D838757D-63EC-4FE6-B565-470D5BF424A3}.Release|Any CPU.Build.0 = Release|Any CPU
		{D838757D-63EC-4FE6-B565-470D5BF424A3}.Release|ARM.ActiveCfg = Release|Any CPU
		{D838757D-63EC-4FE6-B565-470D5BF424A3}.Release|ARM.Build.0 = Release|Any CPU
		{D838757D-63EC-4FE6-B565-470D5BF424A3}.Release|x64.ActiveCfg = Release|Any CPU
		{D838757D-63EC-4FE6-B565-470D5BF424A3}.Release|x64.Build.0 = Release|Any CPU
		{D838757D-63EC-4FE6-B565-470D5BF424A3}.Release|x86.ActiveCfg = Release|Any CPU
		{D838757D-63EC-4FE6-B565-470D5BF424A3}.Release|x86.Build.0 = Release|Any CPU
		{FBAD8B14-DB66-4F5F-AE1C-8FCEC854CE94}.Debug|Any CPU.ActiveCfg = Debug|Any CPU
		{FBAD8B14-DB66-4F5F-AE1C-8FCEC854CE94}.Debug|Any CPU.Build.0 = Debug|Any CPU
		{FBAD8B14-DB66-4F5F-AE1C-8FCEC854CE94}.Debug|ARM.ActiveCfg = Debug|Any CPU
		{FBAD8B14-DB66-4F5F-AE1C-8FCEC854CE94}.Debug|ARM.Build.0 = Debug|Any CPU
		{FBAD8B14-DB66-4F5F-AE1C-8FCEC854CE94}.Debug|x64.ActiveCfg = Debug|Any CPU
		{FBAD8B14-DB66-4F5F-AE1C-8FCEC854CE94}.Debug|x64.Build.0 = Debug|Any CPU
		{FBAD8B14-DB66-4F5F-AE1C-8FCEC854CE94}.Debug|x86.ActiveCfg = Debug|Any CPU
		{FBAD8B14-DB66-4F5F-AE1C-8FCEC854CE94}.Debug|x86.Build.0 = Debug|Any CPU
		{FBAD8B14-DB66-4F5F-AE1C-8FCEC854CE94}.Release|Any CPU.ActiveCfg = Release|Any CPU
		{FBAD8B14-DB66-4F5F-AE1C-8FCEC854CE94}.Release|Any CPU.Build.0 = Release|Any CPU
		{FBAD8B14-DB66-4F5F-AE1C-8FCEC854CE94}.Release|ARM.ActiveCfg = Release|Any CPU
		{FBAD8B14-DB66-4F5F-AE1C-8FCEC854CE94}.Release|ARM.Build.0 = Release|Any CPU
		{FBAD8B14-DB66-4F5F-AE1C-8FCEC854CE94}.Release|x64.ActiveCfg = Release|Any CPU
		{FBAD8B14-DB66-4F5F-AE1C-8FCEC854CE94}.Release|x64.Build.0 = Release|Any CPU
		{FBAD8B14-DB66-4F5F-AE1C-8FCEC854CE94}.Release|x86.ActiveCfg = Release|Any CPU
		{FBAD8B14-DB66-4F5F-AE1C-8FCEC854CE94}.Release|x86.Build.0 = Release|Any CPU
		{C6FA51F8-857F-43AE-8ECF-D96E7E3D1B5E}.Debug|Any CPU.ActiveCfg = Debug|Any CPU
		{C6FA51F8-857F-43AE-8ECF-D96E7E3D1B5E}.Debug|Any CPU.Build.0 = Debug|Any CPU
		{C6FA51F8-857F-43AE-8ECF-D96E7E3D1B5E}.Debug|ARM.ActiveCfg = Debug|Any CPU
		{C6FA51F8-857F-43AE-8ECF-D96E7E3D1B5E}.Debug|ARM.Build.0 = Debug|Any CPU
		{C6FA51F8-857F-43AE-8ECF-D96E7E3D1B5E}.Debug|x64.ActiveCfg = Debug|Any CPU
		{C6FA51F8-857F-43AE-8ECF-D96E7E3D1B5E}.Debug|x64.Build.0 = Debug|Any CPU
		{C6FA51F8-857F-43AE-8ECF-D96E7E3D1B5E}.Debug|x86.ActiveCfg = Debug|Any CPU
		{C6FA51F8-857F-43AE-8ECF-D96E7E3D1B5E}.Debug|x86.Build.0 = Debug|Any CPU
		{C6FA51F8-857F-43AE-8ECF-D96E7E3D1B5E}.Release|Any CPU.ActiveCfg = Release|Any CPU
		{C6FA51F8-857F-43AE-8ECF-D96E7E3D1B5E}.Release|Any CPU.Build.0 = Release|Any CPU
		{C6FA51F8-857F-43AE-8ECF-D96E7E3D1B5E}.Release|ARM.ActiveCfg = Release|Any CPU
		{C6FA51F8-857F-43AE-8ECF-D96E7E3D1B5E}.Release|ARM.Build.0 = Release|Any CPU
		{C6FA51F8-857F-43AE-8ECF-D96E7E3D1B5E}.Release|x64.ActiveCfg = Release|Any CPU
		{C6FA51F8-857F-43AE-8ECF-D96E7E3D1B5E}.Release|x64.Build.0 = Release|Any CPU
		{C6FA51F8-857F-43AE-8ECF-D96E7E3D1B5E}.Release|x86.ActiveCfg = Release|Any CPU
		{C6FA51F8-857F-43AE-8ECF-D96E7E3D1B5E}.Release|x86.Build.0 = Release|Any CPU
		{FD7E4CE2-5560-4E2D-8E9E-A151E15D237F}.Debug|Any CPU.ActiveCfg = Debug|Any CPU
		{FD7E4CE2-5560-4E2D-8E9E-A151E15D237F}.Debug|Any CPU.Build.0 = Debug|Any CPU
		{FD7E4CE2-5560-4E2D-8E9E-A151E15D237F}.Debug|ARM.ActiveCfg = Debug|Any CPU
		{FD7E4CE2-5560-4E2D-8E9E-A151E15D237F}.Debug|ARM.Build.0 = Debug|Any CPU
		{FD7E4CE2-5560-4E2D-8E9E-A151E15D237F}.Debug|x64.ActiveCfg = Debug|Any CPU
		{FD7E4CE2-5560-4E2D-8E9E-A151E15D237F}.Debug|x64.Build.0 = Debug|Any CPU
		{FD7E4CE2-5560-4E2D-8E9E-A151E15D237F}.Debug|x86.ActiveCfg = Debug|Any CPU
		{FD7E4CE2-5560-4E2D-8E9E-A151E15D237F}.Debug|x86.Build.0 = Debug|Any CPU
		{FD7E4CE2-5560-4E2D-8E9E-A151E15D237F}.Release|Any CPU.ActiveCfg = Release|Any CPU
		{FD7E4CE2-5560-4E2D-8E9E-A151E15D237F}.Release|Any CPU.Build.0 = Release|Any CPU
		{FD7E4CE2-5560-4E2D-8E9E-A151E15D237F}.Release|ARM.ActiveCfg = Release|Any CPU
		{FD7E4CE2-5560-4E2D-8E9E-A151E15D237F}.Release|ARM.Build.0 = Release|Any CPU
		{FD7E4CE2-5560-4E2D-8E9E-A151E15D237F}.Release|x64.ActiveCfg = Release|Any CPU
		{FD7E4CE2-5560-4E2D-8E9E-A151E15D237F}.Release|x64.Build.0 = Release|Any CPU
		{FD7E4CE2-5560-4E2D-8E9E-A151E15D237F}.Release|x86.ActiveCfg = Release|Any CPU
		{FD7E4CE2-5560-4E2D-8E9E-A151E15D237F}.Release|x86.Build.0 = Release|Any CPU
		{473307D1-67C9-411E-AD71-CF3C6FE892F4}.Debug|Any CPU.ActiveCfg = Debug|Any CPU
		{473307D1-67C9-411E-AD71-CF3C6FE892F4}.Debug|Any CPU.Build.0 = Debug|Any CPU
		{473307D1-67C9-411E-AD71-CF3C6FE892F4}.Debug|ARM.ActiveCfg = Debug|Any CPU
		{473307D1-67C9-411E-AD71-CF3C6FE892F4}.Debug|ARM.Build.0 = Debug|Any CPU
		{473307D1-67C9-411E-AD71-CF3C6FE892F4}.Debug|x64.ActiveCfg = Debug|Any CPU
		{473307D1-67C9-411E-AD71-CF3C6FE892F4}.Debug|x64.Build.0 = Debug|Any CPU
		{473307D1-67C9-411E-AD71-CF3C6FE892F4}.Debug|x86.ActiveCfg = Debug|Any CPU
		{473307D1-67C9-411E-AD71-CF3C6FE892F4}.Debug|x86.Build.0 = Debug|Any CPU
		{473307D1-67C9-411E-AD71-CF3C6FE892F4}.Release|Any CPU.ActiveCfg = Release|Any CPU
		{473307D1-67C9-411E-AD71-CF3C6FE892F4}.Release|Any CPU.Build.0 = Release|Any CPU
		{473307D1-67C9-411E-AD71-CF3C6FE892F4}.Release|ARM.ActiveCfg = Release|Any CPU
		{473307D1-67C9-411E-AD71-CF3C6FE892F4}.Release|ARM.Build.0 = Release|Any CPU
		{473307D1-67C9-411E-AD71-CF3C6FE892F4}.Release|x64.ActiveCfg = Release|Any CPU
		{473307D1-67C9-411E-AD71-CF3C6FE892F4}.Release|x64.Build.0 = Release|Any CPU
		{473307D1-67C9-411E-AD71-CF3C6FE892F4}.Release|x86.ActiveCfg = Release|Any CPU
		{473307D1-67C9-411E-AD71-CF3C6FE892F4}.Release|x86.Build.0 = Release|Any CPU
		{0C0E390C-C57C-44E4-978E-B9D2F53196AA}.Debug|Any CPU.ActiveCfg = Debug|Any CPU
		{0C0E390C-C57C-44E4-978E-B9D2F53196AA}.Debug|Any CPU.Build.0 = Debug|Any CPU
		{0C0E390C-C57C-44E4-978E-B9D2F53196AA}.Debug|ARM.ActiveCfg = Debug|Any CPU
		{0C0E390C-C57C-44E4-978E-B9D2F53196AA}.Debug|ARM.Build.0 = Debug|Any CPU
		{0C0E390C-C57C-44E4-978E-B9D2F53196AA}.Debug|x64.ActiveCfg = Debug|Any CPU
		{0C0E390C-C57C-44E4-978E-B9D2F53196AA}.Debug|x64.Build.0 = Debug|Any CPU
		{0C0E390C-C57C-44E4-978E-B9D2F53196AA}.Debug|x86.ActiveCfg = Debug|Any CPU
		{0C0E390C-C57C-44E4-978E-B9D2F53196AA}.Debug|x86.Build.0 = Debug|Any CPU
		{0C0E390C-C57C-44E4-978E-B9D2F53196AA}.Release|Any CPU.ActiveCfg = Release|Any CPU
		{0C0E390C-C57C-44E4-978E-B9D2F53196AA}.Release|Any CPU.Build.0 = Release|Any CPU
		{0C0E390C-C57C-44E4-978E-B9D2F53196AA}.Release|ARM.ActiveCfg = Release|Any CPU
		{0C0E390C-C57C-44E4-978E-B9D2F53196AA}.Release|ARM.Build.0 = Release|Any CPU
		{0C0E390C-C57C-44E4-978E-B9D2F53196AA}.Release|x64.ActiveCfg = Release|Any CPU
		{0C0E390C-C57C-44E4-978E-B9D2F53196AA}.Release|x64.Build.0 = Release|Any CPU
		{0C0E390C-C57C-44E4-978E-B9D2F53196AA}.Release|x86.ActiveCfg = Release|Any CPU
		{0C0E390C-C57C-44E4-978E-B9D2F53196AA}.Release|x86.Build.0 = Release|Any CPU
		{D3E132F8-BAEB-4117-BED9-749F4AF98183}.Debug|Any CPU.ActiveCfg = Debug|Any CPU
		{D3E132F8-BAEB-4117-BED9-749F4AF98183}.Debug|Any CPU.Build.0 = Debug|Any CPU
		{D3E132F8-BAEB-4117-BED9-749F4AF98183}.Debug|ARM.ActiveCfg = Debug|Any CPU
		{D3E132F8-BAEB-4117-BED9-749F4AF98183}.Debug|ARM.Build.0 = Debug|Any CPU
		{D3E132F8-BAEB-4117-BED9-749F4AF98183}.Debug|x64.ActiveCfg = Debug|Any CPU
		{D3E132F8-BAEB-4117-BED9-749F4AF98183}.Debug|x64.Build.0 = Debug|Any CPU
		{D3E132F8-BAEB-4117-BED9-749F4AF98183}.Debug|x86.ActiveCfg = Debug|Any CPU
		{D3E132F8-BAEB-4117-BED9-749F4AF98183}.Debug|x86.Build.0 = Debug|Any CPU
		{D3E132F8-BAEB-4117-BED9-749F4AF98183}.Release|Any CPU.ActiveCfg = Release|Any CPU
		{D3E132F8-BAEB-4117-BED9-749F4AF98183}.Release|Any CPU.Build.0 = Release|Any CPU
		{D3E132F8-BAEB-4117-BED9-749F4AF98183}.Release|ARM.ActiveCfg = Release|Any CPU
		{D3E132F8-BAEB-4117-BED9-749F4AF98183}.Release|ARM.Build.0 = Release|Any CPU
		{D3E132F8-BAEB-4117-BED9-749F4AF98183}.Release|x64.ActiveCfg = Release|Any CPU
		{D3E132F8-BAEB-4117-BED9-749F4AF98183}.Release|x64.Build.0 = Release|Any CPU
		{D3E132F8-BAEB-4117-BED9-749F4AF98183}.Release|x86.ActiveCfg = Release|Any CPU
		{D3E132F8-BAEB-4117-BED9-749F4AF98183}.Release|x86.Build.0 = Release|Any CPU
		{A32B7537-722A-46BA-B165-EC5823EFB66D}.Debug|Any CPU.ActiveCfg = Debug|Any CPU
		{A32B7537-722A-46BA-B165-EC5823EFB66D}.Debug|Any CPU.Build.0 = Debug|Any CPU
		{A32B7537-722A-46BA-B165-EC5823EFB66D}.Debug|ARM.ActiveCfg = Debug|Any CPU
		{A32B7537-722A-46BA-B165-EC5823EFB66D}.Debug|ARM.Build.0 = Debug|Any CPU
		{A32B7537-722A-46BA-B165-EC5823EFB66D}.Debug|x64.ActiveCfg = Debug|Any CPU
		{A32B7537-722A-46BA-B165-EC5823EFB66D}.Debug|x64.Build.0 = Debug|Any CPU
		{A32B7537-722A-46BA-B165-EC5823EFB66D}.Debug|x86.ActiveCfg = Debug|Any CPU
		{A32B7537-722A-46BA-B165-EC5823EFB66D}.Debug|x86.Build.0 = Debug|Any CPU
		{A32B7537-722A-46BA-B165-EC5823EFB66D}.Release|Any CPU.ActiveCfg = Release|Any CPU
		{A32B7537-722A-46BA-B165-EC5823EFB66D}.Release|Any CPU.Build.0 = Release|Any CPU
		{A32B7537-722A-46BA-B165-EC5823EFB66D}.Release|ARM.ActiveCfg = Release|Any CPU
		{A32B7537-722A-46BA-B165-EC5823EFB66D}.Release|ARM.Build.0 = Release|Any CPU
		{A32B7537-722A-46BA-B165-EC5823EFB66D}.Release|x64.ActiveCfg = Release|Any CPU
		{A32B7537-722A-46BA-B165-EC5823EFB66D}.Release|x64.Build.0 = Release|Any CPU
		{A32B7537-722A-46BA-B165-EC5823EFB66D}.Release|x86.ActiveCfg = Release|Any CPU
		{A32B7537-722A-46BA-B165-EC5823EFB66D}.Release|x86.Build.0 = Release|Any CPU
	EndGlobalSection
	GlobalSection(SolutionProperties) = preSolution
		HideSolutionNode = FALSE
	EndGlobalSection
EndGlobal
