
Microsoft Visual Studio Solution File, Format Version 12.00
# Visual Studio 14
VisualStudioVersion = 14.0.25123.0
MinimumVisualStudioVersion = 10.0.40219.1
Project("{FAE04EC0-301F-11D3-BF4B-00C04F79EFBC}") = "Sfa.Das.WebTest.LoadTests", "Sfa.Das.WebTest.LoadTests\Sfa.Das.WebTest.LoadTests.csproj", "{ABB81253-D2AE-4089-AD6E-AB91B7A5A929}"
EndProject
Project("{2150E333-8FDC-42A3-9474-1A3956D46DE8}") = "Solution Items", "Solution Items", "{BBE2D1C7-AB4A-4DC0-A2A4-215AB41E694C}"
	ProjectSection(SolutionItems) = preProject
		das-search.testsettings = das-search.testsettings
	EndProjectSection
EndProject
Project("{FAE04EC0-301F-11D3-BF4B-00C04F79EFBC}") = "Sfa.Das.Sas.WebTest.AcceptanceTests", "Sfa.Das.Sas.WebTest.AcceptanceTests\Sfa.Das.Sas.WebTest.AcceptanceTests.csproj", "{B8CD6ED6-546C-4788-A8F4-242107D9DDF3}"
EndProject
Project("{FAE04EC0-301F-11D3-BF4B-00C04F79EFBC}") = "Sfa.Das.Sas.WebTest.Infrastructure", "Sfa.Das.Sas.WebTest.Infrastructure\Sfa.Das.Sas.WebTest.Infrastructure.csproj", "{2D50186E-54B7-4721-8AC1-73CDCF4D473E}"
EndProject
Project("{FAE04EC0-301F-11D3-BF4B-00C04F79EFBC}") = "Sfa.Das.Sas.WebTest.Pages", "Sfa.Das.Sas.WebTest.Pages\Sfa.Das.Sas.WebTest.Pages.csproj", "{58120EFC-BE49-4DC2-A375-C0784430190A}"
EndProject
Project("{2150E333-8FDC-42A3-9474-1A3956D46DE8}") = "Browser (specbind)", "Browser (specbind)", "{9D66CC55-71F4-49EC-97B5-41987535541A}"
EndProject
Global
	GlobalSection(SolutionConfigurationPlatforms) = preSolution
		Android4.4|Any CPU = Android4.4|Any CPU
		Android5.0|Any CPU = Android5.0|Any CPU
		Chrome|Any CPU = Chrome|Any CPU
		Debug|Any CPU = Debug|Any CPU
		Demo|Any CPU = Demo|Any CPU
		Edge|Any CPU = Edge|Any CPU
		Firefox|Any CPU = Firefox|Any CPU
		IE10|Any CPU = IE10|Any CPU
		IE11|Any CPU = IE11|Any CPU
		IE8|Any CPU = IE8|Any CPU
		IE9|Any CPU = IE9|Any CPU
		iOS7.0|Any CPU = iOS7.0|Any CPU
		iOS7|Any CPU = iOS7|Any CPU
		iOS8.3|Any CPU = iOS8.3|Any CPU
		iOS9.1|Any CPU = iOS9.1|Any CPU
		MacChrome|Any CPU = MacChrome|Any CPU
		MacFirefox|Any CPU = MacFirefox|Any CPU
		OSXChrome|Any CPU = OSXChrome|Any CPU
		OSXFirefox|Any CPU = OSXFirefox|Any CPU
		OSXSafari8|Any CPU = OSXSafari8|Any CPU
		OSXSafari9|Any CPU = OSXSafari9|Any CPU
		PreProd|Any CPU = PreProd|Any CPU
		Prod|Any CPU = Prod|Any CPU
		Release|Any CPU = Release|Any CPU
		Systest|Any CPU = Systest|Any CPU
		WinChrome|Any CPU = WinChrome|Any CPU
		WinFirefox|Any CPU = WinFirefox|Any CPU
	EndGlobalSection
	GlobalSection(ProjectConfigurationPlatforms) = postSolution
		{ABB81253-D2AE-4089-AD6E-AB91B7A5A929}.Android4.4|Any CPU.ActiveCfg = Release|Any CPU
		{ABB81253-D2AE-4089-AD6E-AB91B7A5A929}.Android4.4|Any CPU.Build.0 = Release|Any CPU
		{ABB81253-D2AE-4089-AD6E-AB91B7A5A929}.Android5.0|Any CPU.ActiveCfg = Release|Any CPU
		{ABB81253-D2AE-4089-AD6E-AB91B7A5A929}.Android5.0|Any CPU.Build.0 = Release|Any CPU
		{ABB81253-D2AE-4089-AD6E-AB91B7A5A929}.Chrome|Any CPU.ActiveCfg = Release|Any CPU
		{ABB81253-D2AE-4089-AD6E-AB91B7A5A929}.Chrome|Any CPU.Build.0 = Release|Any CPU
		{ABB81253-D2AE-4089-AD6E-AB91B7A5A929}.Debug|Any CPU.ActiveCfg = Debug|Any CPU
		{ABB81253-D2AE-4089-AD6E-AB91B7A5A929}.Debug|Any CPU.Build.0 = Debug|Any CPU
		{ABB81253-D2AE-4089-AD6E-AB91B7A5A929}.Demo|Any CPU.ActiveCfg = Debug|Any CPU
		{ABB81253-D2AE-4089-AD6E-AB91B7A5A929}.Demo|Any CPU.Build.0 = Debug|Any CPU
		{ABB81253-D2AE-4089-AD6E-AB91B7A5A929}.Edge|Any CPU.ActiveCfg = Release|Any CPU
		{ABB81253-D2AE-4089-AD6E-AB91B7A5A929}.Edge|Any CPU.Build.0 = Release|Any CPU
		{ABB81253-D2AE-4089-AD6E-AB91B7A5A929}.Firefox|Any CPU.ActiveCfg = Release|Any CPU
		{ABB81253-D2AE-4089-AD6E-AB91B7A5A929}.Firefox|Any CPU.Build.0 = Release|Any CPU
		{ABB81253-D2AE-4089-AD6E-AB91B7A5A929}.IE10|Any CPU.ActiveCfg = Release|Any CPU
		{ABB81253-D2AE-4089-AD6E-AB91B7A5A929}.IE10|Any CPU.Build.0 = Release|Any CPU
		{ABB81253-D2AE-4089-AD6E-AB91B7A5A929}.IE11|Any CPU.ActiveCfg = Release|Any CPU
		{ABB81253-D2AE-4089-AD6E-AB91B7A5A929}.IE11|Any CPU.Build.0 = Release|Any CPU
		{ABB81253-D2AE-4089-AD6E-AB91B7A5A929}.IE8|Any CPU.ActiveCfg = Debug|Any CPU
		{ABB81253-D2AE-4089-AD6E-AB91B7A5A929}.IE8|Any CPU.Build.0 = Debug|Any CPU
		{ABB81253-D2AE-4089-AD6E-AB91B7A5A929}.IE9|Any CPU.ActiveCfg = Release|Any CPU
		{ABB81253-D2AE-4089-AD6E-AB91B7A5A929}.IE9|Any CPU.Build.0 = Release|Any CPU
		{ABB81253-D2AE-4089-AD6E-AB91B7A5A929}.iOS7.0|Any CPU.ActiveCfg = Debug|Any CPU
		{ABB81253-D2AE-4089-AD6E-AB91B7A5A929}.iOS7.0|Any CPU.Build.0 = Debug|Any CPU
		{ABB81253-D2AE-4089-AD6E-AB91B7A5A929}.iOS7|Any CPU.ActiveCfg = Release|Any CPU
		{ABB81253-D2AE-4089-AD6E-AB91B7A5A929}.iOS7|Any CPU.Build.0 = Release|Any CPU
		{ABB81253-D2AE-4089-AD6E-AB91B7A5A929}.iOS8.3|Any CPU.ActiveCfg = Release|Any CPU
		{ABB81253-D2AE-4089-AD6E-AB91B7A5A929}.iOS8.3|Any CPU.Build.0 = Release|Any CPU
		{ABB81253-D2AE-4089-AD6E-AB91B7A5A929}.iOS9.1|Any CPU.ActiveCfg = Release|Any CPU
		{ABB81253-D2AE-4089-AD6E-AB91B7A5A929}.iOS9.1|Any CPU.Build.0 = Release|Any CPU
		{ABB81253-D2AE-4089-AD6E-AB91B7A5A929}.MacChrome|Any CPU.ActiveCfg = Release|Any CPU
		{ABB81253-D2AE-4089-AD6E-AB91B7A5A929}.MacChrome|Any CPU.Build.0 = Release|Any CPU
		{ABB81253-D2AE-4089-AD6E-AB91B7A5A929}.MacFirefox|Any CPU.ActiveCfg = Release|Any CPU
		{ABB81253-D2AE-4089-AD6E-AB91B7A5A929}.MacFirefox|Any CPU.Build.0 = Release|Any CPU
		{ABB81253-D2AE-4089-AD6E-AB91B7A5A929}.OSXChrome|Any CPU.ActiveCfg = Debug|Any CPU
		{ABB81253-D2AE-4089-AD6E-AB91B7A5A929}.OSXChrome|Any CPU.Build.0 = Debug|Any CPU
		{ABB81253-D2AE-4089-AD6E-AB91B7A5A929}.OSXFirefox|Any CPU.ActiveCfg = Debug|Any CPU
		{ABB81253-D2AE-4089-AD6E-AB91B7A5A929}.OSXFirefox|Any CPU.Build.0 = Debug|Any CPU
		{ABB81253-D2AE-4089-AD6E-AB91B7A5A929}.OSXSafari8|Any CPU.ActiveCfg = Release|Any CPU
		{ABB81253-D2AE-4089-AD6E-AB91B7A5A929}.OSXSafari8|Any CPU.Build.0 = Release|Any CPU
		{ABB81253-D2AE-4089-AD6E-AB91B7A5A929}.OSXSafari9|Any CPU.ActiveCfg = Release|Any CPU
		{ABB81253-D2AE-4089-AD6E-AB91B7A5A929}.OSXSafari9|Any CPU.Build.0 = Release|Any CPU
		{ABB81253-D2AE-4089-AD6E-AB91B7A5A929}.PreProd|Any CPU.ActiveCfg = Release|Any CPU
		{ABB81253-D2AE-4089-AD6E-AB91B7A5A929}.PreProd|Any CPU.Build.0 = Release|Any CPU
		{ABB81253-D2AE-4089-AD6E-AB91B7A5A929}.Prod|Any CPU.ActiveCfg = Release|Any CPU
		{ABB81253-D2AE-4089-AD6E-AB91B7A5A929}.Prod|Any CPU.Build.0 = Release|Any CPU
		{ABB81253-D2AE-4089-AD6E-AB91B7A5A929}.Release|Any CPU.ActiveCfg = Release|Any CPU
		{ABB81253-D2AE-4089-AD6E-AB91B7A5A929}.Release|Any CPU.Build.0 = Release|Any CPU
		{ABB81253-D2AE-4089-AD6E-AB91B7A5A929}.Systest|Any CPU.ActiveCfg = Release|Any CPU
		{ABB81253-D2AE-4089-AD6E-AB91B7A5A929}.Systest|Any CPU.Build.0 = Release|Any CPU
		{ABB81253-D2AE-4089-AD6E-AB91B7A5A929}.WinChrome|Any CPU.ActiveCfg = Debug|Any CPU
		{ABB81253-D2AE-4089-AD6E-AB91B7A5A929}.WinChrome|Any CPU.Build.0 = Debug|Any CPU
		{ABB81253-D2AE-4089-AD6E-AB91B7A5A929}.WinFirefox|Any CPU.ActiveCfg = Debug|Any CPU
		{ABB81253-D2AE-4089-AD6E-AB91B7A5A929}.WinFirefox|Any CPU.Build.0 = Debug|Any CPU
		{B8CD6ED6-546C-4788-A8F4-242107D9DDF3}.Android4.4|Any CPU.ActiveCfg = Android4.4|Any CPU
		{B8CD6ED6-546C-4788-A8F4-242107D9DDF3}.Android4.4|Any CPU.Build.0 = Android4.4|Any CPU
		{B8CD6ED6-546C-4788-A8F4-242107D9DDF3}.Android5.0|Any CPU.ActiveCfg = Android5.0|Any CPU
		{B8CD6ED6-546C-4788-A8F4-242107D9DDF3}.Android5.0|Any CPU.Build.0 = Android5.0|Any CPU
		{B8CD6ED6-546C-4788-A8F4-242107D9DDF3}.Chrome|Any CPU.ActiveCfg = WinChrome|Any CPU
		{B8CD6ED6-546C-4788-A8F4-242107D9DDF3}.Chrome|Any CPU.Build.0 = WinChrome|Any CPU
		{B8CD6ED6-546C-4788-A8F4-242107D9DDF3}.Debug|Any CPU.ActiveCfg = Debug|Any CPU
		{B8CD6ED6-546C-4788-A8F4-242107D9DDF3}.Debug|Any CPU.Build.0 = Debug|Any CPU
		{B8CD6ED6-546C-4788-A8F4-242107D9DDF3}.Demo|Any CPU.ActiveCfg = Debug|Any CPU
		{B8CD6ED6-546C-4788-A8F4-242107D9DDF3}.Demo|Any CPU.Build.0 = Debug|Any CPU
		{B8CD6ED6-546C-4788-A8F4-242107D9DDF3}.Edge|Any CPU.ActiveCfg = Edge|Any CPU
		{B8CD6ED6-546C-4788-A8F4-242107D9DDF3}.Edge|Any CPU.Build.0 = Edge|Any CPU
		{B8CD6ED6-546C-4788-A8F4-242107D9DDF3}.Firefox|Any CPU.ActiveCfg = WinFirefox|Any CPU
		{B8CD6ED6-546C-4788-A8F4-242107D9DDF3}.Firefox|Any CPU.Build.0 = WinFirefox|Any CPU
		{B8CD6ED6-546C-4788-A8F4-242107D9DDF3}.IE10|Any CPU.ActiveCfg = IE10|Any CPU
		{B8CD6ED6-546C-4788-A8F4-242107D9DDF3}.IE10|Any CPU.Build.0 = IE10|Any CPU
		{B8CD6ED6-546C-4788-A8F4-242107D9DDF3}.IE11|Any CPU.ActiveCfg = IE11|Any CPU
		{B8CD6ED6-546C-4788-A8F4-242107D9DDF3}.IE11|Any CPU.Build.0 = IE11|Any CPU
		{B8CD6ED6-546C-4788-A8F4-242107D9DDF3}.IE8|Any CPU.ActiveCfg = IE8|Any CPU
		{B8CD6ED6-546C-4788-A8F4-242107D9DDF3}.IE8|Any CPU.Build.0 = IE8|Any CPU
		{B8CD6ED6-546C-4788-A8F4-242107D9DDF3}.IE9|Any CPU.ActiveCfg = IE9|Any CPU
		{B8CD6ED6-546C-4788-A8F4-242107D9DDF3}.IE9|Any CPU.Build.0 = IE9|Any CPU
		{B8CD6ED6-546C-4788-A8F4-242107D9DDF3}.iOS7.0|Any CPU.ActiveCfg = iOS7.0|Any CPU
		{B8CD6ED6-546C-4788-A8F4-242107D9DDF3}.iOS7.0|Any CPU.Build.0 = iOS7.0|Any CPU
		{B8CD6ED6-546C-4788-A8F4-242107D9DDF3}.iOS7|Any CPU.ActiveCfg = iOS7.0|Any CPU
		{B8CD6ED6-546C-4788-A8F4-242107D9DDF3}.iOS7|Any CPU.Build.0 = iOS7.0|Any CPU
		{B8CD6ED6-546C-4788-A8F4-242107D9DDF3}.iOS8.3|Any CPU.ActiveCfg = iOS8.3|Any CPU
		{B8CD6ED6-546C-4788-A8F4-242107D9DDF3}.iOS8.3|Any CPU.Build.0 = iOS8.3|Any CPU
		{B8CD6ED6-546C-4788-A8F4-242107D9DDF3}.iOS9.1|Any CPU.ActiveCfg = iOS9.1|Any CPU
		{B8CD6ED6-546C-4788-A8F4-242107D9DDF3}.iOS9.1|Any CPU.Build.0 = iOS9.1|Any CPU
		{B8CD6ED6-546C-4788-A8F4-242107D9DDF3}.MacChrome|Any CPU.ActiveCfg = OSXChrome|Any CPU
		{B8CD6ED6-546C-4788-A8F4-242107D9DDF3}.MacChrome|Any CPU.Build.0 = OSXChrome|Any CPU
		{B8CD6ED6-546C-4788-A8F4-242107D9DDF3}.MacFirefox|Any CPU.ActiveCfg = OSXFirefox|Any CPU
		{B8CD6ED6-546C-4788-A8F4-242107D9DDF3}.MacFirefox|Any CPU.Build.0 = OSXFirefox|Any CPU
		{B8CD6ED6-546C-4788-A8F4-242107D9DDF3}.OSXChrome|Any CPU.ActiveCfg = OSXChrome|Any CPU
		{B8CD6ED6-546C-4788-A8F4-242107D9DDF3}.OSXChrome|Any CPU.Build.0 = OSXChrome|Any CPU
		{B8CD6ED6-546C-4788-A8F4-242107D9DDF3}.OSXFirefox|Any CPU.ActiveCfg = OSXFirefox|Any CPU
		{B8CD6ED6-546C-4788-A8F4-242107D9DDF3}.OSXFirefox|Any CPU.Build.0 = OSXFirefox|Any CPU
		{B8CD6ED6-546C-4788-A8F4-242107D9DDF3}.OSXSafari8|Any CPU.ActiveCfg = OSXSafari8|Any CPU
		{B8CD6ED6-546C-4788-A8F4-242107D9DDF3}.OSXSafari8|Any CPU.Build.0 = OSXSafari8|Any CPU
		{B8CD6ED6-546C-4788-A8F4-242107D9DDF3}.OSXSafari9|Any CPU.ActiveCfg = OSXSafari9|Any CPU
		{B8CD6ED6-546C-4788-A8F4-242107D9DDF3}.OSXSafari9|Any CPU.Build.0 = OSXSafari9|Any CPU
		{B8CD6ED6-546C-4788-A8F4-242107D9DDF3}.PreProd|Any CPU.ActiveCfg = PreProd|Any CPU
		{B8CD6ED6-546C-4788-A8F4-242107D9DDF3}.PreProd|Any CPU.Build.0 = PreProd|Any CPU
		{B8CD6ED6-546C-4788-A8F4-242107D9DDF3}.Prod|Any CPU.ActiveCfg = Release|Any CPU
		{B8CD6ED6-546C-4788-A8F4-242107D9DDF3}.Prod|Any CPU.Build.0 = Release|Any CPU
		{B8CD6ED6-546C-4788-A8F4-242107D9DDF3}.Release|Any CPU.ActiveCfg = Release|Any CPU
		{B8CD6ED6-546C-4788-A8F4-242107D9DDF3}.Release|Any CPU.Build.0 = Release|Any CPU
		{B8CD6ED6-546C-4788-A8F4-242107D9DDF3}.Systest|Any CPU.ActiveCfg = Release|Any CPU
		{B8CD6ED6-546C-4788-A8F4-242107D9DDF3}.Systest|Any CPU.Build.0 = Release|Any CPU
		{B8CD6ED6-546C-4788-A8F4-242107D9DDF3}.WinChrome|Any CPU.ActiveCfg = WinChrome|Any CPU
		{B8CD6ED6-546C-4788-A8F4-242107D9DDF3}.WinChrome|Any CPU.Build.0 = WinChrome|Any CPU
		{B8CD6ED6-546C-4788-A8F4-242107D9DDF3}.WinFirefox|Any CPU.ActiveCfg = WinFirefox|Any CPU
		{B8CD6ED6-546C-4788-A8F4-242107D9DDF3}.WinFirefox|Any CPU.Build.0 = WinFirefox|Any CPU
		{2D50186E-54B7-4721-8AC1-73CDCF4D473E}.Android4.4|Any CPU.ActiveCfg = Release|Any CPU
		{2D50186E-54B7-4721-8AC1-73CDCF4D473E}.Android4.4|Any CPU.Build.0 = Release|Any CPU
		{2D50186E-54B7-4721-8AC1-73CDCF4D473E}.Android5.0|Any CPU.ActiveCfg = Release|Any CPU
		{2D50186E-54B7-4721-8AC1-73CDCF4D473E}.Android5.0|Any CPU.Build.0 = Release|Any CPU
		{2D50186E-54B7-4721-8AC1-73CDCF4D473E}.Chrome|Any CPU.ActiveCfg = Release|Any CPU
		{2D50186E-54B7-4721-8AC1-73CDCF4D473E}.Chrome|Any CPU.Build.0 = Release|Any CPU
		{2D50186E-54B7-4721-8AC1-73CDCF4D473E}.Debug|Any CPU.ActiveCfg = Debug|Any CPU
		{2D50186E-54B7-4721-8AC1-73CDCF4D473E}.Debug|Any CPU.Build.0 = Debug|Any CPU
		{2D50186E-54B7-4721-8AC1-73CDCF4D473E}.Demo|Any CPU.ActiveCfg = Debug|Any CPU
		{2D50186E-54B7-4721-8AC1-73CDCF4D473E}.Demo|Any CPU.Build.0 = Debug|Any CPU
		{2D50186E-54B7-4721-8AC1-73CDCF4D473E}.Edge|Any CPU.ActiveCfg = Release|Any CPU
		{2D50186E-54B7-4721-8AC1-73CDCF4D473E}.Edge|Any CPU.Build.0 = Release|Any CPU
		{2D50186E-54B7-4721-8AC1-73CDCF4D473E}.Firefox|Any CPU.ActiveCfg = Release|Any CPU
		{2D50186E-54B7-4721-8AC1-73CDCF4D473E}.Firefox|Any CPU.Build.0 = Release|Any CPU
		{2D50186E-54B7-4721-8AC1-73CDCF4D473E}.IE10|Any CPU.ActiveCfg = Release|Any CPU
		{2D50186E-54B7-4721-8AC1-73CDCF4D473E}.IE10|Any CPU.Build.0 = Release|Any CPU
		{2D50186E-54B7-4721-8AC1-73CDCF4D473E}.IE11|Any CPU.ActiveCfg = Release|Any CPU
		{2D50186E-54B7-4721-8AC1-73CDCF4D473E}.IE11|Any CPU.Build.0 = Release|Any CPU
		{2D50186E-54B7-4721-8AC1-73CDCF4D473E}.IE8|Any CPU.ActiveCfg = Debug|Any CPU
		{2D50186E-54B7-4721-8AC1-73CDCF4D473E}.IE8|Any CPU.Build.0 = Debug|Any CPU
		{2D50186E-54B7-4721-8AC1-73CDCF4D473E}.IE9|Any CPU.ActiveCfg = Release|Any CPU
		{2D50186E-54B7-4721-8AC1-73CDCF4D473E}.IE9|Any CPU.Build.0 = Release|Any CPU
		{2D50186E-54B7-4721-8AC1-73CDCF4D473E}.iOS7.0|Any CPU.ActiveCfg = Debug|Any CPU
		{2D50186E-54B7-4721-8AC1-73CDCF4D473E}.iOS7.0|Any CPU.Build.0 = Debug|Any CPU
		{2D50186E-54B7-4721-8AC1-73CDCF4D473E}.iOS7|Any CPU.ActiveCfg = Release|Any CPU
		{2D50186E-54B7-4721-8AC1-73CDCF4D473E}.iOS7|Any CPU.Build.0 = Release|Any CPU
		{2D50186E-54B7-4721-8AC1-73CDCF4D473E}.iOS8.3|Any CPU.ActiveCfg = Release|Any CPU
		{2D50186E-54B7-4721-8AC1-73CDCF4D473E}.iOS8.3|Any CPU.Build.0 = Release|Any CPU
		{2D50186E-54B7-4721-8AC1-73CDCF4D473E}.iOS9.1|Any CPU.ActiveCfg = Release|Any CPU
		{2D50186E-54B7-4721-8AC1-73CDCF4D473E}.iOS9.1|Any CPU.Build.0 = Release|Any CPU
		{2D50186E-54B7-4721-8AC1-73CDCF4D473E}.MacChrome|Any CPU.ActiveCfg = Release|Any CPU
		{2D50186E-54B7-4721-8AC1-73CDCF4D473E}.MacChrome|Any CPU.Build.0 = Release|Any CPU
		{2D50186E-54B7-4721-8AC1-73CDCF4D473E}.MacFirefox|Any CPU.ActiveCfg = Release|Any CPU
		{2D50186E-54B7-4721-8AC1-73CDCF4D473E}.MacFirefox|Any CPU.Build.0 = Release|Any CPU
		{2D50186E-54B7-4721-8AC1-73CDCF4D473E}.OSXChrome|Any CPU.ActiveCfg = Debug|Any CPU
		{2D50186E-54B7-4721-8AC1-73CDCF4D473E}.OSXChrome|Any CPU.Build.0 = Debug|Any CPU
		{2D50186E-54B7-4721-8AC1-73CDCF4D473E}.OSXFirefox|Any CPU.ActiveCfg = Debug|Any CPU
		{2D50186E-54B7-4721-8AC1-73CDCF4D473E}.OSXFirefox|Any CPU.Build.0 = Debug|Any CPU
		{2D50186E-54B7-4721-8AC1-73CDCF4D473E}.OSXSafari8|Any CPU.ActiveCfg = Release|Any CPU
		{2D50186E-54B7-4721-8AC1-73CDCF4D473E}.OSXSafari8|Any CPU.Build.0 = Release|Any CPU
		{2D50186E-54B7-4721-8AC1-73CDCF4D473E}.OSXSafari9|Any CPU.ActiveCfg = Release|Any CPU
		{2D50186E-54B7-4721-8AC1-73CDCF4D473E}.OSXSafari9|Any CPU.Build.0 = Release|Any CPU
		{2D50186E-54B7-4721-8AC1-73CDCF4D473E}.PreProd|Any CPU.ActiveCfg = Release|Any CPU
		{2D50186E-54B7-4721-8AC1-73CDCF4D473E}.PreProd|Any CPU.Build.0 = Release|Any CPU
		{2D50186E-54B7-4721-8AC1-73CDCF4D473E}.Prod|Any CPU.ActiveCfg = Release|Any CPU
		{2D50186E-54B7-4721-8AC1-73CDCF4D473E}.Prod|Any CPU.Build.0 = Release|Any CPU
		{2D50186E-54B7-4721-8AC1-73CDCF4D473E}.Release|Any CPU.ActiveCfg = Release|Any CPU
		{2D50186E-54B7-4721-8AC1-73CDCF4D473E}.Release|Any CPU.Build.0 = Release|Any CPU
		{2D50186E-54B7-4721-8AC1-73CDCF4D473E}.Systest|Any CPU.ActiveCfg = Release|Any CPU
		{2D50186E-54B7-4721-8AC1-73CDCF4D473E}.Systest|Any CPU.Build.0 = Release|Any CPU
		{2D50186E-54B7-4721-8AC1-73CDCF4D473E}.WinChrome|Any CPU.ActiveCfg = Debug|Any CPU
		{2D50186E-54B7-4721-8AC1-73CDCF4D473E}.WinChrome|Any CPU.Build.0 = Debug|Any CPU
		{2D50186E-54B7-4721-8AC1-73CDCF4D473E}.WinFirefox|Any CPU.ActiveCfg = Debug|Any CPU
		{2D50186E-54B7-4721-8AC1-73CDCF4D473E}.WinFirefox|Any CPU.Build.0 = Debug|Any CPU
		{58120EFC-BE49-4DC2-A375-C0784430190A}.Android4.4|Any CPU.ActiveCfg = Release|Any CPU
		{58120EFC-BE49-4DC2-A375-C0784430190A}.Android4.4|Any CPU.Build.0 = Release|Any CPU
		{58120EFC-BE49-4DC2-A375-C0784430190A}.Android5.0|Any CPU.ActiveCfg = Release|Any CPU
		{58120EFC-BE49-4DC2-A375-C0784430190A}.Android5.0|Any CPU.Build.0 = Release|Any CPU
		{58120EFC-BE49-4DC2-A375-C0784430190A}.Chrome|Any CPU.ActiveCfg = Release|Any CPU
		{58120EFC-BE49-4DC2-A375-C0784430190A}.Chrome|Any CPU.Build.0 = Release|Any CPU
		{58120EFC-BE49-4DC2-A375-C0784430190A}.Debug|Any CPU.ActiveCfg = Debug|Any CPU
		{58120EFC-BE49-4DC2-A375-C0784430190A}.Debug|Any CPU.Build.0 = Debug|Any CPU
		{58120EFC-BE49-4DC2-A375-C0784430190A}.Demo|Any CPU.ActiveCfg = Debug|Any CPU
		{58120EFC-BE49-4DC2-A375-C0784430190A}.Demo|Any CPU.Build.0 = Debug|Any CPU
		{58120EFC-BE49-4DC2-A375-C0784430190A}.Edge|Any CPU.ActiveCfg = Release|Any CPU
		{58120EFC-BE49-4DC2-A375-C0784430190A}.Edge|Any CPU.Build.0 = Release|Any CPU
		{58120EFC-BE49-4DC2-A375-C0784430190A}.Firefox|Any CPU.ActiveCfg = Release|Any CPU
		{58120EFC-BE49-4DC2-A375-C0784430190A}.Firefox|Any CPU.Build.0 = Release|Any CPU
		{58120EFC-BE49-4DC2-A375-C0784430190A}.IE10|Any CPU.ActiveCfg = Release|Any CPU
		{58120EFC-BE49-4DC2-A375-C0784430190A}.IE10|Any CPU.Build.0 = Release|Any CPU
		{58120EFC-BE49-4DC2-A375-C0784430190A}.IE11|Any CPU.ActiveCfg = Release|Any CPU
		{58120EFC-BE49-4DC2-A375-C0784430190A}.IE11|Any CPU.Build.0 = Release|Any CPU
		{58120EFC-BE49-4DC2-A375-C0784430190A}.IE8|Any CPU.ActiveCfg = Debug|Any CPU
		{58120EFC-BE49-4DC2-A375-C0784430190A}.IE8|Any CPU.Build.0 = Debug|Any CPU
		{58120EFC-BE49-4DC2-A375-C0784430190A}.IE9|Any CPU.ActiveCfg = Release|Any CPU
		{58120EFC-BE49-4DC2-A375-C0784430190A}.IE9|Any CPU.Build.0 = Release|Any CPU
		{58120EFC-BE49-4DC2-A375-C0784430190A}.iOS7.0|Any CPU.ActiveCfg = Debug|Any CPU
		{58120EFC-BE49-4DC2-A375-C0784430190A}.iOS7.0|Any CPU.Build.0 = Debug|Any CPU
		{58120EFC-BE49-4DC2-A375-C0784430190A}.iOS7|Any CPU.ActiveCfg = Release|Any CPU
		{58120EFC-BE49-4DC2-A375-C0784430190A}.iOS7|Any CPU.Build.0 = Release|Any CPU
		{58120EFC-BE49-4DC2-A375-C0784430190A}.iOS8.3|Any CPU.ActiveCfg = Release|Any CPU
		{58120EFC-BE49-4DC2-A375-C0784430190A}.iOS8.3|Any CPU.Build.0 = Release|Any CPU
		{58120EFC-BE49-4DC2-A375-C0784430190A}.iOS9.1|Any CPU.ActiveCfg = Release|Any CPU
		{58120EFC-BE49-4DC2-A375-C0784430190A}.iOS9.1|Any CPU.Build.0 = Release|Any CPU
		{58120EFC-BE49-4DC2-A375-C0784430190A}.MacChrome|Any CPU.ActiveCfg = Release|Any CPU
		{58120EFC-BE49-4DC2-A375-C0784430190A}.MacChrome|Any CPU.Build.0 = Release|Any CPU
		{58120EFC-BE49-4DC2-A375-C0784430190A}.MacFirefox|Any CPU.ActiveCfg = Release|Any CPU
		{58120EFC-BE49-4DC2-A375-C0784430190A}.MacFirefox|Any CPU.Build.0 = Release|Any CPU
		{58120EFC-BE49-4DC2-A375-C0784430190A}.OSXChrome|Any CPU.ActiveCfg = Debug|Any CPU
		{58120EFC-BE49-4DC2-A375-C0784430190A}.OSXChrome|Any CPU.Build.0 = Debug|Any CPU
		{58120EFC-BE49-4DC2-A375-C0784430190A}.OSXFirefox|Any CPU.ActiveCfg = Debug|Any CPU
		{58120EFC-BE49-4DC2-A375-C0784430190A}.OSXFirefox|Any CPU.Build.0 = Debug|Any CPU
		{58120EFC-BE49-4DC2-A375-C0784430190A}.OSXSafari8|Any CPU.ActiveCfg = Release|Any CPU
		{58120EFC-BE49-4DC2-A375-C0784430190A}.OSXSafari8|Any CPU.Build.0 = Release|Any CPU
		{58120EFC-BE49-4DC2-A375-C0784430190A}.OSXSafari9|Any CPU.ActiveCfg = Release|Any CPU
		{58120EFC-BE49-4DC2-A375-C0784430190A}.OSXSafari9|Any CPU.Build.0 = Release|Any CPU
		{58120EFC-BE49-4DC2-A375-C0784430190A}.PreProd|Any CPU.ActiveCfg = Release|Any CPU
		{58120EFC-BE49-4DC2-A375-C0784430190A}.PreProd|Any CPU.Build.0 = Release|Any CPU
		{58120EFC-BE49-4DC2-A375-C0784430190A}.Prod|Any CPU.ActiveCfg = Release|Any CPU
		{58120EFC-BE49-4DC2-A375-C0784430190A}.Prod|Any CPU.Build.0 = Release|Any CPU
		{58120EFC-BE49-4DC2-A375-C0784430190A}.Release|Any CPU.ActiveCfg = Release|Any CPU
		{58120EFC-BE49-4DC2-A375-C0784430190A}.Release|Any CPU.Build.0 = Release|Any CPU
		{58120EFC-BE49-4DC2-A375-C0784430190A}.Systest|Any CPU.ActiveCfg = Release|Any CPU
		{58120EFC-BE49-4DC2-A375-C0784430190A}.Systest|Any CPU.Build.0 = Release|Any CPU
		{58120EFC-BE49-4DC2-A375-C0784430190A}.WinChrome|Any CPU.ActiveCfg = Debug|Any CPU
		{58120EFC-BE49-4DC2-A375-C0784430190A}.WinChrome|Any CPU.Build.0 = Debug|Any CPU
		{58120EFC-BE49-4DC2-A375-C0784430190A}.WinFirefox|Any CPU.ActiveCfg = Debug|Any CPU
		{58120EFC-BE49-4DC2-A375-C0784430190A}.WinFirefox|Any CPU.Build.0 = Debug|Any CPU
	EndGlobalSection
	GlobalSection(SolutionProperties) = preSolution
		HideSolutionNode = FALSE
	EndGlobalSection
	GlobalSection(NestedProjects) = preSolution
		{B8CD6ED6-546C-4788-A8F4-242107D9DDF3} = {9D66CC55-71F4-49EC-97B5-41987535541A}
		{2D50186E-54B7-4721-8AC1-73CDCF4D473E} = {9D66CC55-71F4-49EC-97B5-41987535541A}
		{58120EFC-BE49-4DC2-A375-C0784430190A} = {9D66CC55-71F4-49EC-97B5-41987535541A}
	EndGlobalSection
EndGlobal
