
Microsoft Visual Studio Solution File, Format Version 12.00
# Visual Studio 14
VisualStudioVersion = 14.0.24720.0
MinimumVisualStudioVersion = 10.0.40219.1
Project("{FAE04EC0-301F-11D3-BF4B-00C04F79EFBC}") = "Sfa.Eds.Das.Web.AcceptanceTests", "Sfa.Eds.Das.Web.AcceptanceTests\Sfa.Eds.Das.Web.AcceptanceTests.csproj", "{BC130919-122A-45E1-A081-13348BD37E0D}"
EndProject
Project("{FAE04EC0-301F-11D3-BF4B-00C04F79EFBC}") = "Sfa.Das.WebTest.Infrastructure", "Sfa.Das.WebTest.Infrastructure\Sfa.Das.WebTest.Infrastructure.csproj", "{A2C6F9A6-B0E7-4CFF-902C-9B0EE3B11AC1}"
EndProject
Global
	GlobalSection(SolutionConfigurationPlatforms) = preSolution
		Debug|Any CPU = Debug|Any CPU
		Demo|Any CPU = Demo|Any CPU
		PreProd|Any CPU = PreProd|Any CPU
		Prod|Any CPU = Prod|Any CPU
		Release|Any CPU = Release|Any CPU
		Systest|Any CPU = Systest|Any CPU
	EndGlobalSection
	GlobalSection(ProjectConfigurationPlatforms) = postSolution
		{BC130919-122A-45E1-A081-13348BD37E0D}.Debug|Any CPU.ActiveCfg = Debug|Any CPU
		{BC130919-122A-45E1-A081-13348BD37E0D}.Debug|Any CPU.Build.0 = Debug|Any CPU
		{BC130919-122A-45E1-A081-13348BD37E0D}.Demo|Any CPU.ActiveCfg = Demo|Any CPU
		{BC130919-122A-45E1-A081-13348BD37E0D}.Demo|Any CPU.Build.0 = Demo|Any CPU
		{BC130919-122A-45E1-A081-13348BD37E0D}.PreProd|Any CPU.ActiveCfg = PreProd|Any CPU
		{BC130919-122A-45E1-A081-13348BD37E0D}.PreProd|Any CPU.Build.0 = PreProd|Any CPU
		{BC130919-122A-45E1-A081-13348BD37E0D}.Prod|Any CPU.ActiveCfg = Prod|Any CPU
		{BC130919-122A-45E1-A081-13348BD37E0D}.Prod|Any CPU.Build.0 = Prod|Any CPU
		{BC130919-122A-45E1-A081-13348BD37E0D}.Release|Any CPU.ActiveCfg = Release|Any CPU
		{BC130919-122A-45E1-A081-13348BD37E0D}.Release|Any CPU.Build.0 = Release|Any CPU
		{BC130919-122A-45E1-A081-13348BD37E0D}.Systest|Any CPU.ActiveCfg = Systest|Any CPU
		{BC130919-122A-45E1-A081-13348BD37E0D}.Systest|Any CPU.Build.0 = Systest|Any CPU
		{A2C6F9A6-B0E7-4CFF-902C-9B0EE3B11AC1}.Debug|Any CPU.ActiveCfg = Debug|Any CPU
		{A2C6F9A6-B0E7-4CFF-902C-9B0EE3B11AC1}.Debug|Any CPU.Build.0 = Debug|Any CPU
		{A2C6F9A6-B0E7-4CFF-902C-9B0EE3B11AC1}.Demo|Any CPU.ActiveCfg = Demo|Any CPU
		{A2C6F9A6-B0E7-4CFF-902C-9B0EE3B11AC1}.Demo|Any CPU.Build.0 = Demo|Any CPU
		{A2C6F9A6-B0E7-4CFF-902C-9B0EE3B11AC1}.PreProd|Any CPU.ActiveCfg = PreProd|Any CPU
		{A2C6F9A6-B0E7-4CFF-902C-9B0EE3B11AC1}.PreProd|Any CPU.Build.0 = PreProd|Any CPU
		{A2C6F9A6-B0E7-4CFF-902C-9B0EE3B11AC1}.Prod|Any CPU.ActiveCfg = Prod|Any CPU
		{A2C6F9A6-B0E7-4CFF-902C-9B0EE3B11AC1}.Prod|Any CPU.Build.0 = Prod|Any CPU
		{A2C6F9A6-B0E7-4CFF-902C-9B0EE3B11AC1}.Release|Any CPU.ActiveCfg = Release|Any CPU
		{A2C6F9A6-B0E7-4CFF-902C-9B0EE3B11AC1}.Release|Any CPU.Build.0 = Release|Any CPU
		{A2C6F9A6-B0E7-4CFF-902C-9B0EE3B11AC1}.Systest|Any CPU.ActiveCfg = Systest|Any CPU
		{A2C6F9A6-B0E7-4CFF-902C-9B0EE3B11AC1}.Systest|Any CPU.Build.0 = Systest|Any CPU
	EndGlobalSection
	GlobalSection(SolutionProperties) = preSolution
		HideSolutionNode = FALSE
	EndGlobalSection
EndGlobal
