
Microsoft Visual Studio Solution File, Format Version 12.00
# Visual Studio 14
VisualStudioVersion = 14.0.25123.0
MinimumVisualStudioVersion = 10.0.40219.1
Project("{FAE04EC0-301F-11D3-BF4B-00C04F79EFBC}") = "Sfa.Das.WebTest.AcceptanceTests", "Sfa.Das.WebTest.AcceptanceTests\Sfa.Das.WebTest.AcceptanceTests.csproj", "{BC130919-122A-45E1-A081-13348BD37E0D}"
EndProject
Project("{FAE04EC0-301F-11D3-BF4B-00C04F79EFBC}") = "Sfa.Das.WebTest.Infrastructure", "Sfa.Das.WebTest.Infrastructure\Sfa.Das.WebTest.Infrastructure.csproj", "{A2C6F9A6-B0E7-4CFF-902C-9B0EE3B11AC1}"
EndProject
Project("{FAE04EC0-301F-11D3-BF4B-00C04F79EFBC}") = "Sfa.Das.WebTest.LoadTests", "Sfa.Das.WebTest.LoadTests\Sfa.Das.WebTest.LoadTests.csproj", "{ABB81253-D2AE-4089-AD6E-AB91B7A5A929}"
EndProject
Project("{FAE04EC0-301F-11D3-BF4B-00C04F79EFBC}") = "Sfa.Das.WebTest.E2E", "Sfa.Das.WebTest.E2E\Sfa.Das.WebTest.E2E.csproj", "{749977EA-1B1C-4FCF-A8E8-22BF73445742}"
EndProject
Project("{FAE04EC0-301F-11D3-BF4B-00C04F79EFBC}") = "Sfa.Das.WebTest.Pages", "Sfa.Das.WebTest.Pages\Sfa.Das.WebTest.Pages.csproj", "{B6D9B569-6B18-438E-B479-99EEEEB75B28}"
EndProject
Project("{2150E333-8FDC-42A3-9474-1A3956D46DE8}") = "Legacy", "Legacy", "{5BFE6E0E-0388-40F0-8A3C-4E94D4B725A7}"
EndProject
Project("{2150E333-8FDC-42A3-9474-1A3956D46DE8}") = "Solution Items", "Solution Items", "{BBE2D1C7-AB4A-4DC0-A2A4-215AB41E694C}"
	ProjectSection(SolutionItems) = preProject
		das-search.testsettings = das-search.testsettings
	EndProjectSection
EndProject
Global
	GlobalSection(SolutionConfigurationPlatforms) = preSolution
		Android 4.4|Any CPU = Android 4.4|Any CPU
		Android 5.0|Any CPU = Android 5.0|Any CPU
		Chrome|Any CPU = Chrome|Any CPU
		Debug|Any CPU = Debug|Any CPU
		Demo|Any CPU = Demo|Any CPU
		Firefox|Any CPU = Firefox|Any CPU
		IE10|Any CPU = IE10|Any CPU
		IE11|Any CPU = IE11|Any CPU
		IE9|Any CPU = IE9|Any CPU
		iOS 9.1|Any CPU = iOS 9.1|Any CPU
		iOS7|Any CPU = iOS7|Any CPU
		iOS8.3|Any CPU = iOS8.3|Any CPU
		MacChrome|Any CPU = MacChrome|Any CPU
		MacFirefox|Any CPU = MacFirefox|Any CPU
		PreProd|Any CPU = PreProd|Any CPU
		Prod|Any CPU = Prod|Any CPU
		Release|Any CPU = Release|Any CPU
		Safari8|Any CPU = Safari8|Any CPU
		Safari9|Any CPU = Safari9|Any CPU
		Systest|Any CPU = Systest|Any CPU
	EndGlobalSection
	GlobalSection(ProjectConfigurationPlatforms) = postSolution
		{BC130919-122A-45E1-A081-13348BD37E0D}.Android 4.4|Any CPU.ActiveCfg = Release|Any CPU
		{BC130919-122A-45E1-A081-13348BD37E0D}.Android 4.4|Any CPU.Build.0 = Release|Any CPU
		{BC130919-122A-45E1-A081-13348BD37E0D}.Android 5.0|Any CPU.ActiveCfg = Release|Any CPU
		{BC130919-122A-45E1-A081-13348BD37E0D}.Android 5.0|Any CPU.Build.0 = Release|Any CPU
		{BC130919-122A-45E1-A081-13348BD37E0D}.Chrome|Any CPU.ActiveCfg = Release|Any CPU
		{BC130919-122A-45E1-A081-13348BD37E0D}.Chrome|Any CPU.Build.0 = Release|Any CPU
		{BC130919-122A-45E1-A081-13348BD37E0D}.Debug|Any CPU.ActiveCfg = Debug|Any CPU
		{BC130919-122A-45E1-A081-13348BD37E0D}.Debug|Any CPU.Build.0 = Debug|Any CPU
		{BC130919-122A-45E1-A081-13348BD37E0D}.Demo|Any CPU.ActiveCfg = Debug|Any CPU
		{BC130919-122A-45E1-A081-13348BD37E0D}.Demo|Any CPU.Build.0 = Debug|Any CPU
		{BC130919-122A-45E1-A081-13348BD37E0D}.Firefox|Any CPU.ActiveCfg = Release|Any CPU
		{BC130919-122A-45E1-A081-13348BD37E0D}.Firefox|Any CPU.Build.0 = Release|Any CPU
		{BC130919-122A-45E1-A081-13348BD37E0D}.IE10|Any CPU.ActiveCfg = Release|Any CPU
		{BC130919-122A-45E1-A081-13348BD37E0D}.IE10|Any CPU.Build.0 = Release|Any CPU
		{BC130919-122A-45E1-A081-13348BD37E0D}.IE11|Any CPU.ActiveCfg = Release|Any CPU
		{BC130919-122A-45E1-A081-13348BD37E0D}.IE11|Any CPU.Build.0 = Release|Any CPU
		{BC130919-122A-45E1-A081-13348BD37E0D}.IE9|Any CPU.ActiveCfg = Release|Any CPU
		{BC130919-122A-45E1-A081-13348BD37E0D}.IE9|Any CPU.Build.0 = Release|Any CPU
		{BC130919-122A-45E1-A081-13348BD37E0D}.iOS 9.1|Any CPU.ActiveCfg = Release|Any CPU
		{BC130919-122A-45E1-A081-13348BD37E0D}.iOS 9.1|Any CPU.Build.0 = Release|Any CPU
		{BC130919-122A-45E1-A081-13348BD37E0D}.iOS7|Any CPU.ActiveCfg = Release|Any CPU
		{BC130919-122A-45E1-A081-13348BD37E0D}.iOS7|Any CPU.Build.0 = Release|Any CPU
		{BC130919-122A-45E1-A081-13348BD37E0D}.iOS8.3|Any CPU.ActiveCfg = Release|Any CPU
		{BC130919-122A-45E1-A081-13348BD37E0D}.iOS8.3|Any CPU.Build.0 = Release|Any CPU
		{BC130919-122A-45E1-A081-13348BD37E0D}.MacChrome|Any CPU.ActiveCfg = Release|Any CPU
		{BC130919-122A-45E1-A081-13348BD37E0D}.MacChrome|Any CPU.Build.0 = Release|Any CPU
		{BC130919-122A-45E1-A081-13348BD37E0D}.MacFirefox|Any CPU.ActiveCfg = Release|Any CPU
		{BC130919-122A-45E1-A081-13348BD37E0D}.MacFirefox|Any CPU.Build.0 = Release|Any CPU
		{BC130919-122A-45E1-A081-13348BD37E0D}.PreProd|Any CPU.ActiveCfg = Release|Any CPU
		{BC130919-122A-45E1-A081-13348BD37E0D}.PreProd|Any CPU.Build.0 = Release|Any CPU
		{BC130919-122A-45E1-A081-13348BD37E0D}.Prod|Any CPU.ActiveCfg = Release|Any CPU
		{BC130919-122A-45E1-A081-13348BD37E0D}.Prod|Any CPU.Build.0 = Release|Any CPU
		{BC130919-122A-45E1-A081-13348BD37E0D}.Release|Any CPU.ActiveCfg = Release|Any CPU
		{BC130919-122A-45E1-A081-13348BD37E0D}.Release|Any CPU.Build.0 = Release|Any CPU
		{BC130919-122A-45E1-A081-13348BD37E0D}.Safari8|Any CPU.ActiveCfg = Release|Any CPU
		{BC130919-122A-45E1-A081-13348BD37E0D}.Safari8|Any CPU.Build.0 = Release|Any CPU
		{BC130919-122A-45E1-A081-13348BD37E0D}.Safari9|Any CPU.ActiveCfg = Release|Any CPU
		{BC130919-122A-45E1-A081-13348BD37E0D}.Safari9|Any CPU.Build.0 = Release|Any CPU
		{BC130919-122A-45E1-A081-13348BD37E0D}.Systest|Any CPU.ActiveCfg = Release|Any CPU
		{BC130919-122A-45E1-A081-13348BD37E0D}.Systest|Any CPU.Build.0 = Release|Any CPU
		{A2C6F9A6-B0E7-4CFF-902C-9B0EE3B11AC1}.Android 4.4|Any CPU.ActiveCfg = Release|Any CPU
		{A2C6F9A6-B0E7-4CFF-902C-9B0EE3B11AC1}.Android 4.4|Any CPU.Build.0 = Release|Any CPU
		{A2C6F9A6-B0E7-4CFF-902C-9B0EE3B11AC1}.Android 5.0|Any CPU.ActiveCfg = Release|Any CPU
		{A2C6F9A6-B0E7-4CFF-902C-9B0EE3B11AC1}.Android 5.0|Any CPU.Build.0 = Release|Any CPU
		{A2C6F9A6-B0E7-4CFF-902C-9B0EE3B11AC1}.Chrome|Any CPU.ActiveCfg = Release|Any CPU
		{A2C6F9A6-B0E7-4CFF-902C-9B0EE3B11AC1}.Chrome|Any CPU.Build.0 = Release|Any CPU
		{A2C6F9A6-B0E7-4CFF-902C-9B0EE3B11AC1}.Debug|Any CPU.ActiveCfg = Debug|Any CPU
		{A2C6F9A6-B0E7-4CFF-902C-9B0EE3B11AC1}.Debug|Any CPU.Build.0 = Debug|Any CPU
		{A2C6F9A6-B0E7-4CFF-902C-9B0EE3B11AC1}.Demo|Any CPU.ActiveCfg = Debug|Any CPU
		{A2C6F9A6-B0E7-4CFF-902C-9B0EE3B11AC1}.Demo|Any CPU.Build.0 = Debug|Any CPU
		{A2C6F9A6-B0E7-4CFF-902C-9B0EE3B11AC1}.Firefox|Any CPU.ActiveCfg = Release|Any CPU
		{A2C6F9A6-B0E7-4CFF-902C-9B0EE3B11AC1}.Firefox|Any CPU.Build.0 = Release|Any CPU
		{A2C6F9A6-B0E7-4CFF-902C-9B0EE3B11AC1}.IE10|Any CPU.ActiveCfg = Release|Any CPU
		{A2C6F9A6-B0E7-4CFF-902C-9B0EE3B11AC1}.IE10|Any CPU.Build.0 = Release|Any CPU
		{A2C6F9A6-B0E7-4CFF-902C-9B0EE3B11AC1}.IE11|Any CPU.ActiveCfg = Release|Any CPU
		{A2C6F9A6-B0E7-4CFF-902C-9B0EE3B11AC1}.IE11|Any CPU.Build.0 = Release|Any CPU
		{A2C6F9A6-B0E7-4CFF-902C-9B0EE3B11AC1}.IE9|Any CPU.ActiveCfg = Release|Any CPU
		{A2C6F9A6-B0E7-4CFF-902C-9B0EE3B11AC1}.IE9|Any CPU.Build.0 = Release|Any CPU
		{A2C6F9A6-B0E7-4CFF-902C-9B0EE3B11AC1}.iOS 9.1|Any CPU.ActiveCfg = Release|Any CPU
		{A2C6F9A6-B0E7-4CFF-902C-9B0EE3B11AC1}.iOS 9.1|Any CPU.Build.0 = Release|Any CPU
		{A2C6F9A6-B0E7-4CFF-902C-9B0EE3B11AC1}.iOS7|Any CPU.ActiveCfg = Release|Any CPU
		{A2C6F9A6-B0E7-4CFF-902C-9B0EE3B11AC1}.iOS7|Any CPU.Build.0 = Release|Any CPU
		{A2C6F9A6-B0E7-4CFF-902C-9B0EE3B11AC1}.iOS8.3|Any CPU.ActiveCfg = Release|Any CPU
		{A2C6F9A6-B0E7-4CFF-902C-9B0EE3B11AC1}.iOS8.3|Any CPU.Build.0 = Release|Any CPU
		{A2C6F9A6-B0E7-4CFF-902C-9B0EE3B11AC1}.MacChrome|Any CPU.ActiveCfg = Release|Any CPU
		{A2C6F9A6-B0E7-4CFF-902C-9B0EE3B11AC1}.MacChrome|Any CPU.Build.0 = Release|Any CPU
		{A2C6F9A6-B0E7-4CFF-902C-9B0EE3B11AC1}.MacFirefox|Any CPU.ActiveCfg = Release|Any CPU
		{A2C6F9A6-B0E7-4CFF-902C-9B0EE3B11AC1}.MacFirefox|Any CPU.Build.0 = Release|Any CPU
		{A2C6F9A6-B0E7-4CFF-902C-9B0EE3B11AC1}.PreProd|Any CPU.ActiveCfg = Release|Any CPU
		{A2C6F9A6-B0E7-4CFF-902C-9B0EE3B11AC1}.PreProd|Any CPU.Build.0 = Release|Any CPU
		{A2C6F9A6-B0E7-4CFF-902C-9B0EE3B11AC1}.Prod|Any CPU.ActiveCfg = Release|Any CPU
		{A2C6F9A6-B0E7-4CFF-902C-9B0EE3B11AC1}.Prod|Any CPU.Build.0 = Release|Any CPU
		{A2C6F9A6-B0E7-4CFF-902C-9B0EE3B11AC1}.Release|Any CPU.ActiveCfg = Release|Any CPU
		{A2C6F9A6-B0E7-4CFF-902C-9B0EE3B11AC1}.Release|Any CPU.Build.0 = Release|Any CPU
		{A2C6F9A6-B0E7-4CFF-902C-9B0EE3B11AC1}.Safari8|Any CPU.ActiveCfg = Release|Any CPU
		{A2C6F9A6-B0E7-4CFF-902C-9B0EE3B11AC1}.Safari8|Any CPU.Build.0 = Release|Any CPU
		{A2C6F9A6-B0E7-4CFF-902C-9B0EE3B11AC1}.Safari9|Any CPU.ActiveCfg = Release|Any CPU
		{A2C6F9A6-B0E7-4CFF-902C-9B0EE3B11AC1}.Safari9|Any CPU.Build.0 = Release|Any CPU
		{A2C6F9A6-B0E7-4CFF-902C-9B0EE3B11AC1}.Systest|Any CPU.ActiveCfg = Release|Any CPU
		{A2C6F9A6-B0E7-4CFF-902C-9B0EE3B11AC1}.Systest|Any CPU.Build.0 = Release|Any CPU
		{ABB81253-D2AE-4089-AD6E-AB91B7A5A929}.Android 4.4|Any CPU.ActiveCfg = Release|Any CPU
		{ABB81253-D2AE-4089-AD6E-AB91B7A5A929}.Android 4.4|Any CPU.Build.0 = Release|Any CPU
		{ABB81253-D2AE-4089-AD6E-AB91B7A5A929}.Android 5.0|Any CPU.ActiveCfg = Release|Any CPU
		{ABB81253-D2AE-4089-AD6E-AB91B7A5A929}.Android 5.0|Any CPU.Build.0 = Release|Any CPU
		{ABB81253-D2AE-4089-AD6E-AB91B7A5A929}.Chrome|Any CPU.ActiveCfg = Release|Any CPU
		{ABB81253-D2AE-4089-AD6E-AB91B7A5A929}.Chrome|Any CPU.Build.0 = Release|Any CPU
		{ABB81253-D2AE-4089-AD6E-AB91B7A5A929}.Debug|Any CPU.ActiveCfg = Debug|Any CPU
		{ABB81253-D2AE-4089-AD6E-AB91B7A5A929}.Debug|Any CPU.Build.0 = Debug|Any CPU
		{ABB81253-D2AE-4089-AD6E-AB91B7A5A929}.Demo|Any CPU.ActiveCfg = Debug|Any CPU
		{ABB81253-D2AE-4089-AD6E-AB91B7A5A929}.Demo|Any CPU.Build.0 = Debug|Any CPU
		{ABB81253-D2AE-4089-AD6E-AB91B7A5A929}.Firefox|Any CPU.ActiveCfg = Release|Any CPU
		{ABB81253-D2AE-4089-AD6E-AB91B7A5A929}.Firefox|Any CPU.Build.0 = Release|Any CPU
		{ABB81253-D2AE-4089-AD6E-AB91B7A5A929}.IE10|Any CPU.ActiveCfg = Release|Any CPU
		{ABB81253-D2AE-4089-AD6E-AB91B7A5A929}.IE10|Any CPU.Build.0 = Release|Any CPU
		{ABB81253-D2AE-4089-AD6E-AB91B7A5A929}.IE11|Any CPU.ActiveCfg = Release|Any CPU
		{ABB81253-D2AE-4089-AD6E-AB91B7A5A929}.IE11|Any CPU.Build.0 = Release|Any CPU
		{ABB81253-D2AE-4089-AD6E-AB91B7A5A929}.IE9|Any CPU.ActiveCfg = Release|Any CPU
		{ABB81253-D2AE-4089-AD6E-AB91B7A5A929}.IE9|Any CPU.Build.0 = Release|Any CPU
		{ABB81253-D2AE-4089-AD6E-AB91B7A5A929}.iOS 9.1|Any CPU.ActiveCfg = Release|Any CPU
		{ABB81253-D2AE-4089-AD6E-AB91B7A5A929}.iOS 9.1|Any CPU.Build.0 = Release|Any CPU
		{ABB81253-D2AE-4089-AD6E-AB91B7A5A929}.iOS7|Any CPU.ActiveCfg = Release|Any CPU
		{ABB81253-D2AE-4089-AD6E-AB91B7A5A929}.iOS7|Any CPU.Build.0 = Release|Any CPU
		{ABB81253-D2AE-4089-AD6E-AB91B7A5A929}.iOS8.3|Any CPU.ActiveCfg = Release|Any CPU
		{ABB81253-D2AE-4089-AD6E-AB91B7A5A929}.iOS8.3|Any CPU.Build.0 = Release|Any CPU
		{ABB81253-D2AE-4089-AD6E-AB91B7A5A929}.MacChrome|Any CPU.ActiveCfg = Release|Any CPU
		{ABB81253-D2AE-4089-AD6E-AB91B7A5A929}.MacChrome|Any CPU.Build.0 = Release|Any CPU
		{ABB81253-D2AE-4089-AD6E-AB91B7A5A929}.MacFirefox|Any CPU.ActiveCfg = Release|Any CPU
		{ABB81253-D2AE-4089-AD6E-AB91B7A5A929}.MacFirefox|Any CPU.Build.0 = Release|Any CPU
		{ABB81253-D2AE-4089-AD6E-AB91B7A5A929}.PreProd|Any CPU.ActiveCfg = Release|Any CPU
		{ABB81253-D2AE-4089-AD6E-AB91B7A5A929}.PreProd|Any CPU.Build.0 = Release|Any CPU
		{ABB81253-D2AE-4089-AD6E-AB91B7A5A929}.Prod|Any CPU.ActiveCfg = Release|Any CPU
		{ABB81253-D2AE-4089-AD6E-AB91B7A5A929}.Prod|Any CPU.Build.0 = Release|Any CPU
		{ABB81253-D2AE-4089-AD6E-AB91B7A5A929}.Release|Any CPU.ActiveCfg = Release|Any CPU
		{ABB81253-D2AE-4089-AD6E-AB91B7A5A929}.Release|Any CPU.Build.0 = Release|Any CPU
		{ABB81253-D2AE-4089-AD6E-AB91B7A5A929}.Safari8|Any CPU.ActiveCfg = Release|Any CPU
		{ABB81253-D2AE-4089-AD6E-AB91B7A5A929}.Safari8|Any CPU.Build.0 = Release|Any CPU
		{ABB81253-D2AE-4089-AD6E-AB91B7A5A929}.Safari9|Any CPU.ActiveCfg = Release|Any CPU
		{ABB81253-D2AE-4089-AD6E-AB91B7A5A929}.Safari9|Any CPU.Build.0 = Release|Any CPU
		{ABB81253-D2AE-4089-AD6E-AB91B7A5A929}.Systest|Any CPU.ActiveCfg = Release|Any CPU
		{ABB81253-D2AE-4089-AD6E-AB91B7A5A929}.Systest|Any CPU.Build.0 = Release|Any CPU
		{749977EA-1B1C-4FCF-A8E8-22BF73445742}.Android 4.4|Any CPU.ActiveCfg = Android 4.4|Any CPU
		{749977EA-1B1C-4FCF-A8E8-22BF73445742}.Android 4.4|Any CPU.Build.0 = Android 4.4|Any CPU
		{749977EA-1B1C-4FCF-A8E8-22BF73445742}.Android 5.0|Any CPU.ActiveCfg = Android 5.0|Any CPU
		{749977EA-1B1C-4FCF-A8E8-22BF73445742}.Android 5.0|Any CPU.Build.0 = Android 5.0|Any CPU
		{749977EA-1B1C-4FCF-A8E8-22BF73445742}.Chrome|Any CPU.ActiveCfg = OSX Chrome|Any CPU
		{749977EA-1B1C-4FCF-A8E8-22BF73445742}.Chrome|Any CPU.Build.0 = OSX Chrome|Any CPU
		{749977EA-1B1C-4FCF-A8E8-22BF73445742}.Debug|Any CPU.ActiveCfg = Debug|Any CPU
		{749977EA-1B1C-4FCF-A8E8-22BF73445742}.Debug|Any CPU.Build.0 = Debug|Any CPU
		{749977EA-1B1C-4FCF-A8E8-22BF73445742}.Demo|Any CPU.ActiveCfg = Debug|Any CPU
		{749977EA-1B1C-4FCF-A8E8-22BF73445742}.Demo|Any CPU.Build.0 = Debug|Any CPU
		{749977EA-1B1C-4FCF-A8E8-22BF73445742}.Firefox|Any CPU.ActiveCfg = OSX Firefox|Any CPU
		{749977EA-1B1C-4FCF-A8E8-22BF73445742}.Firefox|Any CPU.Build.0 = OSX Firefox|Any CPU
		{749977EA-1B1C-4FCF-A8E8-22BF73445742}.IE10|Any CPU.ActiveCfg = IE10|Any CPU
		{749977EA-1B1C-4FCF-A8E8-22BF73445742}.IE10|Any CPU.Build.0 = IE10|Any CPU
		{749977EA-1B1C-4FCF-A8E8-22BF73445742}.IE11|Any CPU.ActiveCfg = IE11|Any CPU
		{749977EA-1B1C-4FCF-A8E8-22BF73445742}.IE11|Any CPU.Build.0 = IE11|Any CPU
		{749977EA-1B1C-4FCF-A8E8-22BF73445742}.IE9|Any CPU.ActiveCfg = IE9|Any CPU
		{749977EA-1B1C-4FCF-A8E8-22BF73445742}.IE9|Any CPU.Build.0 = IE9|Any CPU
		{749977EA-1B1C-4FCF-A8E8-22BF73445742}.iOS 9.1|Any CPU.ActiveCfg = iOS 9.1|Any CPU
		{749977EA-1B1C-4FCF-A8E8-22BF73445742}.iOS 9.1|Any CPU.Build.0 = iOS 9.1|Any CPU
		{749977EA-1B1C-4FCF-A8E8-22BF73445742}.iOS7|Any CPU.ActiveCfg = iOS 9.1|Any CPU
		{749977EA-1B1C-4FCF-A8E8-22BF73445742}.iOS7|Any CPU.Build.0 = iOS 9.1|Any CPU
		{749977EA-1B1C-4FCF-A8E8-22BF73445742}.iOS8.3|Any CPU.ActiveCfg = iOS 8.3|Any CPU
		{749977EA-1B1C-4FCF-A8E8-22BF73445742}.iOS8.3|Any CPU.Build.0 = iOS 8.3|Any CPU
		{749977EA-1B1C-4FCF-A8E8-22BF73445742}.MacChrome|Any CPU.ActiveCfg = Android 5.0|Any CPU
		{749977EA-1B1C-4FCF-A8E8-22BF73445742}.MacChrome|Any CPU.Build.0 = Android 5.0|Any CPU
		{749977EA-1B1C-4FCF-A8E8-22BF73445742}.MacFirefox|Any CPU.ActiveCfg = Android 5.0|Any CPU
		{749977EA-1B1C-4FCF-A8E8-22BF73445742}.MacFirefox|Any CPU.Build.0 = Android 5.0|Any CPU
		{749977EA-1B1C-4FCF-A8E8-22BF73445742}.PreProd|Any CPU.ActiveCfg = PreProd|Any CPU
		{749977EA-1B1C-4FCF-A8E8-22BF73445742}.PreProd|Any CPU.Build.0 = PreProd|Any CPU
		{749977EA-1B1C-4FCF-A8E8-22BF73445742}.Prod|Any CPU.ActiveCfg = Release|Any CPU
		{749977EA-1B1C-4FCF-A8E8-22BF73445742}.Prod|Any CPU.Build.0 = Release|Any CPU
		{749977EA-1B1C-4FCF-A8E8-22BF73445742}.Release|Any CPU.ActiveCfg = Release|Any CPU
		{749977EA-1B1C-4FCF-A8E8-22BF73445742}.Release|Any CPU.Build.0 = Release|Any CPU
		{749977EA-1B1C-4FCF-A8E8-22BF73445742}.Safari8|Any CPU.ActiveCfg = Android 5.0|Any CPU
		{749977EA-1B1C-4FCF-A8E8-22BF73445742}.Safari8|Any CPU.Build.0 = Android 5.0|Any CPU
		{749977EA-1B1C-4FCF-A8E8-22BF73445742}.Safari9|Any CPU.ActiveCfg = Android 5.0|Any CPU
		{749977EA-1B1C-4FCF-A8E8-22BF73445742}.Safari9|Any CPU.Build.0 = Android 5.0|Any CPU
		{749977EA-1B1C-4FCF-A8E8-22BF73445742}.Systest|Any CPU.ActiveCfg = Release|Any CPU
		{749977EA-1B1C-4FCF-A8E8-22BF73445742}.Systest|Any CPU.Build.0 = Release|Any CPU
		{B6D9B569-6B18-438E-B479-99EEEEB75B28}.Android 4.4|Any CPU.ActiveCfg = Release|Any CPU
		{B6D9B569-6B18-438E-B479-99EEEEB75B28}.Android 4.4|Any CPU.Build.0 = Release|Any CPU
		{B6D9B569-6B18-438E-B479-99EEEEB75B28}.Android 5.0|Any CPU.ActiveCfg = Release|Any CPU
		{B6D9B569-6B18-438E-B479-99EEEEB75B28}.Android 5.0|Any CPU.Build.0 = Release|Any CPU
		{B6D9B569-6B18-438E-B479-99EEEEB75B28}.Chrome|Any CPU.ActiveCfg = Release|Any CPU
		{B6D9B569-6B18-438E-B479-99EEEEB75B28}.Chrome|Any CPU.Build.0 = Release|Any CPU
		{B6D9B569-6B18-438E-B479-99EEEEB75B28}.Debug|Any CPU.ActiveCfg = Debug|Any CPU
		{B6D9B569-6B18-438E-B479-99EEEEB75B28}.Debug|Any CPU.Build.0 = Debug|Any CPU
		{B6D9B569-6B18-438E-B479-99EEEEB75B28}.Demo|Any CPU.ActiveCfg = Debug|Any CPU
		{B6D9B569-6B18-438E-B479-99EEEEB75B28}.Demo|Any CPU.Build.0 = Debug|Any CPU
		{B6D9B569-6B18-438E-B479-99EEEEB75B28}.Firefox|Any CPU.ActiveCfg = Release|Any CPU
		{B6D9B569-6B18-438E-B479-99EEEEB75B28}.Firefox|Any CPU.Build.0 = Release|Any CPU
		{B6D9B569-6B18-438E-B479-99EEEEB75B28}.IE10|Any CPU.ActiveCfg = Release|Any CPU
		{B6D9B569-6B18-438E-B479-99EEEEB75B28}.IE10|Any CPU.Build.0 = Release|Any CPU
		{B6D9B569-6B18-438E-B479-99EEEEB75B28}.IE11|Any CPU.ActiveCfg = Release|Any CPU
		{B6D9B569-6B18-438E-B479-99EEEEB75B28}.IE11|Any CPU.Build.0 = Release|Any CPU
		{B6D9B569-6B18-438E-B479-99EEEEB75B28}.IE9|Any CPU.ActiveCfg = Release|Any CPU
		{B6D9B569-6B18-438E-B479-99EEEEB75B28}.IE9|Any CPU.Build.0 = Release|Any CPU
		{B6D9B569-6B18-438E-B479-99EEEEB75B28}.iOS 9.1|Any CPU.ActiveCfg = Release|Any CPU
		{B6D9B569-6B18-438E-B479-99EEEEB75B28}.iOS 9.1|Any CPU.Build.0 = Release|Any CPU
		{B6D9B569-6B18-438E-B479-99EEEEB75B28}.iOS7|Any CPU.ActiveCfg = Release|Any CPU
		{B6D9B569-6B18-438E-B479-99EEEEB75B28}.iOS7|Any CPU.Build.0 = Release|Any CPU
		{B6D9B569-6B18-438E-B479-99EEEEB75B28}.iOS8.3|Any CPU.ActiveCfg = Release|Any CPU
		{B6D9B569-6B18-438E-B479-99EEEEB75B28}.iOS8.3|Any CPU.Build.0 = Release|Any CPU
		{B6D9B569-6B18-438E-B479-99EEEEB75B28}.MacChrome|Any CPU.ActiveCfg = Release|Any CPU
		{B6D9B569-6B18-438E-B479-99EEEEB75B28}.MacChrome|Any CPU.Build.0 = Release|Any CPU
		{B6D9B569-6B18-438E-B479-99EEEEB75B28}.MacFirefox|Any CPU.ActiveCfg = Release|Any CPU
		{B6D9B569-6B18-438E-B479-99EEEEB75B28}.MacFirefox|Any CPU.Build.0 = Release|Any CPU
		{B6D9B569-6B18-438E-B479-99EEEEB75B28}.PreProd|Any CPU.ActiveCfg = Release|Any CPU
		{B6D9B569-6B18-438E-B479-99EEEEB75B28}.PreProd|Any CPU.Build.0 = Release|Any CPU
		{B6D9B569-6B18-438E-B479-99EEEEB75B28}.Prod|Any CPU.ActiveCfg = Release|Any CPU
		{B6D9B569-6B18-438E-B479-99EEEEB75B28}.Prod|Any CPU.Build.0 = Release|Any CPU
		{B6D9B569-6B18-438E-B479-99EEEEB75B28}.Release|Any CPU.ActiveCfg = Release|Any CPU
		{B6D9B569-6B18-438E-B479-99EEEEB75B28}.Release|Any CPU.Build.0 = Release|Any CPU
		{B6D9B569-6B18-438E-B479-99EEEEB75B28}.Safari8|Any CPU.ActiveCfg = Release|Any CPU
		{B6D9B569-6B18-438E-B479-99EEEEB75B28}.Safari8|Any CPU.Build.0 = Release|Any CPU
		{B6D9B569-6B18-438E-B479-99EEEEB75B28}.Safari9|Any CPU.ActiveCfg = Release|Any CPU
		{B6D9B569-6B18-438E-B479-99EEEEB75B28}.Safari9|Any CPU.Build.0 = Release|Any CPU
		{B6D9B569-6B18-438E-B479-99EEEEB75B28}.Systest|Any CPU.ActiveCfg = Release|Any CPU
		{B6D9B569-6B18-438E-B479-99EEEEB75B28}.Systest|Any CPU.Build.0 = Release|Any CPU
	EndGlobalSection
	GlobalSection(SolutionProperties) = preSolution
		HideSolutionNode = FALSE
	EndGlobalSection
	GlobalSection(NestedProjects) = preSolution
		{BC130919-122A-45E1-A081-13348BD37E0D} = {5BFE6E0E-0388-40F0-8A3C-4E94D4B725A7}
	EndGlobalSection
EndGlobal
