
Microsoft Visual Studio Solution File, Format Version 12.00
# Visual Studio 14
VisualStudioVersion = 14.0.24720.0
MinimumVisualStudioVersion = 10.0.40219.1
Project("{FAE04EC0-301F-11D3-BF4B-00C04F79EFBC}") = "CircuitBreaker.Core", "CircuitBreaker.Core\CircuitBreaker.Core.csproj", "{93B04691-08CC-486E-9556-0DEF865949A9}"
EndProject
Project("{FAE04EC0-301F-11D3-BF4B-00C04F79EFBC}") = "CircuitBreaker.Tests", "CircuitBreaker.Tests\CircuitBreaker.Tests.csproj", "{65F64CFF-0898-42A9-A1DC-2495F93EE34F}"
EndProject
Global
	GlobalSection(SolutionConfigurationPlatforms) = preSolution
		Debug|Any CPU = Debug|Any CPU
		Release|Any CPU = Release|Any CPU
	EndGlobalSection
	GlobalSection(ProjectConfigurationPlatforms) = postSolution
		{93B04691-08CC-486E-9556-0DEF865949A9}.Debug|Any CPU.ActiveCfg = Debug|Any CPU
		{93B04691-08CC-486E-9556-0DEF865949A9}.Debug|Any CPU.Build.0 = Debug|Any CPU
		{93B04691-08CC-486E-9556-0DEF865949A9}.Release|Any CPU.ActiveCfg = Release|Any CPU
		{93B04691-08CC-486E-9556-0DEF865949A9}.Release|Any CPU.Build.0 = Release|Any CPU
		{65F64CFF-0898-42A9-A1DC-2495F93EE34F}.Debug|Any CPU.ActiveCfg = Debug|Any CPU
		{65F64CFF-0898-42A9-A1DC-2495F93EE34F}.Debug|Any CPU.Build.0 = Debug|Any CPU
		{65F64CFF-0898-42A9-A1DC-2495F93EE34F}.Release|Any CPU.ActiveCfg = Release|Any CPU
		{65F64CFF-0898-42A9-A1DC-2495F93EE34F}.Release|Any CPU.Build.0 = Release|Any CPU
	EndGlobalSection
	GlobalSection(SolutionProperties) = preSolution
		HideSolutionNode = FALSE
	EndGlobalSection
EndGlobal
