
Microsoft Visual Studio Solution File, Format Version 12.00
# Visual Studio 14
VisualStudioVersion = 14.0.25123.0
MinimumVisualStudioVersion = 10.0.40219.1
Project("{2150E333-8FDC-42A3-9474-1A3956D46DE8}") = "Core", "Core", "{5AC470B5-B07F-487E-9781-A01BD746221F}"
EndProject
Project("{2150E333-8FDC-42A3-9474-1A3956D46DE8}") = "Application", "Application", "{9E8F2B17-F53B-41D2-AFDD-34F6DC332DC6}"
EndProject
Project("{2150E333-8FDC-42A3-9474-1A3956D46DE8}") = "Infrastructure", "Infrastructure", "{D6916AC5-37E3-46D5-AB05-2F32E6EF5D0C}"
EndProject
Project("{FAE04EC0-301F-11D3-BF4B-00C04F79EFBC}") = "Sfa.Das.Sas.Core", "Sfa.Das.Sas.Core\Sfa.Das.Sas.Core.csproj", "{F1B42430-C055-421C-91A0-915A707335F3}"
EndProject
Project("{FAE04EC0-301F-11D3-BF4B-00C04F79EFBC}") = "Sfa.Das.Sas.ApplicationServices", "Sfa.Das.Sas.ApplicationServices\Sfa.Das.Sas.ApplicationServices.csproj", "{F8946F39-EDEC-457A-857B-5A76D4151082}"
EndProject
Project("{FAE04EC0-301F-11D3-BF4B-00C04F79EFBC}") = "Sfa.Das.Sas.Infrastructure", "Sfa.Das.Sas.Infrastructure\Sfa.Das.Sas.Infrastructure.csproj", "{3F5631AB-7190-4203-96DB-AF5664C72100}"
EndProject
Project("{FAE04EC0-301F-11D3-BF4B-00C04F79EFBC}") = "Sfa.Das.Sas.Resources", "Sfa.Das.Sas.Resources\Sfa.Das.Sas.Resources.csproj", "{88F7CFD8-69A0-49A9-83F5-D729DEF4AFCA}"
EndProject
Project("{FAE04EC0-301F-11D3-BF4B-00C04F79EFBC}") = "Sfa.Das.Sas.Web", "Sfa.Das.Sas.Web\Sfa.Das.Sas.Web.csproj", "{E288C11D-B65E-4FD4-9C8D-7D734A7E947D}"
EndProject
Project("{CC5FD16D-436D-48AD-A40C-5A424C6E3E79}") = "Sfa.Das.Sas.Web.CloudService", "Sfa.Das.Sas.Web.CloudService\Sfa.Das.Sas.Web.CloudService.ccproj", "{F638FB0D-3A54-48A3-B04B-52E45341891E}"
EndProject
Project("{FAE04EC0-301F-11D3-BF4B-00C04F79EFBC}") = "Sfa.Das.Sas.Resources.UnitTests", "Sfa.Das.Sas.Resources.UnitTests\Sfa.Das.Sas.Resources.UnitTests.csproj", "{DDB611EB-BE45-473C-A29C-C59D973607DD}"
EndProject
Project("{FAE04EC0-301F-11D3-BF4B-00C04F79EFBC}") = "Sfa.Das.Sas.Web.UnitTests", "Sfa.Das.Sas.Web.UnitTests\Sfa.Das.Sas.Web.UnitTests.csproj", "{FA064318-8BC8-4589-AF79-10C2A8572808}"
EndProject
Project("{FAE04EC0-301F-11D3-BF4B-00C04F79EFBC}") = "Sfa.Das.Sas.ApplicationServices.UnitTests", "Sfa.Das.Sas.ApplicationServices.UnitTests\Sfa.Das.Sas.ApplicationServices.UnitTests.csproj", "{9861240D-A2BB-46C5-990A-792F1E2AEB83}"
EndProject
Project("{FAE04EC0-301F-11D3-BF4B-00C04F79EFBC}") = "Sfa.Das.Sas.Infrastructure.UnitTests", "Sfa.Das.Sas.Infrastructure.UnitTests\Sfa.Das.Sas.Infrastructure.UnitTests.csproj", "{75DE1CDE-FEC5-4E94-9CDC-119A24474D76}"
EndProject
Global
	GlobalSection(SolutionConfigurationPlatforms) = preSolution
		Debug|Any CPU = Debug|Any CPU
		Debug|ARM = Debug|ARM
		Debug|x64 = Debug|x64
		Debug|x86 = Debug|x86
		Release|Any CPU = Release|Any CPU
		Release|ARM = Release|ARM
		Release|x64 = Release|x64
		Release|x86 = Release|x86
	EndGlobalSection
	GlobalSection(ProjectConfigurationPlatforms) = postSolution
		{F1B42430-C055-421C-91A0-915A707335F3}.Debug|Any CPU.ActiveCfg = Debug|Any CPU
		{F1B42430-C055-421C-91A0-915A707335F3}.Debug|Any CPU.Build.0 = Debug|Any CPU
		{F1B42430-C055-421C-91A0-915A707335F3}.Debug|ARM.ActiveCfg = Debug|Any CPU
		{F1B42430-C055-421C-91A0-915A707335F3}.Debug|ARM.Build.0 = Debug|Any CPU
		{F1B42430-C055-421C-91A0-915A707335F3}.Debug|x64.ActiveCfg = Debug|Any CPU
		{F1B42430-C055-421C-91A0-915A707335F3}.Debug|x64.Build.0 = Debug|Any CPU
		{F1B42430-C055-421C-91A0-915A707335F3}.Debug|x86.ActiveCfg = Debug|Any CPU
		{F1B42430-C055-421C-91A0-915A707335F3}.Debug|x86.Build.0 = Debug|Any CPU
		{F1B42430-C055-421C-91A0-915A707335F3}.Release|Any CPU.ActiveCfg = Release|Any CPU
		{F1B42430-C055-421C-91A0-915A707335F3}.Release|Any CPU.Build.0 = Release|Any CPU
		{F1B42430-C055-421C-91A0-915A707335F3}.Release|ARM.ActiveCfg = Release|Any CPU
		{F1B42430-C055-421C-91A0-915A707335F3}.Release|ARM.Build.0 = Release|Any CPU
		{F1B42430-C055-421C-91A0-915A707335F3}.Release|x64.ActiveCfg = Release|Any CPU
		{F1B42430-C055-421C-91A0-915A707335F3}.Release|x64.Build.0 = Release|Any CPU
		{F1B42430-C055-421C-91A0-915A707335F3}.Release|x86.ActiveCfg = Release|Any CPU
		{F1B42430-C055-421C-91A0-915A707335F3}.Release|x86.Build.0 = Release|Any CPU
		{F8946F39-EDEC-457A-857B-5A76D4151082}.Debug|Any CPU.ActiveCfg = Debug|Any CPU
		{F8946F39-EDEC-457A-857B-5A76D4151082}.Debug|Any CPU.Build.0 = Debug|Any CPU
		{F8946F39-EDEC-457A-857B-5A76D4151082}.Debug|ARM.ActiveCfg = Debug|Any CPU
		{F8946F39-EDEC-457A-857B-5A76D4151082}.Debug|ARM.Build.0 = Debug|Any CPU
		{F8946F39-EDEC-457A-857B-5A76D4151082}.Debug|x64.ActiveCfg = Debug|Any CPU
		{F8946F39-EDEC-457A-857B-5A76D4151082}.Debug|x64.Build.0 = Debug|Any CPU
		{F8946F39-EDEC-457A-857B-5A76D4151082}.Debug|x86.ActiveCfg = Debug|Any CPU
		{F8946F39-EDEC-457A-857B-5A76D4151082}.Debug|x86.Build.0 = Debug|Any CPU
		{F8946F39-EDEC-457A-857B-5A76D4151082}.Release|Any CPU.ActiveCfg = Release|Any CPU
		{F8946F39-EDEC-457A-857B-5A76D4151082}.Release|Any CPU.Build.0 = Release|Any CPU
		{F8946F39-EDEC-457A-857B-5A76D4151082}.Release|ARM.ActiveCfg = Release|Any CPU
		{F8946F39-EDEC-457A-857B-5A76D4151082}.Release|ARM.Build.0 = Release|Any CPU
		{F8946F39-EDEC-457A-857B-5A76D4151082}.Release|x64.ActiveCfg = Release|Any CPU
		{F8946F39-EDEC-457A-857B-5A76D4151082}.Release|x64.Build.0 = Release|Any CPU
		{F8946F39-EDEC-457A-857B-5A76D4151082}.Release|x86.ActiveCfg = Release|Any CPU
		{F8946F39-EDEC-457A-857B-5A76D4151082}.Release|x86.Build.0 = Release|Any CPU
		{3F5631AB-7190-4203-96DB-AF5664C72100}.Debug|Any CPU.ActiveCfg = Debug|Any CPU
		{3F5631AB-7190-4203-96DB-AF5664C72100}.Debug|Any CPU.Build.0 = Debug|Any CPU
		{3F5631AB-7190-4203-96DB-AF5664C72100}.Debug|ARM.ActiveCfg = Debug|Any CPU
		{3F5631AB-7190-4203-96DB-AF5664C72100}.Debug|ARM.Build.0 = Debug|Any CPU
		{3F5631AB-7190-4203-96DB-AF5664C72100}.Debug|x64.ActiveCfg = Debug|Any CPU
		{3F5631AB-7190-4203-96DB-AF5664C72100}.Debug|x64.Build.0 = Debug|Any CPU
		{3F5631AB-7190-4203-96DB-AF5664C72100}.Debug|x86.ActiveCfg = Debug|Any CPU
		{3F5631AB-7190-4203-96DB-AF5664C72100}.Debug|x86.Build.0 = Debug|Any CPU
		{3F5631AB-7190-4203-96DB-AF5664C72100}.Release|Any CPU.ActiveCfg = Release|Any CPU
		{3F5631AB-7190-4203-96DB-AF5664C72100}.Release|Any CPU.Build.0 = Release|Any CPU
		{3F5631AB-7190-4203-96DB-AF5664C72100}.Release|ARM.ActiveCfg = Release|Any CPU
		{3F5631AB-7190-4203-96DB-AF5664C72100}.Release|ARM.Build.0 = Release|Any CPU
		{3F5631AB-7190-4203-96DB-AF5664C72100}.Release|x64.ActiveCfg = Release|Any CPU
		{3F5631AB-7190-4203-96DB-AF5664C72100}.Release|x64.Build.0 = Release|Any CPU
		{3F5631AB-7190-4203-96DB-AF5664C72100}.Release|x86.ActiveCfg = Release|Any CPU
		{3F5631AB-7190-4203-96DB-AF5664C72100}.Release|x86.Build.0 = Release|Any CPU
		{88F7CFD8-69A0-49A9-83F5-D729DEF4AFCA}.Debug|Any CPU.ActiveCfg = Debug|Any CPU
		{88F7CFD8-69A0-49A9-83F5-D729DEF4AFCA}.Debug|Any CPU.Build.0 = Debug|Any CPU
		{88F7CFD8-69A0-49A9-83F5-D729DEF4AFCA}.Debug|ARM.ActiveCfg = Debug|Any CPU
		{88F7CFD8-69A0-49A9-83F5-D729DEF4AFCA}.Debug|ARM.Build.0 = Debug|Any CPU
		{88F7CFD8-69A0-49A9-83F5-D729DEF4AFCA}.Debug|x64.ActiveCfg = Debug|Any CPU
		{88F7CFD8-69A0-49A9-83F5-D729DEF4AFCA}.Debug|x64.Build.0 = Debug|Any CPU
		{88F7CFD8-69A0-49A9-83F5-D729DEF4AFCA}.Debug|x86.ActiveCfg = Debug|Any CPU
		{88F7CFD8-69A0-49A9-83F5-D729DEF4AFCA}.Debug|x86.Build.0 = Debug|Any CPU
		{88F7CFD8-69A0-49A9-83F5-D729DEF4AFCA}.Release|Any CPU.ActiveCfg = Release|Any CPU
		{88F7CFD8-69A0-49A9-83F5-D729DEF4AFCA}.Release|Any CPU.Build.0 = Release|Any CPU
		{88F7CFD8-69A0-49A9-83F5-D729DEF4AFCA}.Release|ARM.ActiveCfg = Release|Any CPU
		{88F7CFD8-69A0-49A9-83F5-D729DEF4AFCA}.Release|ARM.Build.0 = Release|Any CPU
		{88F7CFD8-69A0-49A9-83F5-D729DEF4AFCA}.Release|x64.ActiveCfg = Release|Any CPU
		{88F7CFD8-69A0-49A9-83F5-D729DEF4AFCA}.Release|x64.Build.0 = Release|Any CPU
		{88F7CFD8-69A0-49A9-83F5-D729DEF4AFCA}.Release|x86.ActiveCfg = Release|Any CPU
		{88F7CFD8-69A0-49A9-83F5-D729DEF4AFCA}.Release|x86.Build.0 = Release|Any CPU
		{E288C11D-B65E-4FD4-9C8D-7D734A7E947D}.Debug|Any CPU.ActiveCfg = Debug|Any CPU
		{E288C11D-B65E-4FD4-9C8D-7D734A7E947D}.Debug|Any CPU.Build.0 = Debug|Any CPU
		{E288C11D-B65E-4FD4-9C8D-7D734A7E947D}.Debug|ARM.ActiveCfg = Debug|Any CPU
		{E288C11D-B65E-4FD4-9C8D-7D734A7E947D}.Debug|ARM.Build.0 = Debug|Any CPU
		{E288C11D-B65E-4FD4-9C8D-7D734A7E947D}.Debug|x64.ActiveCfg = Debug|Any CPU
		{E288C11D-B65E-4FD4-9C8D-7D734A7E947D}.Debug|x64.Build.0 = Debug|Any CPU
		{E288C11D-B65E-4FD4-9C8D-7D734A7E947D}.Debug|x86.ActiveCfg = Debug|Any CPU
		{E288C11D-B65E-4FD4-9C8D-7D734A7E947D}.Debug|x86.Build.0 = Debug|Any CPU
		{E288C11D-B65E-4FD4-9C8D-7D734A7E947D}.Release|Any CPU.ActiveCfg = Release|Any CPU
		{E288C11D-B65E-4FD4-9C8D-7D734A7E947D}.Release|Any CPU.Build.0 = Release|Any CPU
		{E288C11D-B65E-4FD4-9C8D-7D734A7E947D}.Release|ARM.ActiveCfg = Release|Any CPU
		{E288C11D-B65E-4FD4-9C8D-7D734A7E947D}.Release|ARM.Build.0 = Release|Any CPU
		{E288C11D-B65E-4FD4-9C8D-7D734A7E947D}.Release|x64.ActiveCfg = Release|Any CPU
		{E288C11D-B65E-4FD4-9C8D-7D734A7E947D}.Release|x64.Build.0 = Release|Any CPU
		{E288C11D-B65E-4FD4-9C8D-7D734A7E947D}.Release|x86.ActiveCfg = Release|Any CPU
		{E288C11D-B65E-4FD4-9C8D-7D734A7E947D}.Release|x86.Build.0 = Release|Any CPU
		{F638FB0D-3A54-48A3-B04B-52E45341891E}.Debug|Any CPU.ActiveCfg = Debug|Any CPU
		{F638FB0D-3A54-48A3-B04B-52E45341891E}.Debug|Any CPU.Build.0 = Debug|Any CPU
		{F638FB0D-3A54-48A3-B04B-52E45341891E}.Debug|ARM.ActiveCfg = Debug|Any CPU
		{F638FB0D-3A54-48A3-B04B-52E45341891E}.Debug|ARM.Build.0 = Debug|Any CPU
		{F638FB0D-3A54-48A3-B04B-52E45341891E}.Debug|x64.ActiveCfg = Debug|Any CPU
		{F638FB0D-3A54-48A3-B04B-52E45341891E}.Debug|x64.Build.0 = Debug|Any CPU
		{F638FB0D-3A54-48A3-B04B-52E45341891E}.Debug|x86.ActiveCfg = Debug|Any CPU
		{F638FB0D-3A54-48A3-B04B-52E45341891E}.Debug|x86.Build.0 = Debug|Any CPU
		{F638FB0D-3A54-48A3-B04B-52E45341891E}.Release|Any CPU.ActiveCfg = Release|Any CPU
		{F638FB0D-3A54-48A3-B04B-52E45341891E}.Release|Any CPU.Build.0 = Release|Any CPU
		{F638FB0D-3A54-48A3-B04B-52E45341891E}.Release|ARM.ActiveCfg = Release|Any CPU
		{F638FB0D-3A54-48A3-B04B-52E45341891E}.Release|ARM.Build.0 = Release|Any CPU
		{F638FB0D-3A54-48A3-B04B-52E45341891E}.Release|x64.ActiveCfg = Release|Any CPU
		{F638FB0D-3A54-48A3-B04B-52E45341891E}.Release|x64.Build.0 = Release|Any CPU
		{F638FB0D-3A54-48A3-B04B-52E45341891E}.Release|x86.ActiveCfg = Release|Any CPU
		{F638FB0D-3A54-48A3-B04B-52E45341891E}.Release|x86.Build.0 = Release|Any CPU
		{DDB611EB-BE45-473C-A29C-C59D973607DD}.Debug|Any CPU.ActiveCfg = Debug|Any CPU
		{DDB611EB-BE45-473C-A29C-C59D973607DD}.Debug|Any CPU.Build.0 = Debug|Any CPU
		{DDB611EB-BE45-473C-A29C-C59D973607DD}.Debug|ARM.ActiveCfg = Debug|Any CPU
		{DDB611EB-BE45-473C-A29C-C59D973607DD}.Debug|ARM.Build.0 = Debug|Any CPU
		{DDB611EB-BE45-473C-A29C-C59D973607DD}.Debug|x64.ActiveCfg = Debug|Any CPU
		{DDB611EB-BE45-473C-A29C-C59D973607DD}.Debug|x64.Build.0 = Debug|Any CPU
		{DDB611EB-BE45-473C-A29C-C59D973607DD}.Debug|x86.ActiveCfg = Debug|Any CPU
		{DDB611EB-BE45-473C-A29C-C59D973607DD}.Debug|x86.Build.0 = Debug|Any CPU
		{DDB611EB-BE45-473C-A29C-C59D973607DD}.Release|Any CPU.ActiveCfg = Release|Any CPU
		{DDB611EB-BE45-473C-A29C-C59D973607DD}.Release|Any CPU.Build.0 = Release|Any CPU
		{DDB611EB-BE45-473C-A29C-C59D973607DD}.Release|ARM.ActiveCfg = Release|Any CPU
		{DDB611EB-BE45-473C-A29C-C59D973607DD}.Release|ARM.Build.0 = Release|Any CPU
		{DDB611EB-BE45-473C-A29C-C59D973607DD}.Release|x64.ActiveCfg = Release|Any CPU
		{DDB611EB-BE45-473C-A29C-C59D973607DD}.Release|x64.Build.0 = Release|Any CPU
		{DDB611EB-BE45-473C-A29C-C59D973607DD}.Release|x86.ActiveCfg = Release|Any CPU
		{DDB611EB-BE45-473C-A29C-C59D973607DD}.Release|x86.Build.0 = Release|Any CPU
		{FA064318-8BC8-4589-AF79-10C2A8572808}.Debug|Any CPU.ActiveCfg = Debug|Any CPU
		{FA064318-8BC8-4589-AF79-10C2A8572808}.Debug|Any CPU.Build.0 = Debug|Any CPU
		{FA064318-8BC8-4589-AF79-10C2A8572808}.Debug|ARM.ActiveCfg = Debug|Any CPU
		{FA064318-8BC8-4589-AF79-10C2A8572808}.Debug|ARM.Build.0 = Debug|Any CPU
		{FA064318-8BC8-4589-AF79-10C2A8572808}.Debug|x64.ActiveCfg = Debug|Any CPU
		{FA064318-8BC8-4589-AF79-10C2A8572808}.Debug|x64.Build.0 = Debug|Any CPU
		{FA064318-8BC8-4589-AF79-10C2A8572808}.Debug|x86.ActiveCfg = Debug|Any CPU
		{FA064318-8BC8-4589-AF79-10C2A8572808}.Debug|x86.Build.0 = Debug|Any CPU
		{FA064318-8BC8-4589-AF79-10C2A8572808}.Release|Any CPU.ActiveCfg = Release|Any CPU
		{FA064318-8BC8-4589-AF79-10C2A8572808}.Release|Any CPU.Build.0 = Release|Any CPU
		{FA064318-8BC8-4589-AF79-10C2A8572808}.Release|ARM.ActiveCfg = Release|Any CPU
		{FA064318-8BC8-4589-AF79-10C2A8572808}.Release|ARM.Build.0 = Release|Any CPU
		{FA064318-8BC8-4589-AF79-10C2A8572808}.Release|x64.ActiveCfg = Release|Any CPU
		{FA064318-8BC8-4589-AF79-10C2A8572808}.Release|x64.Build.0 = Release|Any CPU
		{FA064318-8BC8-4589-AF79-10C2A8572808}.Release|x86.ActiveCfg = Release|Any CPU
		{FA064318-8BC8-4589-AF79-10C2A8572808}.Release|x86.Build.0 = Release|Any CPU
		{9861240D-A2BB-46C5-990A-792F1E2AEB83}.Debug|Any CPU.ActiveCfg = Debug|Any CPU
		{9861240D-A2BB-46C5-990A-792F1E2AEB83}.Debug|Any CPU.Build.0 = Debug|Any CPU
		{9861240D-A2BB-46C5-990A-792F1E2AEB83}.Debug|ARM.ActiveCfg = Debug|Any CPU
		{9861240D-A2BB-46C5-990A-792F1E2AEB83}.Debug|ARM.Build.0 = Debug|Any CPU
		{9861240D-A2BB-46C5-990A-792F1E2AEB83}.Debug|x64.ActiveCfg = Debug|Any CPU
		{9861240D-A2BB-46C5-990A-792F1E2AEB83}.Debug|x64.Build.0 = Debug|Any CPU
		{9861240D-A2BB-46C5-990A-792F1E2AEB83}.Debug|x86.ActiveCfg = Debug|Any CPU
		{9861240D-A2BB-46C5-990A-792F1E2AEB83}.Debug|x86.Build.0 = Debug|Any CPU
		{9861240D-A2BB-46C5-990A-792F1E2AEB83}.Release|Any CPU.ActiveCfg = Release|Any CPU
		{9861240D-A2BB-46C5-990A-792F1E2AEB83}.Release|Any CPU.Build.0 = Release|Any CPU
		{9861240D-A2BB-46C5-990A-792F1E2AEB83}.Release|ARM.ActiveCfg = Release|Any CPU
		{9861240D-A2BB-46C5-990A-792F1E2AEB83}.Release|ARM.Build.0 = Release|Any CPU
		{9861240D-A2BB-46C5-990A-792F1E2AEB83}.Release|x64.ActiveCfg = Release|Any CPU
		{9861240D-A2BB-46C5-990A-792F1E2AEB83}.Release|x64.Build.0 = Release|Any CPU
		{9861240D-A2BB-46C5-990A-792F1E2AEB83}.Release|x86.ActiveCfg = Release|Any CPU
		{9861240D-A2BB-46C5-990A-792F1E2AEB83}.Release|x86.Build.0 = Release|Any CPU
		{75DE1CDE-FEC5-4E94-9CDC-119A24474D76}.Debug|Any CPU.ActiveCfg = Debug|Any CPU
		{75DE1CDE-FEC5-4E94-9CDC-119A24474D76}.Debug|Any CPU.Build.0 = Debug|Any CPU
		{75DE1CDE-FEC5-4E94-9CDC-119A24474D76}.Debug|ARM.ActiveCfg = Debug|Any CPU
		{75DE1CDE-FEC5-4E94-9CDC-119A24474D76}.Debug|ARM.Build.0 = Debug|Any CPU
		{75DE1CDE-FEC5-4E94-9CDC-119A24474D76}.Debug|x64.ActiveCfg = Debug|Any CPU
		{75DE1CDE-FEC5-4E94-9CDC-119A24474D76}.Debug|x64.Build.0 = Debug|Any CPU
		{75DE1CDE-FEC5-4E94-9CDC-119A24474D76}.Debug|x86.ActiveCfg = Debug|Any CPU
		{75DE1CDE-FEC5-4E94-9CDC-119A24474D76}.Debug|x86.Build.0 = Debug|Any CPU
		{75DE1CDE-FEC5-4E94-9CDC-119A24474D76}.Release|Any CPU.ActiveCfg = Release|Any CPU
		{75DE1CDE-FEC5-4E94-9CDC-119A24474D76}.Release|Any CPU.Build.0 = Release|Any CPU
		{75DE1CDE-FEC5-4E94-9CDC-119A24474D76}.Release|ARM.ActiveCfg = Release|Any CPU
		{75DE1CDE-FEC5-4E94-9CDC-119A24474D76}.Release|ARM.Build.0 = Release|Any CPU
		{75DE1CDE-FEC5-4E94-9CDC-119A24474D76}.Release|x64.ActiveCfg = Release|Any CPU
		{75DE1CDE-FEC5-4E94-9CDC-119A24474D76}.Release|x64.Build.0 = Release|Any CPU
		{75DE1CDE-FEC5-4E94-9CDC-119A24474D76}.Release|x86.ActiveCfg = Release|Any CPU
		{75DE1CDE-FEC5-4E94-9CDC-119A24474D76}.Release|x86.Build.0 = Release|Any CPU
	EndGlobalSection
	GlobalSection(SolutionProperties) = preSolution
		HideSolutionNode = FALSE
	EndGlobalSection
	GlobalSection(NestedProjects) = preSolution
		{F1B42430-C055-421C-91A0-915A707335F3} = {5AC470B5-B07F-487E-9781-A01BD746221F}
		{F8946F39-EDEC-457A-857B-5A76D4151082} = {9E8F2B17-F53B-41D2-AFDD-34F6DC332DC6}
		{3F5631AB-7190-4203-96DB-AF5664C72100} = {D6916AC5-37E3-46D5-AB05-2F32E6EF5D0C}
		{88F7CFD8-69A0-49A9-83F5-D729DEF4AFCA} = {D6916AC5-37E3-46D5-AB05-2F32E6EF5D0C}
		{E288C11D-B65E-4FD4-9C8D-7D734A7E947D} = {D6916AC5-37E3-46D5-AB05-2F32E6EF5D0C}
		{F638FB0D-3A54-48A3-B04B-52E45341891E} = {D6916AC5-37E3-46D5-AB05-2F32E6EF5D0C}
		{DDB611EB-BE45-473C-A29C-C59D973607DD} = {D6916AC5-37E3-46D5-AB05-2F32E6EF5D0C}
		{FA064318-8BC8-4589-AF79-10C2A8572808} = {D6916AC5-37E3-46D5-AB05-2F32E6EF5D0C}
		{9861240D-A2BB-46C5-990A-792F1E2AEB83} = {9E8F2B17-F53B-41D2-AFDD-34F6DC332DC6}
		{75DE1CDE-FEC5-4E94-9CDC-119A24474D76} = {D6916AC5-37E3-46D5-AB05-2F32E6EF5D0C}
	EndGlobalSection
EndGlobal
