
Microsoft Visual Studio Solution File, Format Version 12.00
# Visual Studio 15
VisualStudioVersion = 15.0.27428.2015
MinimumVisualStudioVersion = 10.0.40219.1
Project("{2150E333-8FDC-42A3-9474-1A3956D46DE8}") = "Core", "Core", "{5AC470B5-B07F-487E-9781-A01BD746221F}"
EndProject
Project("{2150E333-8FDC-42A3-9474-1A3956D46DE8}") = "Application", "Application", "{9E8F2B17-F53B-41D2-AFDD-34F6DC332DC6}"
EndProject
Project("{2150E333-8FDC-42A3-9474-1A3956D46DE8}") = "Infrastructure", "Infrastructure", "{D6916AC5-37E3-46D5-AB05-2F32E6EF5D0C}"
EndProject
Project("{FAE04EC0-301F-11D3-BF4B-00C04F79EFBC}") = "Sfa.Das.Sas.Core", "Sfa.Das.Sas.Core\Sfa.Das.Sas.Core.csproj", "{F1B42430-C055-421C-91A0-915A707335F3}"
EndProject
Project("{FAE04EC0-301F-11D3-BF4B-00C04F79EFBC}") = "Sfa.Das.Sas.ApplicationServices", "Sfa.Das.Sas.ApplicationServices\Sfa.Das.Sas.ApplicationServices.csproj", "{F8946F39-EDEC-457A-857B-5A76D4151082}"
EndProject
Project("{FAE04EC0-301F-11D3-BF4B-00C04F79EFBC}") = "Sfa.Das.Sas.Infrastructure", "Sfa.Das.Sas.Infrastructure\Sfa.Das.Sas.Infrastructure.csproj", "{3F5631AB-7190-4203-96DB-AF5664C72100}"
EndProject
Project("{FAE04EC0-301F-11D3-BF4B-00C04F79EFBC}") = "Sfa.Das.Sas.Resources", "Sfa.Das.Sas.Resources\Sfa.Das.Sas.Resources.csproj", "{88F7CFD8-69A0-49A9-83F5-D729DEF4AFCA}"
EndProject
Project("{FAE04EC0-301F-11D3-BF4B-00C04F79EFBC}") = "Sfa.Das.Sas.Web", "Sfa.Das.Sas.Web\Sfa.Das.Sas.Web.csproj", "{E288C11D-B65E-4FD4-9C8D-7D734A7E947D}"
EndProject
Project("{CC5FD16D-436D-48AD-A40C-5A424C6E3E79}") = "Sfa.Das.Sas.Web.CloudService", "Sfa.Das.Sas.Web.CloudService\Sfa.Das.Sas.Web.CloudService.ccproj", "{F638FB0D-3A54-48A3-B04B-52E45341891E}"
EndProject
Project("{FAE04EC0-301F-11D3-BF4B-00C04F79EFBC}") = "Sfa.Das.Sas.Web.UnitTests", "Sfa.Das.Sas.Web.UnitTests\Sfa.Das.Sas.Web.UnitTests.csproj", "{FA064318-8BC8-4589-AF79-10C2A8572808}"
EndProject
Project("{2150E333-8FDC-42A3-9474-1A3956D46DE8}") = "Tests", "Tests", "{8F14D1D9-4F35-4C1D-A606-F0B2F9BE20B6}"
EndProject
Project("{FAE04EC0-301F-11D3-BF4B-00C04F79EFBC}") = "Sfa.Das.Sas.Web.Health", "Sfa.Das.Sas.Web.Health\Sfa.Das.Sas.Web.Health.csproj", "{C3395D58-2E04-4B28-857B-A0E27C312C1F}"
EndProject
Project("{FAE04EC0-301F-11D3-BF4B-00C04F79EFBC}") = "Sfa.Das.Web.Pacts", "Sfa.Das.Web.Pacts\Sfa.Das.Web.Pacts.csproj", "{AEE71FBD-1A83-458F-80DE-9F9D16867F2C}"
EndProject
Project("{FAE04EC0-301F-11D3-BF4B-00C04F79EFBC}") = "PactNet.TestExtensions", "PactNet.TestExtensions\PactNet.TestExtensions.csproj", "{CA4508B5-BC8B-4106-A6FD-16DA1DE825F8}"
EndProject
Global
	GlobalSection(SolutionConfigurationPlatforms) = preSolution
		Debug|Any CPU = Debug|Any CPU
		Debug|ARM = Debug|ARM
		Debug|x64 = Debug|x64
		Debug|x86 = Debug|x86
		Release|Any CPU = Release|Any CPU
		Release|ARM = Release|ARM
		Release|x64 = Release|x64
		Release|x86 = Release|x86
	EndGlobalSection
	GlobalSection(ProjectConfigurationPlatforms) = postSolution
		{F1B42430-C055-421C-91A0-915A707335F3}.Debug|Any CPU.ActiveCfg = Debug|Any CPU
		{F1B42430-C055-421C-91A0-915A707335F3}.Debug|Any CPU.Build.0 = Debug|Any CPU
		{F1B42430-C055-421C-91A0-915A707335F3}.Debug|ARM.ActiveCfg = Debug|Any CPU
		{F1B42430-C055-421C-91A0-915A707335F3}.Debug|ARM.Build.0 = Debug|Any CPU
		{F1B42430-C055-421C-91A0-915A707335F3}.Debug|x64.ActiveCfg = Debug|Any CPU
		{F1B42430-C055-421C-91A0-915A707335F3}.Debug|x64.Build.0 = Debug|Any CPU
		{F1B42430-C055-421C-91A0-915A707335F3}.Debug|x86.ActiveCfg = Debug|Any CPU
		{F1B42430-C055-421C-91A0-915A707335F3}.Debug|x86.Build.0 = Debug|Any CPU
		{F1B42430-C055-421C-91A0-915A707335F3}.Release|Any CPU.ActiveCfg = Release|Any CPU
		{F1B42430-C055-421C-91A0-915A707335F3}.Release|Any CPU.Build.0 = Release|Any CPU
		{F1B42430-C055-421C-91A0-915A707335F3}.Release|ARM.ActiveCfg = Release|Any CPU
		{F1B42430-C055-421C-91A0-915A707335F3}.Release|ARM.Build.0 = Release|Any CPU
		{F1B42430-C055-421C-91A0-915A707335F3}.Release|x64.ActiveCfg = Release|Any CPU
		{F1B42430-C055-421C-91A0-915A707335F3}.Release|x64.Build.0 = Release|Any CPU
		{F1B42430-C055-421C-91A0-915A707335F3}.Release|x86.ActiveCfg = Release|Any CPU
		{F1B42430-C055-421C-91A0-915A707335F3}.Release|x86.Build.0 = Release|Any CPU
		{F8946F39-EDEC-457A-857B-5A76D4151082}.Debug|Any CPU.ActiveCfg = Debug|Any CPU
		{F8946F39-EDEC-457A-857B-5A76D4151082}.Debug|Any CPU.Build.0 = Debug|Any CPU
		{F8946F39-EDEC-457A-857B-5A76D4151082}.Debug|ARM.ActiveCfg = Debug|Any CPU
		{F8946F39-EDEC-457A-857B-5A76D4151082}.Debug|ARM.Build.0 = Debug|Any CPU
		{F8946F39-EDEC-457A-857B-5A76D4151082}.Debug|x64.ActiveCfg = Debug|Any CPU
		{F8946F39-EDEC-457A-857B-5A76D4151082}.Debug|x64.Build.0 = Debug|Any CPU
		{F8946F39-EDEC-457A-857B-5A76D4151082}.Debug|x86.ActiveCfg = Debug|Any CPU
		{F8946F39-EDEC-457A-857B-5A76D4151082}.Debug|x86.Build.0 = Debug|Any CPU
		{F8946F39-EDEC-457A-857B-5A76D4151082}.Release|Any CPU.ActiveCfg = Release|Any CPU
		{F8946F39-EDEC-457A-857B-5A76D4151082}.Release|Any CPU.Build.0 = Release|Any CPU
		{F8946F39-EDEC-457A-857B-5A76D4151082}.Release|ARM.ActiveCfg = Release|Any CPU
		{F8946F39-EDEC-457A-857B-5A76D4151082}.Release|ARM.Build.0 = Release|Any CPU
		{F8946F39-EDEC-457A-857B-5A76D4151082}.Release|x64.ActiveCfg = Release|Any CPU
		{F8946F39-EDEC-457A-857B-5A76D4151082}.Release|x64.Build.0 = Release|Any CPU
		{F8946F39-EDEC-457A-857B-5A76D4151082}.Release|x86.ActiveCfg = Release|Any CPU
		{F8946F39-EDEC-457A-857B-5A76D4151082}.Release|x86.Build.0 = Release|Any CPU
		{3F5631AB-7190-4203-96DB-AF5664C72100}.Debug|Any CPU.ActiveCfg = Debug|Any CPU
		{3F5631AB-7190-4203-96DB-AF5664C72100}.Debug|Any CPU.Build.0 = Debug|Any CPU
		{3F5631AB-7190-4203-96DB-AF5664C72100}.Debug|ARM.ActiveCfg = Debug|Any CPU
		{3F5631AB-7190-4203-96DB-AF5664C72100}.Debug|ARM.Build.0 = Debug|Any CPU
		{3F5631AB-7190-4203-96DB-AF5664C72100}.Debug|x64.ActiveCfg = Debug|Any CPU
		{3F5631AB-7190-4203-96DB-AF5664C72100}.Debug|x64.Build.0 = Debug|Any CPU
		{3F5631AB-7190-4203-96DB-AF5664C72100}.Debug|x86.ActiveCfg = Debug|Any CPU
		{3F5631AB-7190-4203-96DB-AF5664C72100}.Debug|x86.Build.0 = Debug|Any CPU
		{3F5631AB-7190-4203-96DB-AF5664C72100}.Release|Any CPU.ActiveCfg = Release|Any CPU
		{3F5631AB-7190-4203-96DB-AF5664C72100}.Release|Any CPU.Build.0 = Release|Any CPU
		{3F5631AB-7190-4203-96DB-AF5664C72100}.Release|ARM.ActiveCfg = Release|Any CPU
		{3F5631AB-7190-4203-96DB-AF5664C72100}.Release|ARM.Build.0 = Release|Any CPU
		{3F5631AB-7190-4203-96DB-AF5664C72100}.Release|x64.ActiveCfg = Release|Any CPU
		{3F5631AB-7190-4203-96DB-AF5664C72100}.Release|x64.Build.0 = Release|Any CPU
		{3F5631AB-7190-4203-96DB-AF5664C72100}.Release|x86.ActiveCfg = Release|Any CPU
		{3F5631AB-7190-4203-96DB-AF5664C72100}.Release|x86.Build.0 = Release|Any CPU
		{88F7CFD8-69A0-49A9-83F5-D729DEF4AFCA}.Debug|Any CPU.ActiveCfg = Debug|Any CPU
		{88F7CFD8-69A0-49A9-83F5-D729DEF4AFCA}.Debug|Any CPU.Build.0 = Debug|Any CPU
		{88F7CFD8-69A0-49A9-83F5-D729DEF4AFCA}.Debug|ARM.ActiveCfg = Debug|Any CPU
		{88F7CFD8-69A0-49A9-83F5-D729DEF4AFCA}.Debug|ARM.Build.0 = Debug|Any CPU
		{88F7CFD8-69A0-49A9-83F5-D729DEF4AFCA}.Debug|x64.ActiveCfg = Debug|Any CPU
		{88F7CFD8-69A0-49A9-83F5-D729DEF4AFCA}.Debug|x64.Build.0 = Debug|Any CPU
		{88F7CFD8-69A0-49A9-83F5-D729DEF4AFCA}.Debug|x86.ActiveCfg = Debug|Any CPU
		{88F7CFD8-69A0-49A9-83F5-D729DEF4AFCA}.Debug|x86.Build.0 = Debug|Any CPU
		{88F7CFD8-69A0-49A9-83F5-D729DEF4AFCA}.Release|Any CPU.ActiveCfg = Release|Any CPU
		{88F7CFD8-69A0-49A9-83F5-D729DEF4AFCA}.Release|Any CPU.Build.0 = Release|Any CPU
		{88F7CFD8-69A0-49A9-83F5-D729DEF4AFCA}.Release|ARM.ActiveCfg = Release|Any CPU
		{88F7CFD8-69A0-49A9-83F5-D729DEF4AFCA}.Release|ARM.Build.0 = Release|Any CPU
		{88F7CFD8-69A0-49A9-83F5-D729DEF4AFCA}.Release|x64.ActiveCfg = Release|Any CPU
		{88F7CFD8-69A0-49A9-83F5-D729DEF4AFCA}.Release|x64.Build.0 = Release|Any CPU
		{88F7CFD8-69A0-49A9-83F5-D729DEF4AFCA}.Release|x86.ActiveCfg = Release|Any CPU
		{88F7CFD8-69A0-49A9-83F5-D729DEF4AFCA}.Release|x86.Build.0 = Release|Any CPU
		{E288C11D-B65E-4FD4-9C8D-7D734A7E947D}.Debug|Any CPU.ActiveCfg = Debug|Any CPU
		{E288C11D-B65E-4FD4-9C8D-7D734A7E947D}.Debug|Any CPU.Build.0 = Debug|Any CPU
		{E288C11D-B65E-4FD4-9C8D-7D734A7E947D}.Debug|ARM.ActiveCfg = Debug|Any CPU
		{E288C11D-B65E-4FD4-9C8D-7D734A7E947D}.Debug|ARM.Build.0 = Debug|Any CPU
		{E288C11D-B65E-4FD4-9C8D-7D734A7E947D}.Debug|x64.ActiveCfg = Debug|Any CPU
		{E288C11D-B65E-4FD4-9C8D-7D734A7E947D}.Debug|x64.Build.0 = Debug|Any CPU
		{E288C11D-B65E-4FD4-9C8D-7D734A7E947D}.Debug|x86.ActiveCfg = Debug|Any CPU
		{E288C11D-B65E-4FD4-9C8D-7D734A7E947D}.Debug|x86.Build.0 = Debug|Any CPU
		{E288C11D-B65E-4FD4-9C8D-7D734A7E947D}.Release|Any CPU.ActiveCfg = Release|Any CPU
		{E288C11D-B65E-4FD4-9C8D-7D734A7E947D}.Release|Any CPU.Build.0 = Release|Any CPU
		{E288C11D-B65E-4FD4-9C8D-7D734A7E947D}.Release|ARM.ActiveCfg = Release|Any CPU
		{E288C11D-B65E-4FD4-9C8D-7D734A7E947D}.Release|ARM.Build.0 = Release|Any CPU
		{E288C11D-B65E-4FD4-9C8D-7D734A7E947D}.Release|x64.ActiveCfg = Release|Any CPU
		{E288C11D-B65E-4FD4-9C8D-7D734A7E947D}.Release|x64.Build.0 = Release|Any CPU
		{E288C11D-B65E-4FD4-9C8D-7D734A7E947D}.Release|x86.ActiveCfg = Release|Any CPU
		{E288C11D-B65E-4FD4-9C8D-7D734A7E947D}.Release|x86.Build.0 = Release|Any CPU
		{F638FB0D-3A54-48A3-B04B-52E45341891E}.Debug|Any CPU.ActiveCfg = Debug|Any CPU
		{F638FB0D-3A54-48A3-B04B-52E45341891E}.Debug|Any CPU.Build.0 = Debug|Any CPU
		{F638FB0D-3A54-48A3-B04B-52E45341891E}.Debug|ARM.ActiveCfg = Debug|Any CPU
		{F638FB0D-3A54-48A3-B04B-52E45341891E}.Debug|ARM.Build.0 = Debug|Any CPU
		{F638FB0D-3A54-48A3-B04B-52E45341891E}.Debug|x64.ActiveCfg = Debug|Any CPU
		{F638FB0D-3A54-48A3-B04B-52E45341891E}.Debug|x64.Build.0 = Debug|Any CPU
		{F638FB0D-3A54-48A3-B04B-52E45341891E}.Debug|x86.ActiveCfg = Debug|Any CPU
		{F638FB0D-3A54-48A3-B04B-52E45341891E}.Debug|x86.Build.0 = Debug|Any CPU
		{F638FB0D-3A54-48A3-B04B-52E45341891E}.Release|Any CPU.ActiveCfg = Release|Any CPU
		{F638FB0D-3A54-48A3-B04B-52E45341891E}.Release|Any CPU.Build.0 = Release|Any CPU
		{F638FB0D-3A54-48A3-B04B-52E45341891E}.Release|ARM.ActiveCfg = Release|Any CPU
		{F638FB0D-3A54-48A3-B04B-52E45341891E}.Release|ARM.Build.0 = Release|Any CPU
		{F638FB0D-3A54-48A3-B04B-52E45341891E}.Release|x64.ActiveCfg = Release|Any CPU
		{F638FB0D-3A54-48A3-B04B-52E45341891E}.Release|x64.Build.0 = Release|Any CPU
		{F638FB0D-3A54-48A3-B04B-52E45341891E}.Release|x86.ActiveCfg = Release|Any CPU
		{F638FB0D-3A54-48A3-B04B-52E45341891E}.Release|x86.Build.0 = Release|Any CPU
		{FA064318-8BC8-4589-AF79-10C2A8572808}.Debug|Any CPU.ActiveCfg = Debug|Any CPU
		{FA064318-8BC8-4589-AF79-10C2A8572808}.Debug|Any CPU.Build.0 = Debug|Any CPU
		{FA064318-8BC8-4589-AF79-10C2A8572808}.Debug|ARM.ActiveCfg = Debug|Any CPU
		{FA064318-8BC8-4589-AF79-10C2A8572808}.Debug|ARM.Build.0 = Debug|Any CPU
		{FA064318-8BC8-4589-AF79-10C2A8572808}.Debug|x64.ActiveCfg = Debug|Any CPU
		{FA064318-8BC8-4589-AF79-10C2A8572808}.Debug|x64.Build.0 = Debug|Any CPU
		{FA064318-8BC8-4589-AF79-10C2A8572808}.Debug|x86.ActiveCfg = Debug|Any CPU
		{FA064318-8BC8-4589-AF79-10C2A8572808}.Debug|x86.Build.0 = Debug|Any CPU
		{FA064318-8BC8-4589-AF79-10C2A8572808}.Release|Any CPU.ActiveCfg = Release|Any CPU
		{FA064318-8BC8-4589-AF79-10C2A8572808}.Release|Any CPU.Build.0 = Release|Any CPU
		{FA064318-8BC8-4589-AF79-10C2A8572808}.Release|ARM.ActiveCfg = Release|Any CPU
		{FA064318-8BC8-4589-AF79-10C2A8572808}.Release|ARM.Build.0 = Release|Any CPU
		{FA064318-8BC8-4589-AF79-10C2A8572808}.Release|x64.ActiveCfg = Release|Any CPU
		{FA064318-8BC8-4589-AF79-10C2A8572808}.Release|x64.Build.0 = Release|Any CPU
		{FA064318-8BC8-4589-AF79-10C2A8572808}.Release|x86.ActiveCfg = Release|Any CPU
		{FA064318-8BC8-4589-AF79-10C2A8572808}.Release|x86.Build.0 = Release|Any CPU
		{C3395D58-2E04-4B28-857B-A0E27C312C1F}.Debug|Any CPU.ActiveCfg = Debug|Any CPU
		{C3395D58-2E04-4B28-857B-A0E27C312C1F}.Debug|Any CPU.Build.0 = Debug|Any CPU
		{C3395D58-2E04-4B28-857B-A0E27C312C1F}.Debug|ARM.ActiveCfg = Debug|Any CPU
		{C3395D58-2E04-4B28-857B-A0E27C312C1F}.Debug|ARM.Build.0 = Debug|Any CPU
		{C3395D58-2E04-4B28-857B-A0E27C312C1F}.Debug|x64.ActiveCfg = Debug|Any CPU
		{C3395D58-2E04-4B28-857B-A0E27C312C1F}.Debug|x64.Build.0 = Debug|Any CPU
		{C3395D58-2E04-4B28-857B-A0E27C312C1F}.Debug|x86.ActiveCfg = Debug|Any CPU
		{C3395D58-2E04-4B28-857B-A0E27C312C1F}.Debug|x86.Build.0 = Debug|Any CPU
		{C3395D58-2E04-4B28-857B-A0E27C312C1F}.Release|Any CPU.ActiveCfg = Release|Any CPU
		{C3395D58-2E04-4B28-857B-A0E27C312C1F}.Release|Any CPU.Build.0 = Release|Any CPU
		{C3395D58-2E04-4B28-857B-A0E27C312C1F}.Release|ARM.ActiveCfg = Release|Any CPU
		{C3395D58-2E04-4B28-857B-A0E27C312C1F}.Release|ARM.Build.0 = Release|Any CPU
		{C3395D58-2E04-4B28-857B-A0E27C312C1F}.Release|x64.ActiveCfg = Release|Any CPU
		{C3395D58-2E04-4B28-857B-A0E27C312C1F}.Release|x64.Build.0 = Release|Any CPU
		{C3395D58-2E04-4B28-857B-A0E27C312C1F}.Release|x86.ActiveCfg = Release|Any CPU
		{C3395D58-2E04-4B28-857B-A0E27C312C1F}.Release|x86.Build.0 = Release|Any CPU
		{AEE71FBD-1A83-458F-80DE-9F9D16867F2C}.Debug|Any CPU.ActiveCfg = Debug|Any CPU
		{AEE71FBD-1A83-458F-80DE-9F9D16867F2C}.Debug|Any CPU.Build.0 = Debug|Any CPU
		{AEE71FBD-1A83-458F-80DE-9F9D16867F2C}.Debug|ARM.ActiveCfg = Debug|Any CPU
		{AEE71FBD-1A83-458F-80DE-9F9D16867F2C}.Debug|ARM.Build.0 = Debug|Any CPU
		{AEE71FBD-1A83-458F-80DE-9F9D16867F2C}.Debug|x64.ActiveCfg = Debug|Any CPU
		{AEE71FBD-1A83-458F-80DE-9F9D16867F2C}.Debug|x64.Build.0 = Debug|Any CPU
		{AEE71FBD-1A83-458F-80DE-9F9D16867F2C}.Debug|x86.ActiveCfg = Debug|Any CPU
		{AEE71FBD-1A83-458F-80DE-9F9D16867F2C}.Debug|x86.Build.0 = Debug|Any CPU
		{AEE71FBD-1A83-458F-80DE-9F9D16867F2C}.Release|Any CPU.ActiveCfg = Release|Any CPU
		{AEE71FBD-1A83-458F-80DE-9F9D16867F2C}.Release|Any CPU.Build.0 = Release|Any CPU
		{AEE71FBD-1A83-458F-80DE-9F9D16867F2C}.Release|ARM.ActiveCfg = Release|Any CPU
		{AEE71FBD-1A83-458F-80DE-9F9D16867F2C}.Release|ARM.Build.0 = Release|Any CPU
		{AEE71FBD-1A83-458F-80DE-9F9D16867F2C}.Release|x64.ActiveCfg = Release|Any CPU
		{AEE71FBD-1A83-458F-80DE-9F9D16867F2C}.Release|x64.Build.0 = Release|Any CPU
		{AEE71FBD-1A83-458F-80DE-9F9D16867F2C}.Release|x86.ActiveCfg = Release|Any CPU
		{AEE71FBD-1A83-458F-80DE-9F9D16867F2C}.Release|x86.Build.0 = Release|Any CPU
		{CA4508B5-BC8B-4106-A6FD-16DA1DE825F8}.Debug|Any CPU.ActiveCfg = Debug|Any CPU
		{CA4508B5-BC8B-4106-A6FD-16DA1DE825F8}.Debug|Any CPU.Build.0 = Debug|Any CPU
		{CA4508B5-BC8B-4106-A6FD-16DA1DE825F8}.Debug|ARM.ActiveCfg = Debug|Any CPU
		{CA4508B5-BC8B-4106-A6FD-16DA1DE825F8}.Debug|ARM.Build.0 = Debug|Any CPU
		{CA4508B5-BC8B-4106-A6FD-16DA1DE825F8}.Debug|x64.ActiveCfg = Debug|Any CPU
		{CA4508B5-BC8B-4106-A6FD-16DA1DE825F8}.Debug|x64.Build.0 = Debug|Any CPU
		{CA4508B5-BC8B-4106-A6FD-16DA1DE825F8}.Debug|x86.ActiveCfg = Debug|Any CPU
		{CA4508B5-BC8B-4106-A6FD-16DA1DE825F8}.Debug|x86.Build.0 = Debug|Any CPU
		{CA4508B5-BC8B-4106-A6FD-16DA1DE825F8}.Release|Any CPU.ActiveCfg = Release|Any CPU
		{CA4508B5-BC8B-4106-A6FD-16DA1DE825F8}.Release|Any CPU.Build.0 = Release|Any CPU
		{CA4508B5-BC8B-4106-A6FD-16DA1DE825F8}.Release|ARM.ActiveCfg = Release|Any CPU
		{CA4508B5-BC8B-4106-A6FD-16DA1DE825F8}.Release|ARM.Build.0 = Release|Any CPU
		{CA4508B5-BC8B-4106-A6FD-16DA1DE825F8}.Release|x64.ActiveCfg = Release|Any CPU
		{CA4508B5-BC8B-4106-A6FD-16DA1DE825F8}.Release|x64.Build.0 = Release|Any CPU
		{CA4508B5-BC8B-4106-A6FD-16DA1DE825F8}.Release|x86.ActiveCfg = Release|Any CPU
		{CA4508B5-BC8B-4106-A6FD-16DA1DE825F8}.Release|x86.Build.0 = Release|Any CPU
	EndGlobalSection
	GlobalSection(SolutionProperties) = preSolution
		HideSolutionNode = FALSE
	EndGlobalSection
	GlobalSection(NestedProjects) = preSolution
		{F1B42430-C055-421C-91A0-915A707335F3} = {5AC470B5-B07F-487E-9781-A01BD746221F}
		{F8946F39-EDEC-457A-857B-5A76D4151082} = {9E8F2B17-F53B-41D2-AFDD-34F6DC332DC6}
		{3F5631AB-7190-4203-96DB-AF5664C72100} = {D6916AC5-37E3-46D5-AB05-2F32E6EF5D0C}
		{88F7CFD8-69A0-49A9-83F5-D729DEF4AFCA} = {D6916AC5-37E3-46D5-AB05-2F32E6EF5D0C}
		{E288C11D-B65E-4FD4-9C8D-7D734A7E947D} = {D6916AC5-37E3-46D5-AB05-2F32E6EF5D0C}
		{F638FB0D-3A54-48A3-B04B-52E45341891E} = {D6916AC5-37E3-46D5-AB05-2F32E6EF5D0C}
		{FA064318-8BC8-4589-AF79-10C2A8572808} = {8F14D1D9-4F35-4C1D-A606-F0B2F9BE20B6}
		{C3395D58-2E04-4B28-857B-A0E27C312C1F} = {D6916AC5-37E3-46D5-AB05-2F32E6EF5D0C}
		{AEE71FBD-1A83-458F-80DE-9F9D16867F2C} = {8F14D1D9-4F35-4C1D-A606-F0B2F9BE20B6}
		{CA4508B5-BC8B-4106-A6FD-16DA1DE825F8} = {8F14D1D9-4F35-4C1D-A606-F0B2F9BE20B6}
	EndGlobalSection
	GlobalSection(ExtensibilityGlobals) = postSolution
		SolutionGuid = {BC1C21AE-4498-49EB-A015-36CD53F8B5BE}
	EndGlobalSection
EndGlobal
